// !$*UTF8*$!
{
	archiveVersion = 1;
	classes = {
	};
	objectVersion = 56;
	objects = {

/* Begin PBXBuildFile section */
		3540512F2AFA8AB900DBE4EB /* AppDelegate.swift in Sources */ = {isa = PBXBuildFile; fileRef = 3540512E2AFA8AB900DBE4EB /* AppDelegate.swift */; };
		354051312AFA8AB900DBE4EB /* SceneDelegate.swift in Sources */ = {isa = PBXBuildFile; fileRef = 354051302AFA8AB900DBE4EB /* SceneDelegate.swift */; };
		354051332AFA8AB900DBE4EB /* ViewController.swift in Sources */ = {isa = PBXBuildFile; fileRef = 354051322AFA8AB900DBE4EB /* ViewController.swift */; };
		354051362AFA8AB900DBE4EB /* Main.storyboard in Resources */ = {isa = PBXBuildFile; fileRef = 354051342AFA8AB900DBE4EB /* Main.storyboard */; };
		354051392AFA8AB900DBE4EB /* CollectionViewAPp.xcdatamodeld in Sources */ = {isa = PBXBuildFile; fileRef = 354051372AFA8AB900DBE4EB /* CollectionViewAPp.xcdatamodeld */; };
		3540513B2AFA8ABB00DBE4EB /* Assets.xcassets in Resources */ = {isa = PBXBuildFile; fileRef = 3540513A2AFA8ABB00DBE4EB /* Assets.xcassets */; };
		3540513E2AFA8ABB00DBE4EB /* LaunchScreen.storyboard in Resources */ = {isa = PBXBuildFile; fileRef = 3540513C2AFA8ABB00DBE4EB /* LaunchScreen.storyboard */; };
		354051492AFA8ABB00DBE4EB /* CollectionViewAPpTests.swift in Sources */ = {isa = PBXBuildFile; fileRef = 354051482AFA8ABB00DBE4EB /* CollectionViewAPpTests.swift */; };
		354051532AFA8ABB00DBE4EB /* CollectionViewAPpUITests.swift in Sources */ = {isa = PBXBuildFile; fileRef = 354051522AFA8ABB00DBE4EB /* CollectionViewAPpUITests.swift */; };
		354051552AFA8ABB00DBE4EB /* CollectionViewAPpUITestsLaunchTests.swift in Sources */ = {isa = PBXBuildFile; fileRef = 354051542AFA8ABB00DBE4EB /* CollectionViewAPpUITestsLaunchTests.swift */; };
/* End PBXBuildFile section */

/* Begin PBXContainerItemProxy section */
		354051452AFA8ABB00DBE4EB /* PBXContainerItemProxy */ = {
			isa = PBXContainerItemProxy;
			containerPortal = 354051232AFA8AB900DBE4EB /* Project object */;
			proxyType = 1;
			remoteGlobalIDString = 3540512A2AFA8AB900DBE4EB;
			remoteInfo = CollectionViewAPp;
		};
		3540514F2AFA8ABB00DBE4EB /* PBXContainerItemProxy */ = {
			isa = PBXContainerItemProxy;
			containerPortal = 354051232AFA8AB900DBE4EB /* Project object */;
			proxyType = 1;
			remoteGlobalIDString = 3540512A2AFA8AB900DBE4EB;
			remoteInfo = CollectionViewAPp;
		};
/* End PBXContainerItemProxy section */

/* Begin PBXFileReference section */
		3540512B2AFA8AB900DBE4EB /* CollectionViewAPp.app */ = {isa = PBXFileReference; explicitFileType = wrapper.application; includeInIndex = 0; path = CollectionViewAPp.app; sourceTree = BUILT_PRODUCTS_DIR; };
		3540512E2AFA8AB900DBE4EB /* AppDelegate.swift */ = {isa = PBXFileReference; lastKnownFileType = sourcecode.swift; path = AppDelegate.swift; sourceTree = "<group>"; };
		354051302AFA8AB900DBE4EB /* SceneDelegate.swift */ = {isa = PBXFileReference; lastKnownFileType = sourcecode.swift; path = SceneDelegate.swift; sourceTree = "<group>"; };
		354051322AFA8AB900DBE4EB /* ViewController.swift */ = {isa = PBXFileReference; lastKnownFileType = sourcecode.swift; path = ViewController.swift; sourceTree = "<group>"; };
		354051352AFA8AB900DBE4EB /* Base */ = {isa = PBXFileReference; lastKnownFileType = file.storyboard; name = Base; path = Base.lproj/Main.storyboard; sourceTree = "<group>"; };
		354051382AFA8AB900DBE4EB /* CollectionViewAPp.xcdatamodel */ = {isa = PBXFileReference; lastKnownFileType = wrapper.xcdatamodel; path = CollectionViewAPp.xcdatamodel; sourceTree = "<group>"; };
		3540513A2AFA8ABB00DBE4EB /* Assets.xcassets */ = {isa = PBXFileReference; lastKnownFileType = folder.assetcatalog; path = Assets.xcassets; sourceTree = "<group>"; };
		3540513D2AFA8ABB00DBE4EB /* Base */ = {isa = PBXFileReference; lastKnownFileType = file.storyboard; name = Base; path = Base.lproj/LaunchScreen.storyboard; sourceTree = "<group>"; };
		3540513F2AFA8ABB00DBE4EB /* Info.plist */ = {isa = PBXFileReference; lastKnownFileType = text.plist.xml; path = Info.plist; sourceTree = "<group>"; };
		354051442AFA8ABB00DBE4EB /* CollectionViewAPpTests.xctest */ = {isa = PBXFileReference; explicitFileType = wrapper.cfbundle; includeInIndex = 0; path = CollectionViewAPpTests.xctest; sourceTree = BUILT_PRODUCTS_DIR; };
		354051482AFA8ABB00DBE4EB /* CollectionViewAPpTests.swift */ = {isa = PBXFileReference; lastKnownFileType = sourcecode.swift; path = CollectionViewAPpTests.swift; sourceTree = "<group>"; };
		3540514E2AFA8ABB00DBE4EB /* CollectionViewAPpUITests.xctest */ = {isa = PBXFileReference; explicitFileType = wrapper.cfbundle; includeInIndex = 0; path = CollectionViewAPpUITests.xctest; sourceTree = BUILT_PRODUCTS_DIR; };
		354051522AFA8ABB00DBE4EB /* CollectionViewAPpUITests.swift */ = {isa = PBXFileReference; lastKnownFileType = sourcecode.swift; path = CollectionViewAPpUITests.swift; sourceTree = "<group>"; };
		354051542AFA8ABB00DBE4EB /* CollectionViewAPpUITestsLaunchTests.swift */ = {isa = PBXFileReference; lastKnownFileType = sourcecode.swift; path = CollectionViewAPpUITestsLaunchTests.swift; sourceTree = "<group>"; };
/* End PBXFileReference section */

/* Begin PBXFrameworksBuildPhase section */
		354051282AFA8AB900DBE4EB /* Frameworks */ = {
			isa = PBXFrameworksBuildPhase;
			buildActionMask = 2147483647;
			files = (
			);
			runOnlyForDeploymentPostprocessing = 0;
		};
		354051412AFA8ABB00DBE4EB /* Frameworks */ = {
			isa = PBXFrameworksBuildPhase;
			buildActionMask = 2147483647;
			files = (
			);
			runOnlyForDeploymentPostprocessing = 0;
		};
		3540514B2AFA8ABB00DBE4EB /* Frameworks */ = {
			isa = PBXFrameworksBuildPhase;
			buildActionMask = 2147483647;
			files = (
			);
			runOnlyForDeploymentPostprocessing = 0;
		};
/* End PBXFrameworksBuildPhase section */

/* Begin PBXGroup section */
		354051222AFA8AB900DBE4EB = {
			isa = PBXGroup;
			children = (
				3540512D2AFA8AB900DBE4EB /* CollectionViewAPp */,
				354051472AFA8ABB00DBE4EB /* CollectionViewAPpTests */,
				354051512AFA8ABB00DBE4EB /* CollectionViewAPpUITests */,
				3540512C2AFA8AB900DBE4EB /* Products */,
			);
			sourceTree = "<group>";
		};
		3540512C2AFA8AB900DBE4EB /* Products */ = {
			isa = PBXGroup;
			children = (
				3540512B2AFA8AB900DBE4EB /* CollectionViewAPp.app */,
				354051442AFA8ABB00DBE4EB /* CollectionViewAPpTests.xctest */,
				3540514E2AFA8ABB00DBE4EB /* CollectionViewAPpUITests.xctest */,
			);
			name = Products;
			sourceTree = "<group>";
		};
		3540512D2AFA8AB900DBE4EB /* CollectionViewAPp */ = {
			isa = PBXGroup;
			children = (
				3540512E2AFA8AB900DBE4EB /* AppDelegate.swift */,
				354051302AFA8AB900DBE4EB /* SceneDelegate.swift */,
				354051322AFA8AB900DBE4EB /* ViewController.swift */,
				354051342AFA8AB900DBE4EB /* Main.storyboard */,
				3540513A2AFA8ABB00DBE4EB /* Assets.xcassets */,
				3540513C2AFA8ABB00DBE4EB /* LaunchScreen.storyboard */,
				3540513F2AFA8ABB00DBE4EB /* Info.plist */,
				354051372AFA8AB900DBE4EB /* CollectionViewAPp.xcdatamodeld */,
			);
			path = CollectionViewAPp;
			sourceTree = "<group>";
		};
		354051472AFA8ABB00DBE4EB /* CollectionViewAPpTests */ = {
			isa = PBXGroup;
			children = (
				354051482AFA8ABB00DBE4EB /* CollectionViewAPpTests.swift */,
			);
			path = CollectionViewAPpTests;
			sourceTree = "<group>";
		};
		354051512AFA8ABB00DBE4EB /* CollectionViewAPpUITests */ = {
			isa = PBXGroup;
			children = (
				354051522AFA8ABB00DBE4EB /* CollectionViewAPpUITests.swift */,
				354051542AFA8ABB00DBE4EB /* CollectionViewAPpUITestsLaunchTests.swift */,
			);
			path = CollectionViewAPpUITests;
			sourceTree = "<group>";
		};
/* End PBXGroup section */

/* Begin PBXNativeTarget section */
		3540512A2AFA8AB900DBE4EB /* CollectionViewAPp */ = {
			isa = PBXNativeTarget;
			buildConfigurationList = 354051582AFA8ABB00DBE4EB /* Build configuration list for PBXNativeTarget "CollectionViewAPp" */;
			buildPhases = (
				354051272AFA8AB900DBE4EB /* Sources */,
				354051282AFA8AB900DBE4EB /* Frameworks */,
				354051292AFA8AB900DBE4EB /* Resources */,
			);
			buildRules = (
			);
			dependencies = (
			);
			name = CollectionViewAPp;
			productName = CollectionViewAPp;
			productReference = 3540512B2AFA8AB900DBE4EB /* CollectionViewAPp.app */;
			productType = "com.apple.product-type.application";
		};
		354051432AFA8ABB00DBE4EB /* CollectionViewAPpTests */ = {
			isa = PBXNativeTarget;
			buildConfigurationList = 3540515B2AFA8ABB00DBE4EB /* Build configuration list for PBXNativeTarget "CollectionViewAPpTests" */;
			buildPhases = (
				354051402AFA8ABB00DBE4EB /* Sources */,
				354051412AFA8ABB00DBE4EB /* Frameworks */,
				354051422AFA8ABB00DBE4EB /* Resources */,
			);
			buildRules = (
			);
			dependencies = (
				354051462AFA8ABB00DBE4EB /* PBXTargetDependency */,
			);
			name = CollectionViewAPpTests;
			productName = CollectionViewAPpTests;
			productReference = 354051442AFA8ABB00DBE4EB /* CollectionViewAPpTests.xctest */;
			productType = "com.apple.product-type.bundle.unit-test";
		};
		3540514D2AFA8ABB00DBE4EB /* CollectionViewAPpUITests */ = {
			isa = PBXNativeTarget;
			buildConfigurationList = 3540515E2AFA8ABB00DBE4EB /* Build configuration list for PBXNativeTarget "CollectionViewAPpUITests" */;
			buildPhases = (
				3540514A2AFA8ABB00DBE4EB /* Sources */,
				3540514B2AFA8ABB00DBE4EB /* Frameworks */,
				3540514C2AFA8ABB00DBE4EB /* Resources */,
			);
			buildRules = (
			);
			dependencies = (
				354051502AFA8ABB00DBE4EB /* PBXTargetDependency */,
			);
			name = CollectionViewAPpUITests;
			productName = CollectionViewAPpUITests;
			productReference = 3540514E2AFA8ABB00DBE4EB /* CollectionViewAPpUITests.xctest */;
			productType = "com.apple.product-type.bundle.ui-testing";
		};
/* End PBXNativeTarget section */

/* Begin PBXProject section */
		354051232AFA8AB900DBE4EB /* Project object */ = {
			isa = PBXProject;
			attributes = {
				BuildIndependentTargetsInParallel = 1;
				LastSwiftUpdateCheck = 1430;
				LastUpgradeCheck = 1430;
				TargetAttributes = {
					3540512A2AFA8AB900DBE4EB = {
						CreatedOnToolsVersion = 14.3.1;
					};
					354051432AFA8ABB00DBE4EB = {
						CreatedOnToolsVersion = 14.3.1;
						TestTargetID = 3540512A2AFA8AB900DBE4EB;
					};
					3540514D2AFA8ABB00DBE4EB = {
						CreatedOnToolsVersion = 14.3.1;
						TestTargetID = 3540512A2AFA8AB900DBE4EB;
					};
				};
			};
			buildConfigurationList = 354051262AFA8AB900DBE4EB /* Build configuration list for PBXProject "CollectionViewAPp" */;
			compatibilityVersion = "Xcode 14.0";
			developmentRegion = en;
			hasScannedForEncodings = 0;
			knownRegions = (
				en,
				Base,
			);
			mainGroup = 354051222AFA8AB900DBE4EB;
			productRefGroup = 3540512C2AFA8AB900DBE4EB /* Products */;
			projectDirPath = "";
			projectRoot = "";
			targets = (
				3540512A2AFA8AB900DBE4EB /* CollectionViewAPp */,
				354051432AFA8ABB00DBE4EB /* CollectionViewAPpTests */,
				3540514D2AFA8ABB00DBE4EB /* CollectionViewAPpUITests */,
			);
		};
/* End PBXProject section */

/* Begin PBXResourcesBuildPhase section */
		354051292AFA8AB900DBE4EB /* Resources */ = {
			isa = PBXResourcesBuildPhase;
			buildActionMask = 2147483647;
			files = (
				3540513E2AFA8ABB00DBE4EB /* LaunchScreen.storyboard in Resources */,
				3540513B2AFA8ABB00DBE4EB /* Assets.xcassets in Resources */,
				354051362AFA8AB900DBE4EB /* Main.storyboard in Resources */,
			);
			runOnlyForDeploymentPostprocessing = 0;
		};
		354051422AFA8ABB00DBE4EB /* Resources */ = {
			isa = PBXResourcesBuildPhase;
			buildActionMask = 2147483647;
			files = (
			);
			runOnlyForDeploymentPostprocessing = 0;
		};
		3540514C2AFA8ABB00DBE4EB /* Resources */ = {
			isa = PBXResourcesBuildPhase;
			buildActionMask = 2147483647;
			files = (
			);
			runOnlyForDeploymentPostprocessing = 0;
		};
/* End PBXResourcesBuildPhase section */

/* Begin PBXSourcesBuildPhase section */
		354051272AFA8AB900DBE4EB /* Sources */ = {
			isa = PBXSourcesBuildPhase;
			buildActionMask = 2147483647;
			files = (
				354051332AFA8AB900DBE4EB /* ViewController.swift in Sources */,
				3540512F2AFA8AB900DBE4EB /* AppDelegate.swift in Sources */,
				354051392AFA8AB900DBE4EB /* CollectionViewAPp.xcdatamodeld in Sources */,
				354051312AFA8AB900DBE4EB /* SceneDelegate.swift in Sources */,
			);
			runOnlyForDeploymentPostprocessing = 0;
		};
		354051402AFA8ABB00DBE4EB /* Sources */ = {
			isa = PBXSourcesBuildPhase;
			buildActionMask = 2147483647;
			files = (
				354051492AFA8ABB00DBE4EB /* CollectionViewAPpTests.swift in Sources */,
			);
			runOnlyForDeploymentPostprocessing = 0;
		};
		3540514A2AFA8ABB00DBE4EB /* Sources */ = {
			isa = PBXSourcesBuildPhase;
			buildActionMask = 2147483647;
			files = (
				354051532AFA8ABB00DBE4EB /* CollectionViewAPpUITests.swift in Sources */,
				354051552AFA8ABB00DBE4EB /* CollectionViewAPpUITestsLaunchTests.swift in Sources */,
			);
			runOnlyForDeploymentPostprocessing = 0;
		};
/* End PBXSourcesBuildPhase section */

/* Begin PBXTargetDependency section */
		354051462AFA8ABB00DBE4EB /* PBXTargetDependency */ = {
			isa = PBXTargetDependency;
			target = 3540512A2AFA8AB900DBE4EB /* CollectionViewAPp */;
			targetProxy = 354051452AFA8ABB00DBE4EB /* PBXContainerItemProxy */;
		};
		354051502AFA8ABB00DBE4EB /* PBXTargetDependency */ = {
			isa = PBXTargetDependency;
			target = 3540512A2AFA8AB900DBE4EB /* CollectionViewAPp */;
			targetProxy = 3540514F2AFA8ABB00DBE4EB /* PBXContainerItemProxy */;
		};
/* End PBXTargetDependency section */

/* Begin PBXVariantGroup section */
		354051342AFA8AB900DBE4EB /* Main.storyboard */ = {
			isa = PBXVariantGroup;
			children = (
				354051352AFA8AB900DBE4EB /* Base */,
			);
			name = Main.storyboard;
			sourceTree = "<group>";
		};
		3540513C2AFA8ABB00DBE4EB /* LaunchScreen.storyboard */ = {
			isa = PBXVariantGroup;
			children = (
				3540513D2AFA8ABB00DBE4EB /* Base */,
			);
			name = LaunchScreen.storyboard;
			sourceTree = "<group>";
		};
/* End PBXVariantGroup section */

/* Begin XCBuildConfiguration section */
		354051562AFA8ABB00DBE4EB /* Debug */ = {
			isa = XCBuildConfiguration;
			buildSettings = {
				ALWAYS_SEARCH_USER_PATHS = NO;
				CLANG_ANALYZER_NONNULL = YES;
				CLANG_ANALYZER_NUMBER_OBJECT_CONVERSION = YES_AGGRESSIVE;
				CLANG_CXX_LANGUAGE_STANDARD = "gnu++20";
				CLANG_ENABLE_MODULES = YES;
				CLANG_ENABLE_OBJC_ARC = YES;
				CLANG_ENABLE_OBJC_WEAK = YES;
				CLANG_WARN_BLOCK_CAPTURE_AUTORELEASING = YES;
				CLANG_WARN_BOOL_CONVERSION = YES;
				CLANG_WARN_COMMA = YES;
				CLANG_WARN_CONSTANT_CONVERSION = YES;
				CLANG_WARN_DEPRECATED_OBJC_IMPLEMENTATIONS = YES;
				CLANG_WARN_DIRECT_OBJC_ISA_USAGE = YES_ERROR;
				CLANG_WARN_DOCUMENTATION_COMMENTS = YES;
				CLANG_WARN_EMPTY_BODY = YES;
				CLANG_WARN_ENUM_CONVERSION = YES;
				CLANG_WARN_INFINITE_RECURSION = YES;
				CLANG_WARN_INT_CONVERSION = YES;
				CLANG_WARN_NON_LITERAL_NULL_CONVERSION = YES;
				CLANG_WARN_OBJC_IMPLICIT_RETAIN_SELF = YES;
				CLANG_WARN_OBJC_LITERAL_CONVERSION = YES;
				CLANG_WARN_OBJC_ROOT_CLASS = YES_ERROR;
				CLANG_WARN_QUOTED_INCLUDE_IN_FRAMEWORK_HEADER = YES;
				CLANG_WARN_RANGE_LOOP_ANALYSIS = YES;
				CLANG_WARN_STRICT_PROTOTYPES = YES;
				CLANG_WARN_SUSPICIOUS_MOVE = YES;
				CLANG_WARN_UNGUARDED_AVAILABILITY = YES_AGGRESSIVE;
				CLANG_WARN_UNREACHABLE_CODE = YES;
				CLANG_WARN__DUPLICATE_METHOD_MATCH = YES;
				COPY_PHASE_STRIP = NO;
				DEBUG_INFORMATION_FORMAT = dwarf;
				ENABLE_STRICT_OBJC_MSGSEND = YES;
				ENABLE_TESTABILITY = YES;
				GCC_C_LANGUAGE_STANDARD = gnu11;
				GCC_DYNAMIC_NO_PIC = NO;
				GCC_NO_COMMON_BLOCKS = YES;
				GCC_OPTIMIZATION_LEVEL = 0;
				GCC_PREPROCESSOR_DEFINITIONS = (
					"DEBUG=1",
					"$(inherited)",
				);
				GCC_WARN_64_TO_32_BIT_CONVERSION = YES;
				GCC_WARN_ABOUT_RETURN_TYPE = YES_ERROR;
				GCC_WARN_UNDECLARED_SELECTOR = YES;
				GCC_WARN_UNINITIALIZED_AUTOS = YES_AGGRESSIVE;
				GCC_WARN_UNUSED_FUNCTION = YES;
				GCC_WARN_UNUSED_VARIABLE = YES;
				IPHONEOS_DEPLOYMENT_TARGET = 16.4;
				MTL_ENABLE_DEBUG_INFO = INCLUDE_SOURCE;
				MTL_FAST_MATH = YES;
				ONLY_ACTIVE_ARCH = YES;
				SDKROOT = iphoneos;
				SWIFT_ACTIVE_COMPILATION_CONDITIONS = DEBUG;
				SWIFT_OPTIMIZATION_LEVEL = "-Onone";
			};
			name = Debug;
		};
		354051572AFA8ABB00DBE4EB /* Release */ = {
			isa = XCBuildConfiguration;
			buildSettings = {
				ALWAYS_SEARCH_USER_PATHS = NO;
				CLANG_ANALYZER_NONNULL = YES;
				CLANG_ANALYZER_NUMBER_OBJECT_CONVERSION = YES_AGGRESSIVE;
				CLANG_CXX_LANGUAGE_STANDARD = "gnu++20";
				CLANG_ENABLE_MODULES = YES;
				CLANG_ENABLE_OBJC_ARC = YES;
				CLANG_ENABLE_OBJC_WEAK = YES;
				CLANG_WARN_BLOCK_CAPTURE_AUTORELEASING = YES;
				CLANG_WARN_BOOL_CONVERSION = YES;
				CLANG_WARN_COMMA = YES;
				CLANG_WARN_CONSTANT_CONVERSION = YES;
				CLANG_WARN_DEPRECATED_OBJC_IMPLEMENTATIONS = YES;
				CLANG_WARN_DIRECT_OBJC_ISA_USAGE = YES_ERROR;
				CLANG_WARN_DOCUMENTATION_COMMENTS = YES;
				CLANG_WARN_EMPTY_BODY = YES;
				CLANG_WARN_ENUM_CONVERSION = YES;
				CLANG_WARN_INFINITE_RECURSION = YES;
				CLANG_WARN_INT_CONVERSION = YES;
				CLANG_WARN_NON_LITERAL_NULL_CONVERSION = YES;
				CLANG_WARN_OBJC_IMPLICIT_RETAIN_SELF = YES;
				CLANG_WARN_OBJC_LITERAL_CONVERSION = YES;
				CLANG_WARN_OBJC_ROOT_CLASS = YES_ERROR;
				CLANG_WARN_QUOTED_INCLUDE_IN_FRAMEWORK_HEADER = YES;
				CLANG_WARN_RANGE_LOOP_ANALYSIS = YES;
				CLANG_WARN_STRICT_PROTOTYPES = YES;
				CLANG_WARN_SUSPICIOUS_MOVE = YES;
				CLANG_WARN_UNGUARDED_AVAILABILITY = YES_AGGRESSIVE;
				CLANG_WARN_UNREACHABLE_CODE = YES;
				CLANG_WARN__DUPLICATE_METHOD_MATCH = YES;
				COPY_PHASE_STRIP = NO;
				DEBUG_INFORMATION_FORMAT = "dwarf-with-dsym";
				ENABLE_NS_ASSERTIONS = NO;
				ENABLE_STRICT_OBJC_MSGSEND = YES;
				GCC_C_LANGUAGE_STANDARD = gnu11;
				GCC_NO_COMMON_BLOCKS = YES;
				GCC_WARN_64_TO_32_BIT_CONVERSION = YES;
				GCC_WARN_ABOUT_RETURN_TYPE = YES_ERROR;
				GCC_WARN_UNDECLARED_SELECTOR = YES;
				GCC_WARN_UNINITIALIZED_AUTOS = YES_AGGRESSIVE;
				GCC_WARN_UNUSED_FUNCTION = YES;
				GCC_WARN_UNUSED_VARIABLE = YES;
				IPHONEOS_DEPLOYMENT_TARGET = 16.4;
				MTL_ENABLE_DEBUG_INFO = NO;
				MTL_FAST_MATH = YES;
				SDKROOT = iphoneos;
				SWIFT_COMPILATION_MODE = wholemodule;
				SWIFT_OPTIMIZATION_LEVEL = "-O";
				VALIDATE_PRODUCT = YES;
			};
			name = Release;
		};
		354051592AFA8ABB00DBE4EB /* Debug */ = {
			isa = XCBuildConfiguration;
			buildSettings = {
				ASSETCATALOG_COMPILER_APPICON_NAME = AppIcon;
				ASSETCATALOG_COMPILER_GLOBAL_ACCENT_COLOR_NAME = AccentColor;
				CODE_SIGN_STYLE = Automatic;
				CURRENT_PROJECT_VERSION = 1;
				DEVELOPMENT_TEAM = YZW449RF67;
				GENERATE_INFOPLIST_FILE = YES;
				INFOPLIST_FILE = CollectionViewAPp/Info.plist;
				INFOPLIST_KEY_UIApplicationSupportsIndirectInputEvents = YES;
				INFOPLIST_KEY_UILaunchStoryboardName = LaunchScreen;
				INFOPLIST_KEY_UIMainStoryboardFile = Main;
				INFOPLIST_KEY_UISupportedInterfaceOrientations_iPad = "UIInterfaceOrientationPortrait UIInterfaceOrientationPortraitUpsideDown UIInterfaceOrientationLandscapeLeft UIInterfaceOrientationLandscapeRight";
				INFOPLIST_KEY_UISupportedInterfaceOrientations_iPhone = "UIInterfaceOrientationPortrait UIInterfaceOrientationLandscapeLeft UIInterfaceOrientationLandscapeRight";
				LD_RUNPATH_SEARCH_PATHS = (
					"$(inherited)",
					"@executable_path/Frameworks",
				);
				MARKETING_VERSION = 1.0;
				PRODUCT_BUNDLE_IDENTIFIER = clc.CollectionViewAPp;
				PRODUCT_NAME = "$(TARGET_NAME)";
				SWIFT_EMIT_LOC_STRINGS = YES;
				SWIFT_VERSION = 5.0;
				TARGETED_DEVICE_FAMILY = "1,2";
			};
			name = Debug;
		};
		3540515A2AFA8ABB00DBE4EB /* Release */ = {
			isa = XCBuildConfiguration;
			buildSettings = {
				ASSETCATALOG_COMPILER_APPICON_NAME = AppIcon;
				ASSETCATALOG_COMPILER_GLOBAL_ACCENT_COLOR_NAME = AccentColor;
				CODE_SIGN_STYLE = Automatic;
				CURRENT_PROJECT_VERSION = 1;
				DEVELOPMENT_TEAM = YZW449RF67;
				GENERATE_INFOPLIST_FILE = YES;
				INFOPLIST_FILE = CollectionViewAPp/Info.plist;
				INFOPLIST_KEY_UIApplicationSupportsIndirectInputEvents = YES;
				INFOPLIST_KEY_UILaunchStoryboardName = LaunchScreen;
				INFOPLIST_KEY_UIMainStoryboardFile = Main;
				INFOPLIST_KEY_UISupportedInterfaceOrientations_iPad = "UIInterfaceOrientationPortrait UIInterfaceOrientationPortraitUpsideDown UIInterfaceOrientationLandscapeLeft UIInterfaceOrientationLandscapeRight";
				INFOPLIST_KEY_UISupportedInterfaceOrientations_iPhone = "UIInterfaceOrientationPortrait UIInterfaceOrientationLandscapeLeft UIInterfaceOrientationLandscapeRight";
				LD_RUNPATH_SEARCH_PATHS = (
					"$(inherited)",
					"@executable_path/Frameworks",
				);
				MARKETING_VERSION = 1.0;
				PRODUCT_BUNDLE_IDENTIFIER = clc.CollectionViewAPp;
				PRODUCT_NAME = "$(TARGET_NAME)";
				SWIFT_EMIT_LOC_STRINGS = YES;
				SWIFT_VERSION = 5.0;
				TARGETED_DEVICE_FAMILY = "1,2";
			};
			name = Release;
		};
		3540515C2AFA8ABB00DBE4EB /* Debug */ = {
			isa = XCBuildConfiguration;
			buildSettings = {
				ALWAYS_EMBED_SWIFT_STANDARD_LIBRARIES = YES;
				BUNDLE_LOADER = "$(TEST_HOST)";
				CODE_SIGN_STYLE = Automatic;
				CURRENT_PROJECT_VERSION = 1;
				DEVELOPMENT_TEAM = YZW449RF67;
				GENERATE_INFOPLIST_FILE = YES;
				IPHONEOS_DEPLOYMENT_TARGET = 16.4;
				MARKETING_VERSION = 1.0;
				PRODUCT_BUNDLE_IDENTIFIER = clc.CollectionViewAPpTests;
				PRODUCT_NAME = "$(TARGET_NAME)";
				SWIFT_EMIT_LOC_STRINGS = NO;
				SWIFT_VERSION = 5.0;
				TARGETED_DEVICE_FAMILY = "1,2";
				TEST_HOST = "$(BUILT_PRODUCTS_DIR)/CollectionViewAPp.app/$(BUNDLE_EXECUTABLE_FOLDER_PATH)/CollectionViewAPp";
			};
			name = Debug;
		};
		3540515D2AFA8ABB00DBE4EB /* Release */ = {
			isa = XCBuildConfiguration;
			buildSettings = {
				ALWAYS_EMBED_SWIFT_STANDARD_LIBRARIES = YES;
				BUNDLE_LOADER = "$(TEST_HOST)";
				CODE_SIGN_STYLE = Automatic;
				CURRENT_PROJECT_VERSION = 1;
				DEVELOPMENT_TEAM = YZW449RF67;
				GENERATE_INFOPLIST_FILE = YES;
				IPHONEOS_DEPLOYMENT_TARGET = 16.4;
				MARKETING_VERSION = 1.0;
				PRODUCT_BUNDLE_IDENTIFIER = clc.CollectionViewAPpTests;
				PRODUCT_NAME = "$(TARGET_NAME)";
				SWIFT_EMIT_LOC_STRINGS = NO;
				SWIFT_VERSION = 5.0;
				TARGETED_DEVICE_FAMILY = "1,2";
				TEST_HOST = "$(BUILT_PRODUCTS_DIR)/CollectionViewAPp.app/$(BUNDLE_EXECUTABLE_FOLDER_PATH)/CollectionViewAPp";
			};
			name = Release;
		};
		3540515F2AFA8ABB00DBE4EB /* Debug */ = {
			isa = XCBuildConfiguration;
			buildSettings = {
				ALWAYS_EMBED_SWIFT_STANDARD_LIBRARIES = YES;
				CODE_SIGN_STYLE = Automatic;
				CURRENT_PROJECT_VERSION = 1;
				DEVELOPMENT_TEAM = YZW449RF67;
				GENERATE_INFOPLIST_FILE = YES;
				MARKETING_VERSION = 1.0;
				PRODUCT_BUNDLE_IDENTIFIER = clc.CollectionViewAPpUITests;
				PRODUCT_NAME = "$(TARGET_NAME)";
				SWIFT_EMIT_LOC_STRINGS = NO;
				SWIFT_VERSION = 5.0;
				TARGETED_DEVICE_FAMILY = "1,2";
				TEST_TARGET_NAME = CollectionViewAPp;
			};
			name = Debug;
		};
		354051602AFA8ABB00DBE4EB /* Release */ = {
			isa = XCBuildConfiguration;
			buildSettings = {
				ALWAYS_EMBED_SWIFT_STANDARD_LIBRARIES = YES;
				CODE_SIGN_STYLE = Automatic;
				CURRENT_PROJECT_VERSION = 1;
				DEVELOPMENT_TEAM = YZW449RF67;
				GENERATE_INFOPLIST_FILE = YES;
				MARKETING_VERSION = 1.0;
				PRODUCT_BUNDLE_IDENTIFIER = clc.CollectionViewAPpUITests;
				PRODUCT_NAME = "$(TARGET_NAME)";
				SWIFT_EMIT_LOC_STRINGS = NO;
				SWIFT_VERSION = 5.0;
				TARGETED_DEVICE_FAMILY = "1,2";
				TEST_TARGET_NAME = CollectionViewAPp;
			};
			name = Release;
		};
/* End XCBuildConfiguration section */

/* Begin XCConfigurationList section */
		354051262AFA8AB900DBE4EB /* Build configuration list for PBXProject "CollectionViewAPp" */ = {
			isa = XCConfigurationList;
			buildConfigurations = (
				354051562AFA8ABB00DBE4EB /* Debug */,
				354051572AFA8ABB00DBE4EB /* Release */,
			);
			defaultConfigurationIsVisible = 0;
			defaultConfigurationName = Release;
		};
		354051582AFA8ABB00DBE4EB /* Build configuration list for PBXNativeTarget "CollectionViewAPp" */ = {
			isa = XCConfigurationList;
			buildConfigurations = (
				354051592AFA8ABB00DBE4EB /* Debug */,
				3540515A2AFA8ABB00DBE4EB /* Release */,
			);
			defaultConfigurationIsVisible = 0;
			defaultConfigurationName = Release;
		};
		3540515B2AFA8ABB00DBE4EB /* Build configuration list for PBXNativeTarget "CollectionViewAPpTests" */ = {
			isa = XCConfigurationList;
			buildConfigurations = (
				3540515C2AFA8ABB00DBE4EB /* Debug */,
				3540515D2AFA8ABB00DBE4EB /* Release */,
			);
			defaultConfigurationIsVisible = 0;
			defaultConfigurationName = Release;
		};
		3540515E2AFA8ABB00DBE4EB /* Build configuration list for PBXNativeTarget "CollectionViewAPpUITests" */ = {
			isa = XCConfigurationList;
			buildConfigurations = (
				3540515F2AFA8ABB00DBE4EB /* Debug */,
				354051602AFA8ABB00DBE4EB /* Release */,
			);
			defaultConfigurationIsVisible = 0;
			defaultConfigurationName = Release;
		};
/* End XCConfigurationList section */

/* Begin XCVersionGroup section */
		354051372AFA8AB900DBE4EB /* CollectionViewAPp.xcdatamodeld */ = {
			isa = XCVersionGroup;
			children = (
				354051382AFA8AB900DBE4EB /* CollectionViewAPp.xcdatamodel */,
			);
			currentVersion = 354051382AFA8AB900DBE4EB /* CollectionViewAPp.xcdatamodel */;
			path = CollectionViewAPp.xcdatamodeld;
			sourceTree = "<group>";
			versionGroupType = wrapper.xcdatamodel;
		};
/* End XCVersionGroup section */
	};
	rootObject = 354051232AFA8AB900DBE4EB /* Project object */;
}
