// !$*UTF8*$!
{
	archiveVersion = 1;
	classes = {
	};
	objectVersion = 56;
	objects = {

/* Begin PBXBuildFile section */
		359755B82B03C4DC00BDD25F /* AppDelegate.swift in Sources */ = {isa = PBXBuildFile; fileRef = 359755B72B03C4DC00BDD25F /* AppDelegate.swift */; };
		359755BA2B03C4DC00BDD25F /* SceneDelegate.swift in Sources */ = {isa = PBXBuildFile; fileRef = 359755B92B03C4DC00BDD25F /* SceneDelegate.swift */; };
		359755BC2B03C4DC00BDD25F /* ViewController.swift in Sources */ = {isa = PBXBuildFile; fileRef = 359755BB2B03C4DC00BDD25F /* ViewController.swift */; };
		359755BF2B03C4DC00BDD25F /* Main.storyboard in Resources */ = {isa = PBXBuildFile; fileRef = 359755BD2B03C4DC00BDD25F /* Main.storyboard */; };
		359755C22B03C4DC00BDD25F /* ManagerApp.xcdatamodeld in Sources */ = {isa = PBXBuildFile; fileRef = 359755C02B03C4DC00BDD25F /* ManagerApp.xcdatamodeld */; };
		359755C42B03C4DD00BDD25F /* Assets.xcassets in Resources */ = {isa = PBXBuildFile; fileRef = 359755C32B03C4DD00BDD25F /* Assets.xcassets */; };
		359755C72B03C4DD00BDD25F /* LaunchScreen.storyboard in Resources */ = {isa = PBXBuildFile; fileRef = 359755C52B03C4DD00BDD25F /* LaunchScreen.storyboard */; };
		359755D22B03C4DD00BDD25F /* ManagerAppTests.swift in Sources */ = {isa = PBXBuildFile; fileRef = 359755D12B03C4DD00BDD25F /* ManagerAppTests.swift */; };
		359755DC2B03C4DD00BDD25F /* ManagerAppUITests.swift in Sources */ = {isa = PBXBuildFile; fileRef = 359755DB2B03C4DD00BDD25F /* ManagerAppUITests.swift */; };
		359755DE2B03C4DD00BDD25F /* ManagerAppUITestsLaunchTests.swift in Sources */ = {isa = PBXBuildFile; fileRef = 359755DD2B03C4DD00BDD25F /* ManagerAppUITestsLaunchTests.swift */; };
/* End PBXBuildFile section */

/* Begin PBXContainerItemProxy section */
		359755CE2B03C4DD00BDD25F /* PBXContainerItemProxy */ = {
			isa = PBXContainerItemProxy;
			containerPortal = 359755AC2B03C4DC00BDD25F /* Project object */;
			proxyType = 1;
			remoteGlobalIDString = 359755B32B03C4DC00BDD25F;
			remoteInfo = ManagerApp;
		};
		359755D82B03C4DD00BDD25F /* PBXContainerItemProxy */ = {
			isa = PBXContainerItemProxy;
			containerPortal = 359755AC2B03C4DC00BDD25F /* Project object */;
			proxyType = 1;
			remoteGlobalIDString = 359755B32B03C4DC00BDD25F;
			remoteInfo = ManagerApp;
		};
/* End PBXContainerItemProxy section */

/* Begin PBXFileReference section */
		359755B42B03C4DC00BDD25F /* ManagerApp.app */ = {isa = PBXFileReference; explicitFileType = wrapper.application; includeInIndex = 0; path = ManagerApp.app; sourceTree = BUILT_PRODUCTS_DIR; };
		359755B72B03C4DC00BDD25F /* AppDelegate.swift */ = {isa = PBXFileReference; lastKnownFileType = sourcecode.swift; path = AppDelegate.swift; sourceTree = "<group>"; };
		359755B92B03C4DC00BDD25F /* SceneDelegate.swift */ = {isa = PBXFileReference; lastKnownFileType = sourcecode.swift; path = SceneDelegate.swift; sourceTree = "<group>"; };
		359755BB2B03C4DC00BDD25F /* ViewController.swift */ = {isa = PBXFileReference; lastKnownFileType = sourcecode.swift; path = ViewController.swift; sourceTree = "<group>"; };
		359755BE2B03C4DC00BDD25F /* Base */ = {isa = PBXFileReference; lastKnownFileType = file.storyboard; name = Base; path = Base.lproj/Main.storyboard; sourceTree = "<group>"; };
		359755C12B03C4DC00BDD25F /* ManagerApp.xcdatamodel */ = {isa = PBXFileReference; lastKnownFileType = wrapper.xcdatamodel; path = ManagerApp.xcdatamodel; sourceTree = "<group>"; };
		359755C32B03C4DD00BDD25F /* Assets.xcassets */ = {isa = PBXFileReference; lastKnownFileType = folder.assetcatalog; path = Assets.xcassets; sourceTree = "<group>"; };
		359755C62B03C4DD00BDD25F /* Base */ = {isa = PBXFileReference; lastKnownFileType = file.storyboard; name = Base; path = Base.lproj/LaunchScreen.storyboard; sourceTree = "<group>"; };
		359755C82B03C4DD00BDD25F /* Info.plist */ = {isa = PBXFileReference; lastKnownFileType = text.plist.xml; path = Info.plist; sourceTree = "<group>"; };
		359755CD2B03C4DD00BDD25F /* ManagerAppTests.xctest */ = {isa = PBXFileReference; explicitFileType = wrapper.cfbundle; includeInIndex = 0; path = ManagerAppTests.xctest; sourceTree = BUILT_PRODUCTS_DIR; };
		359755D12B03C4DD00BDD25F /* ManagerAppTests.swift */ = {isa = PBXFileReference; lastKnownFileType = sourcecode.swift; path = ManagerAppTests.swift; sourceTree = "<group>"; };
		359755D72B03C4DD00BDD25F /* ManagerAppUITests.xctest */ = {isa = PBXFileReference; explicitFileType = wrapper.cfbundle; includeInIndex = 0; path = ManagerAppUITests.xctest; sourceTree = BUILT_PRODUCTS_DIR; };
		359755DB2B03C4DD00BDD25F /* ManagerAppUITests.swift */ = {isa = PBXFileReference; lastKnownFileType = sourcecode.swift; path = ManagerAppUITests.swift; sourceTree = "<group>"; };
		359755DD2B03C4DD00BDD25F /* ManagerAppUITestsLaunchTests.swift */ = {isa = PBXFileReference; lastKnownFileType = sourcecode.swift; path = ManagerAppUITestsLaunchTests.swift; sourceTree = "<group>"; };
/* End PBXFileReference section */

/* Begin PBXFrameworksBuildPhase section */
		359755B12B03C4DC00BDD25F /* Frameworks */ = {
			isa = PBXFrameworksBuildPhase;
			buildActionMask = 2147483647;
			files = (
			);
			runOnlyForDeploymentPostprocessing = 0;
		};
		359755CA2B03C4DD00BDD25F /* Frameworks */ = {
			isa = PBXFrameworksBuildPhase;
			buildActionMask = 2147483647;
			files = (
			);
			runOnlyForDeploymentPostprocessing = 0;
		};
		359755D42B03C4DD00BDD25F /* Frameworks */ = {
			isa = PBXFrameworksBuildPhase;
			buildActionMask = 2147483647;
			files = (
			);
			runOnlyForDeploymentPostprocessing = 0;
		};
/* End PBXFrameworksBuildPhase section */

/* Begin PBXGroup section */
		359755AB2B03C4DC00BDD25F = {
			isa = PBXGroup;
			children = (
				359755B62B03C4DC00BDD25F /* ManagerApp */,
				359755D02B03C4DD00BDD25F /* ManagerAppTests */,
				359755DA2B03C4DD00BDD25F /* ManagerAppUITests */,
				359755B52B03C4DC00BDD25F /* Products */,
			);
			sourceTree = "<group>";
		};
		359755B52B03C4DC00BDD25F /* Products */ = {
			isa = PBXGroup;
			children = (
				359755B42B03C4DC00BDD25F /* ManagerApp.app */,
				359755CD2B03C4DD00BDD25F /* ManagerAppTests.xctest */,
				359755D72B03C4DD00BDD25F /* ManagerAppUITests.xctest */,
			);
			name = Products;
			sourceTree = "<group>";
		};
		359755B62B03C4DC00BDD25F /* ManagerApp */ = {
			isa = PBXGroup;
			children = (
				359755B72B03C4DC00BDD25F /* AppDelegate.swift */,
				359755B92B03C4DC00BDD25F /* SceneDelegate.swift */,
				359755BB2B03C4DC00BDD25F /* ViewController.swift */,
				359755BD2B03C4DC00BDD25F /* Main.storyboard */,
				359755C32B03C4DD00BDD25F /* Assets.xcassets */,
				359755C52B03C4DD00BDD25F /* LaunchScreen.storyboard */,
				359755C82B03C4DD00BDD25F /* Info.plist */,
				359755C02B03C4DC00BDD25F /* ManagerApp.xcdatamodeld */,
			);
			path = ManagerApp;
			sourceTree = "<group>";
		};
		359755D02B03C4DD00BDD25F /* ManagerAppTests */ = {
			isa = PBXGroup;
			children = (
				359755D12B03C4DD00BDD25F /* ManagerAppTests.swift */,
			);
			path = ManagerAppTests;
			sourceTree = "<group>";
		};
		359755DA2B03C4DD00BDD25F /* ManagerAppUITests */ = {
			isa = PBXGroup;
			children = (
				359755DB2B03C4DD00BDD25F /* ManagerAppUITests.swift */,
				359755DD2B03C4DD00BDD25F /* ManagerAppUITestsLaunchTests.swift */,
			);
			path = ManagerAppUITests;
			sourceTree = "<group>";
		};
/* End PBXGroup section */

/* Begin PBXNativeTarget section */
		359755B32B03C4DC00BDD25F /* ManagerApp */ = {
			isa = PBXNativeTarget;
			buildConfigurationList = 359755E12B03C4DD00BDD25F /* Build configuration list for PBXNativeTarget "ManagerApp" */;
			buildPhases = (
				359755B02B03C4DC00BDD25F /* Sources */,
				359755B12B03C4DC00BDD25F /* Frameworks */,
				359755B22B03C4DC00BDD25F /* Resources */,
			);
			buildRules = (
			);
			dependencies = (
			);
			name = ManagerApp;
			productName = ManagerApp;
			productReference = 359755B42B03C4DC00BDD25F /* ManagerApp.app */;
			productType = "com.apple.product-type.application";
		};
		359755CC2B03C4DD00BDD25F /* ManagerAppTests */ = {
			isa = PBXNativeTarget;
			buildConfigurationList = 359755E42B03C4DD00BDD25F /* Build configuration list for PBXNativeTarget "ManagerAppTests" */;
			buildPhases = (
				359755C92B03C4DD00BDD25F /* Sources */,
				359755CA2B03C4DD00BDD25F /* Frameworks */,
				359755CB2B03C4DD00BDD25F /* Resources */,
			);
			buildRules = (
			);
			dependencies = (
				359755CF2B03C4DD00BDD25F /* PBXTargetDependency */,
			);
			name = ManagerAppTests;
			productName = ManagerAppTests;
			productReference = 359755CD2B03C4DD00BDD25F /* ManagerAppTests.xctest */;
			productType = "com.apple.product-type.bundle.unit-test";
		};
		359755D62B03C4DD00BDD25F /* ManagerAppUITests */ = {
			isa = PBXNativeTarget;
			buildConfigurationList = 359755E72B03C4DD00BDD25F /* Build configuration list for PBXNativeTarget "ManagerAppUITests" */;
			buildPhases = (
				359755D32B03C4DD00BDD25F /* Sources */,
				359755D42B03C4DD00BDD25F /* Frameworks */,
				359755D52B03C4DD00BDD25F /* Resources */,
			);
			buildRules = (
			);
			dependencies = (
				359755D92B03C4DD00BDD25F /* PBXTargetDependency */,
			);
			name = ManagerAppUITests;
			productName = ManagerAppUITests;
			productReference = 359755D72B03C4DD00BDD25F /* ManagerAppUITests.xctest */;
			productType = "com.apple.product-type.bundle.ui-testing";
		};
/* End PBXNativeTarget section */

/* Begin PBXProject section */
		359755AC2B03C4DC00BDD25F /* Project object */ = {
			isa = PBXProject;
			attributes = {
				BuildIndependentTargetsInParallel = 1;
				LastSwiftUpdateCheck = 1430;
				LastUpgradeCheck = 1430;
				TargetAttributes = {
					359755B32B03C4DC00BDD25F = {
						CreatedOnToolsVersion = 14.3.1;
					};
					359755CC2B03C4DD00BDD25F = {
						CreatedOnToolsVersion = 14.3.1;
						TestTargetID = 359755B32B03C4DC00BDD25F;
					};
					359755D62B03C4DD00BDD25F = {
						CreatedOnToolsVersion = 14.3.1;
						TestTargetID = 359755B32B03C4DC00BDD25F;
					};
				};
			};
			buildConfigurationList = 359755AF2B03C4DC00BDD25F /* Build configuration list for PBXProject "ManagerApp" */;
			compatibilityVersion = "Xcode 14.0";
			developmentRegion = en;
			hasScannedForEncodings = 0;
			knownRegions = (
				en,
				Base,
			);
			mainGroup = 359755AB2B03C4DC00BDD25F;
			productRefGroup = 359755B52B03C4DC00BDD25F /* Products */;
			projectDirPath = "";
			projectRoot = "";
			targets = (
				359755B32B03C4DC00BDD25F /* ManagerApp */,
				359755CC2B03C4DD00BDD25F /* ManagerAppTests */,
				359755D62B03C4DD00BDD25F /* ManagerAppUITests */,
			);
		};
/* End PBXProject section */

/* Begin PBXResourcesBuildPhase section */
		359755B22B03C4DC00BDD25F /* Resources */ = {
			isa = PBXResourcesBuildPhase;
			buildActionMask = 2147483647;
			files = (
				359755C72B03C4DD00BDD25F /* LaunchScreen.storyboard in Resources */,
				359755C42B03C4DD00BDD25F /* Assets.xcassets in Resources */,
				359755BF2B03C4DC00BDD25F /* Main.storyboard in Resources */,
			);
			runOnlyForDeploymentPostprocessing = 0;
		};
		359755CB2B03C4DD00BDD25F /* Resources */ = {
			isa = PBXResourcesBuildPhase;
			buildActionMask = 2147483647;
			files = (
			);
			runOnlyForDeploymentPostprocessing = 0;
		};
		359755D52B03C4DD00BDD25F /* Resources */ = {
			isa = PBXResourcesBuildPhase;
			buildActionMask = 2147483647;
			files = (
			);
			runOnlyForDeploymentPostprocessing = 0;
		};
/* End PBXResourcesBuildPhase section */

/* Begin PBXSourcesBuildPhase section */
		359755B02B03C4DC00BDD25F /* Sources */ = {
			isa = PBXSourcesBuildPhase;
			buildActionMask = 2147483647;
			files = (
				359755BC2B03C4DC00BDD25F /* ViewController.swift in Sources */,
				359755B82B03C4DC00BDD25F /* AppDelegate.swift in Sources */,
				359755BA2B03C4DC00BDD25F /* SceneDelegate.swift in Sources */,
				359755C22B03C4DC00BDD25F /* ManagerApp.xcdatamodeld in Sources */,
			);
			runOnlyForDeploymentPostprocessing = 0;
		};
		359755C92B03C4DD00BDD25F /* Sources */ = {
			isa = PBXSourcesBuildPhase;
			buildActionMask = 2147483647;
			files = (
				359755D22B03C4DD00BDD25F /* ManagerAppTests.swift in Sources */,
			);
			runOnlyForDeploymentPostprocessing = 0;
		};
		359755D32B03C4DD00BDD25F /* Sources */ = {
			isa = PBXSourcesBuildPhase;
			buildActionMask = 2147483647;
			files = (
				359755DE2B03C4DD00BDD25F /* ManagerAppUITestsLaunchTests.swift in Sources */,
				359755DC2B03C4DD00BDD25F /* ManagerAppUITests.swift in Sources */,
			);
			runOnlyForDeploymentPostprocessing = 0;
		};
/* End PBXSourcesBuildPhase section */

/* Begin PBXTargetDependency section */
		359755CF2B03C4DD00BDD25F /* PBXTargetDependency */ = {
			isa = PBXTargetDependency;
			target = 359755B32B03C4DC00BDD25F /* ManagerApp */;
			targetProxy = 359755CE2B03C4DD00BDD25F /* PBXContainerItemProxy */;
		};
		359755D92B03C4DD00BDD25F /* PBXTargetDependency */ = {
			isa = PBXTargetDependency;
			target = 359755B32B03C4DC00BDD25F /* ManagerApp */;
			targetProxy = 359755D82B03C4DD00BDD25F /* PBXContainerItemProxy */;
		};
/* End PBXTargetDependency section */

/* Begin PBXVariantGroup section */
		359755BD2B03C4DC00BDD25F /* Main.storyboard */ = {
			isa = PBXVariantGroup;
			children = (
				359755BE2B03C4DC00BDD25F /* Base */,
			);
			name = Main.storyboard;
			sourceTree = "<group>";
		};
		359755C52B03C4DD00BDD25F /* LaunchScreen.storyboard */ = {
			isa = PBXVariantGroup;
			children = (
				359755C62B03C4DD00BDD25F /* Base */,
			);
			name = LaunchScreen.storyboard;
			sourceTree = "<group>";
		};
/* End PBXVariantGroup section */

/* Begin XCBuildConfiguration section */
		359755DF2B03C4DD00BDD25F /* Debug */ = {
			isa = XCBuildConfiguration;
			buildSettings = {
				ALWAYS_SEARCH_USER_PATHS = NO;
				CLANG_ANALYZER_NONNULL = YES;
				CLANG_ANALYZER_NUMBER_OBJECT_CONVERSION = YES_AGGRESSIVE;
				CLANG_CXX_LANGUAGE_STANDARD = "gnu++20";
				CLANG_ENABLE_MODULES = YES;
				CLANG_ENABLE_OBJC_ARC = YES;
				CLANG_ENABLE_OBJC_WEAK = YES;
				CLANG_WARN_BLOCK_CAPTURE_AUTORELEASING = YES;
				CLANG_WARN_BOOL_CONVERSION = YES;
				CLANG_WARN_COMMA = YES;
				CLANG_WARN_CONSTANT_CONVERSION = YES;
				CLANG_WARN_DEPRECATED_OBJC_IMPLEMENTATIONS = YES;
				CLANG_WARN_DIRECT_OBJC_ISA_USAGE = YES_ERROR;
				CLANG_WARN_DOCUMENTATION_COMMENTS = YES;
				CLANG_WARN_EMPTY_BODY = YES;
				CLANG_WARN_ENUM_CONVERSION = YES;
				CLANG_WARN_INFINITE_RECURSION = YES;
				CLANG_WARN_INT_CONVERSION = YES;
				CLANG_WARN_NON_LITERAL_NULL_CONVERSION = YES;
				CLANG_WARN_OBJC_IMPLICIT_RETAIN_SELF = YES;
				CLANG_WARN_OBJC_LITERAL_CONVERSION = YES;
				CLANG_WARN_OBJC_ROOT_CLASS = YES_ERROR;
				CLANG_WARN_QUOTED_INCLUDE_IN_FRAMEWORK_HEADER = YES;
				CLANG_WARN_RANGE_LOOP_ANALYSIS = YES;
				CLANG_WARN_STRICT_PROTOTYPES = YES;
				CLANG_WARN_SUSPICIOUS_MOVE = YES;
				CLANG_WARN_UNGUARDED_AVAILABILITY = YES_AGGRESSIVE;
				CLANG_WARN_UNREACHABLE_CODE = YES;
				CLANG_WARN__DUPLICATE_METHOD_MATCH = YES;
				COPY_PHASE_STRIP = NO;
				DEBUG_INFORMATION_FORMAT = dwarf;
				ENABLE_STRICT_OBJC_MSGSEND = YES;
				ENABLE_TESTABILITY = YES;
				GCC_C_LANGUAGE_STANDARD = gnu11;
				GCC_DYNAMIC_NO_PIC = NO;
				GCC_NO_COMMON_BLOCKS = YES;
				GCC_OPTIMIZATION_LEVEL = 0;
				GCC_PREPROCESSOR_DEFINITIONS = (
					"DEBUG=1",
					"$(inherited)",
				);
				GCC_WARN_64_TO_32_BIT_CONVERSION = YES;
				GCC_WARN_ABOUT_RETURN_TYPE = YES_ERROR;
				GCC_WARN_UNDECLARED_SELECTOR = YES;
				GCC_WARN_UNINITIALIZED_AUTOS = YES_AGGRESSIVE;
				GCC_WARN_UNUSED_FUNCTION = YES;
				GCC_WARN_UNUSED_VARIABLE = YES;
				IPHONEOS_DEPLOYMENT_TARGET = 16.4;
				MTL_ENABLE_DEBUG_INFO = INCLUDE_SOURCE;
				MTL_FAST_MATH = YES;
				ONLY_ACTIVE_ARCH = YES;
				SDKROOT = iphoneos;
				SWIFT_ACTIVE_COMPILATION_CONDITIONS = DEBUG;
				SWIFT_OPTIMIZATION_LEVEL = "-Onone";
			};
			name = Debug;
		};
		359755E02B03C4DD00BDD25F /* Release */ = {
			isa = XCBuildConfiguration;
			buildSettings = {
				ALWAYS_SEARCH_USER_PATHS = NO;
				CLANG_ANALYZER_NONNULL = YES;
				CLANG_ANALYZER_NUMBER_OBJECT_CONVERSION = YES_AGGRESSIVE;
				CLANG_CXX_LANGUAGE_STANDARD = "gnu++20";
				CLANG_ENABLE_MODULES = YES;
				CLANG_ENABLE_OBJC_ARC = YES;
				CLANG_ENABLE_OBJC_WEAK = YES;
				CLANG_WARN_BLOCK_CAPTURE_AUTORELEASING = YES;
				CLANG_WARN_BOOL_CONVERSION = YES;
				CLANG_WARN_COMMA = YES;
				CLANG_WARN_CONSTANT_CONVERSION = YES;
				CLANG_WARN_DEPRECATED_OBJC_IMPLEMENTATIONS = YES;
				CLANG_WARN_DIRECT_OBJC_ISA_USAGE = YES_ERROR;
				CLANG_WARN_DOCUMENTATION_COMMENTS = YES;
				CLANG_WARN_EMPTY_BODY = YES;
				CLANG_WARN_ENUM_CONVERSION = YES;
				CLANG_WARN_INFINITE_RECURSION = YES;
				CLANG_WARN_INT_CONVERSION = YES;
				CLANG_WARN_NON_LITERAL_NULL_CONVERSION = YES;
				CLANG_WARN_OBJC_IMPLICIT_RETAIN_SELF = YES;
				CLANG_WARN_OBJC_LITERAL_CONVERSION = YES;
				CLANG_WARN_OBJC_ROOT_CLASS = YES_ERROR;
				CLANG_WARN_QUOTED_INCLUDE_IN_FRAMEWORK_HEADER = YES;
				CLANG_WARN_RANGE_LOOP_ANALYSIS = YES;
				CLANG_WARN_STRICT_PROTOTYPES = YES;
				CLANG_WARN_SUSPICIOUS_MOVE = YES;
				CLANG_WARN_UNGUARDED_AVAILABILITY = YES_AGGRESSIVE;
				CLANG_WARN_UNREACHABLE_CODE = YES;
				CLANG_WARN__DUPLICATE_METHOD_MATCH = YES;
				COPY_PHASE_STRIP = NO;
				DEBUG_INFORMATION_FORMAT = "dwarf-with-dsym";
				ENABLE_NS_ASSERTIONS = NO;
				ENABLE_STRICT_OBJC_MSGSEND = YES;
				GCC_C_LANGUAGE_STANDARD = gnu11;
				GCC_NO_COMMON_BLOCKS = YES;
				GCC_WARN_64_TO_32_BIT_CONVERSION = YES;
				GCC_WARN_ABOUT_RETURN_TYPE = YES_ERROR;
				GCC_WARN_UNDECLARED_SELECTOR = YES;
				GCC_WARN_UNINITIALIZED_AUTOS = YES_AGGRESSIVE;
				GCC_WARN_UNUSED_FUNCTION = YES;
				GCC_WARN_UNUSED_VARIABLE = YES;
				IPHONEOS_DEPLOYMENT_TARGET = 16.4;
				MTL_ENABLE_DEBUG_INFO = NO;
				MTL_FAST_MATH = YES;
				SDKROOT = iphoneos;
				SWIFT_COMPILATION_MODE = wholemodule;
				SWIFT_OPTIMIZATION_LEVEL = "-O";
				VALIDATE_PRODUCT = YES;
			};
			name = Release;
		};
		359755E22B03C4DD00BDD25F /* Debug */ = {
			isa = XCBuildConfiguration;
			buildSettings = {
				ASSETCATALOG_COMPILER_APPICON_NAME = AppIcon;
				ASSETCATALOG_COMPILER_GLOBAL_ACCENT_COLOR_NAME = AccentColor;
				CODE_SIGN_STYLE = Automatic;
				CURRENT_PROJECT_VERSION = 1;
				DEVELOPMENT_TEAM = YZW449RF67;
				GENERATE_INFOPLIST_FILE = YES;
				INFOPLIST_FILE = ManagerApp/Info.plist;
				INFOPLIST_KEY_UIApplicationSupportsIndirectInputEvents = YES;
				INFOPLIST_KEY_UILaunchStoryboardName = LaunchScreen;
				INFOPLIST_KEY_UIMainStoryboardFile = Main;
				INFOPLIST_KEY_UISupportedInterfaceOrientations_iPad = "UIInterfaceOrientationPortrait UIInterfaceOrientationPortraitUpsideDown UIInterfaceOrientationLandscapeLeft UIInterfaceOrientationLandscapeRight";
				INFOPLIST_KEY_UISupportedInterfaceOrientations_iPhone = "UIInterfaceOrientationPortrait UIInterfaceOrientationLandscapeLeft UIInterfaceOrientationLandscapeRight";
				LD_RUNPATH_SEARCH_PATHS = (
					"$(inherited)",
					"@executable_path/Frameworks",
				);
				MARKETING_VERSION = 1.0;
				PRODUCT_BUNDLE_IDENTIFIER = clc.ManagerApp;
				PRODUCT_NAME = "$(TARGET_NAME)";
				SWIFT_EMIT_LOC_STRINGS = YES;
				SWIFT_VERSION = 5.0;
				TARGETED_DEVICE_FAMILY = "1,2";
			};
			name = Debug;
		};
		359755E32B03C4DD00BDD25F /* Release */ = {
			isa = XCBuildConfiguration;
			buildSettings = {
				ASSETCATALOG_COMPILER_APPICON_NAME = AppIcon;
				ASSETCATALOG_COMPILER_GLOBAL_ACCENT_COLOR_NAME = AccentColor;
				CODE_SIGN_STYLE = Automatic;
				CURRENT_PROJECT_VERSION = 1;
				DEVELOPMENT_TEAM = YZW449RF67;
				GENERATE_INFOPLIST_FILE = YES;
				INFOPLIST_FILE = ManagerApp/Info.plist;
				INFOPLIST_KEY_UIApplicationSupportsIndirectInputEvents = YES;
				INFOPLIST_KEY_UILaunchStoryboardName = LaunchScreen;
				INFOPLIST_KEY_UIMainStoryboardFile = Main;
				INFOPLIST_KEY_UISupportedInterfaceOrientations_iPad = "UIInterfaceOrientationPortrait UIInterfaceOrientationPortraitUpsideDown UIInterfaceOrientationLandscapeLeft UIInterfaceOrientationLandscapeRight";
				INFOPLIST_KEY_UISupportedInterfaceOrientations_iPhone = "UIInterfaceOrientationPortrait UIInterfaceOrientationLandscapeLeft UIInterfaceOrientationLandscapeRight";
				LD_RUNPATH_SEARCH_PATHS = (
					"$(inherited)",
					"@executable_path/Frameworks",
				);
				MARKETING_VERSION = 1.0;
				PRODUCT_BUNDLE_IDENTIFIER = clc.ManagerApp;
				PRODUCT_NAME = "$(TARGET_NAME)";
				SWIFT_EMIT_LOC_STRINGS = YES;
				SWIFT_VERSION = 5.0;
				TARGETED_DEVICE_FAMILY = "1,2";
			};
			name = Release;
		};
		359755E52B03C4DD00BDD25F /* Debug */ = {
			isa = XCBuildConfiguration;
			buildSettings = {
				ALWAYS_EMBED_SWIFT_STANDARD_LIBRARIES = YES;
				BUNDLE_LOADER = "$(TEST_HOST)";
				CODE_SIGN_STYLE = Automatic;
				CURRENT_PROJECT_VERSION = 1;
				DEVELOPMENT_TEAM = YZW449RF67;
				GENERATE_INFOPLIST_FILE = YES;
				IPHONEOS_DEPLOYMENT_TARGET = 16.4;
				MARKETING_VERSION = 1.0;
				PRODUCT_BUNDLE_IDENTIFIER = clc.ManagerAppTests;
				PRODUCT_NAME = "$(TARGET_NAME)";
				SWIFT_EMIT_LOC_STRINGS = NO;
				SWIFT_VERSION = 5.0;
				TARGETED_DEVICE_FAMILY = "1,2";
				TEST_HOST = "$(BUILT_PRODUCTS_DIR)/ManagerApp.app/$(BUNDLE_EXECUTABLE_FOLDER_PATH)/ManagerApp";
			};
			name = Debug;
		};
		359755E62B03C4DD00BDD25F /* Release */ = {
			isa = XCBuildConfiguration;
			buildSettings = {
				ALWAYS_EMBED_SWIFT_STANDARD_LIBRARIES = YES;
				BUNDLE_LOADER = "$(TEST_HOST)";
				CODE_SIGN_STYLE = Automatic;
				CURRENT_PROJECT_VERSION = 1;
				DEVELOPMENT_TEAM = YZW449RF67;
				GENERATE_INFOPLIST_FILE = YES;
				IPHONEOS_DEPLOYMENT_TARGET = 16.4;
				MARKETING_VERSION = 1.0;
				PRODUCT_BUNDLE_IDENTIFIER = clc.ManagerAppTests;
				PRODUCT_NAME = "$(TARGET_NAME)";
				SWIFT_EMIT_LOC_STRINGS = NO;
				SWIFT_VERSION = 5.0;
				TARGETED_DEVICE_FAMILY = "1,2";
				TEST_HOST = "$(BUILT_PRODUCTS_DIR)/ManagerApp.app/$(BUNDLE_EXECUTABLE_FOLDER_PATH)/ManagerApp";
			};
			name = Release;
		};
		359755E82B03C4DD00BDD25F /* Debug */ = {
			isa = XCBuildConfiguration;
			buildSettings = {
				ALWAYS_EMBED_SWIFT_STANDARD_LIBRARIES = YES;
				CODE_SIGN_STYLE = Automatic;
				CURRENT_PROJECT_VERSION = 1;
				DEVELOPMENT_TEAM = YZW449RF67;
				GENERATE_INFOPLIST_FILE = YES;
				MARKETING_VERSION = 1.0;
				PRODUCT_BUNDLE_IDENTIFIER = clc.ManagerAppUITests;
				PRODUCT_NAME = "$(TARGET_NAME)";
				SWIFT_EMIT_LOC_STRINGS = NO;
				SWIFT_VERSION = 5.0;
				TARGETED_DEVICE_FAMILY = "1,2";
				TEST_TARGET_NAME = ManagerApp;
			};
			name = Debug;
		};
		359755E92B03C4DD00BDD25F /* Release */ = {
			isa = XCBuildConfiguration;
			buildSettings = {
				ALWAYS_EMBED_SWIFT_STANDARD_LIBRARIES = YES;
				CODE_SIGN_STYLE = Automatic;
				CURRENT_PROJECT_VERSION = 1;
				DEVELOPMENT_TEAM = YZW449RF67;
				GENERATE_INFOPLIST_FILE = YES;
				MARKETING_VERSION = 1.0;
				PRODUCT_BUNDLE_IDENTIFIER = clc.ManagerAppUITests;
				PRODUCT_NAME = "$(TARGET_NAME)";
				SWIFT_EMIT_LOC_STRINGS = NO;
				SWIFT_VERSION = 5.0;
				TARGETED_DEVICE_FAMILY = "1,2";
				TEST_TARGET_NAME = ManagerApp;
			};
			name = Release;
		};
/* End XCBuildConfiguration section */

/* Begin XCConfigurationList section */
		359755AF2B03C4DC00BDD25F /* Build configuration list for PBXProject "ManagerApp" */ = {
			isa = XCConfigurationList;
			buildConfigurations = (
				359755DF2B03C4DD00BDD25F /* Debug */,
				359755E02B03C4DD00BDD25F /* Release */,
			);
			defaultConfigurationIsVisible = 0;
			defaultConfigurationName = Release;
		};
		359755E12B03C4DD00BDD25F /* Build configuration list for PBXNativeTarget "ManagerApp" */ = {
			isa = XCConfigurationList;
			buildConfigurations = (
				359755E22B03C4DD00BDD25F /* Debug */,
				359755E32B03C4DD00BDD25F /* Release */,
			);
			defaultConfigurationIsVisible = 0;
			defaultConfigurationName = Release;
		};
		359755E42B03C4DD00BDD25F /* Build configuration list for PBXNativeTarget "ManagerAppTests" */ = {
			isa = XCConfigurationList;
			buildConfigurations = (
				359755E52B03C4DD00BDD25F /* Debug */,
				359755E62B03C4DD00BDD25F /* Release */,
			);
			defaultConfigurationIsVisible = 0;
			defaultConfigurationName = Release;
		};
		359755E72B03C4DD00BDD25F /* Build configuration list for PBXNativeTarget "ManagerAppUITests" */ = {
			isa = XCConfigurationList;
			buildConfigurations = (
				359755E82B03C4DD00BDD25F /* Debug */,
				359755E92B03C4DD00BDD25F /* Release */,
			);
			defaultConfigurationIsVisible = 0;
			defaultConfigurationName = Release;
		};
/* End XCConfigurationList section */

/* Begin XCVersionGroup section */
		359755C02B03C4DC00BDD25F /* ManagerApp.xcdatamodeld */ = {
			isa = XCVersionGroup;
			children = (
				359755C12B03C4DC00BDD25F /* ManagerApp.xcdatamodel */,
			);
			currentVersion = 359755C12B03C4DC00BDD25F /* ManagerApp.xcdatamodel */;
			path = ManagerApp.xcdatamodeld;
			sourceTree = "<group>";
			versionGroupType = wrapper.xcdatamodel;
		};
/* End XCVersionGroup section */
	};
	rootObject = 359755AC2B03C4DC00BDD25F /* Project object */;
}
