// !$*UTF8*$!
{
	archiveVersion = 1;
	classes = {
	};
	objectVersion = 56;
	objects = {

/* Begin PBXBuildFile section */
		357DABA52AFE7FDB00426177 /* AppDelegate.swift in Sources */ = {isa = PBXBuildFile; fileRef = 357DABA42AFE7FDB00426177 /* AppDelegate.swift */; };
		357DABA72AFE7FDB00426177 /* SceneDelegate.swift in Sources */ = {isa = PBXBuildFile; fileRef = 357DABA62AFE7FDB00426177 /* SceneDelegate.swift */; };
		357DABA92AFE7FDB00426177 /* ViewController.swift in Sources */ = {isa = PBXBuildFile; fileRef = 357DABA82AFE7FDB00426177 /* ViewController.swift */; };
		357DABAC2AFE7FDB00426177 /* Main.storyboard in Resources */ = {isa = PBXBuildFile; fileRef = 357DABAA2AFE7FDB00426177 /* Main.storyboard */; };
		357DABAF2AFE7FDB00426177 /* cameraNotes.xcdatamodeld in Sources */ = {isa = PBXBuildFile; fileRef = 357DABAD2AFE7FDB00426177 /* cameraNotes.xcdatamodeld */; };
		357DABB12AFE7FDD00426177 /* Assets.xcassets in Resources */ = {isa = PBXBuildFile; fileRef = 357DABB02AFE7FDD00426177 /* Assets.xcassets */; };
		357DABB42AFE7FDD00426177 /* LaunchScreen.storyboard in Resources */ = {isa = PBXBuildFile; fileRef = 357DABB22AFE7FDD00426177 /* LaunchScreen.storyboard */; };
		357DABBF2AFE7FDD00426177 /* cameraNotesTests.swift in Sources */ = {isa = PBXBuildFile; fileRef = 357DABBE2AFE7FDD00426177 /* cameraNotesTests.swift */; };
		357DABC92AFE7FDD00426177 /* cameraNotesUITests.swift in Sources */ = {isa = PBXBuildFile; fileRef = 357DABC82AFE7FDD00426177 /* cameraNotesUITests.swift */; };
		357DABCB2AFE7FDD00426177 /* cameraNotesUITestsLaunchTests.swift in Sources */ = {isa = PBXBuildFile; fileRef = 357DABCA2AFE7FDD00426177 /* cameraNotesUITestsLaunchTests.swift */; };
/* End PBXBuildFile section */

/* Begin PBXContainerItemProxy section */
		357DABBB2AFE7FDD00426177 /* PBXContainerItemProxy */ = {
			isa = PBXContainerItemProxy;
			containerPortal = 357DAB992AFE7FDB00426177 /* Project object */;
			proxyType = 1;
			remoteGlobalIDString = 357DABA02AFE7FDB00426177;
			remoteInfo = cameraNotes;
		};
		357DABC52AFE7FDD00426177 /* PBXContainerItemProxy */ = {
			isa = PBXContainerItemProxy;
			containerPortal = 357DAB992AFE7FDB00426177 /* Project object */;
			proxyType = 1;
			remoteGlobalIDString = 357DABA02AFE7FDB00426177;
			remoteInfo = cameraNotes;
		};
/* End PBXContainerItemProxy section */

/* Begin PBXFileReference section */
		357DABA12AFE7FDB00426177 /* cameraNotes.app */ = {isa = PBXFileReference; explicitFileType = wrapper.application; includeInIndex = 0; path = cameraNotes.app; sourceTree = BUILT_PRODUCTS_DIR; };
		357DABA42AFE7FDB00426177 /* AppDelegate.swift */ = {isa = PBXFileReference; lastKnownFileType = sourcecode.swift; path = AppDelegate.swift; sourceTree = "<group>"; };
		357DABA62AFE7FDB00426177 /* SceneDelegate.swift */ = {isa = PBXFileReference; lastKnownFileType = sourcecode.swift; path = SceneDelegate.swift; sourceTree = "<group>"; };
		357DABA82AFE7FDB00426177 /* ViewController.swift */ = {isa = PBXFileReference; lastKnownFileType = sourcecode.swift; path = ViewController.swift; sourceTree = "<group>"; };
		357DABAB2AFE7FDB00426177 /* Base */ = {isa = PBXFileReference; lastKnownFileType = file.storyboard; name = Base; path = Base.lproj/Main.storyboard; sourceTree = "<group>"; };
		357DABAE2AFE7FDB00426177 /* cameraNotes.xcdatamodel */ = {isa = PBXFileReference; lastKnownFileType = wrapper.xcdatamodel; path = cameraNotes.xcdatamodel; sourceTree = "<group>"; };
		357DABB02AFE7FDD00426177 /* Assets.xcassets */ = {isa = PBXFileReference; lastKnownFileType = folder.assetcatalog; path = Assets.xcassets; sourceTree = "<group>"; };
		357DABB32AFE7FDD00426177 /* Base */ = {isa = PBXFileReference; lastKnownFileType = file.storyboard; name = Base; path = Base.lproj/LaunchScreen.storyboard; sourceTree = "<group>"; };
		357DABB52AFE7FDD00426177 /* Info.plist */ = {isa = PBXFileReference; lastKnownFileType = text.plist.xml; path = Info.plist; sourceTree = "<group>"; };
		357DABBA2AFE7FDD00426177 /* cameraNotesTests.xctest */ = {isa = PBXFileReference; explicitFileType = wrapper.cfbundle; includeInIndex = 0; path = cameraNotesTests.xctest; sourceTree = BUILT_PRODUCTS_DIR; };
		357DABBE2AFE7FDD00426177 /* cameraNotesTests.swift */ = {isa = PBXFileReference; lastKnownFileType = sourcecode.swift; path = cameraNotesTests.swift; sourceTree = "<group>"; };
		357DABC42AFE7FDD00426177 /* cameraNotesUITests.xctest */ = {isa = PBXFileReference; explicitFileType = wrapper.cfbundle; includeInIndex = 0; path = cameraNotesUITests.xctest; sourceTree = BUILT_PRODUCTS_DIR; };
		357DABC82AFE7FDD00426177 /* cameraNotesUITests.swift */ = {isa = PBXFileReference; lastKnownFileType = sourcecode.swift; path = cameraNotesUITests.swift; sourceTree = "<group>"; };
		357DABCA2AFE7FDD00426177 /* cameraNotesUITestsLaunchTests.swift */ = {isa = PBXFileReference; lastKnownFileType = sourcecode.swift; path = cameraNotesUITestsLaunchTests.swift; sourceTree = "<group>"; };
/* End PBXFileReference section */

/* Begin PBXFrameworksBuildPhase section */
		357DAB9E2AFE7FDB00426177 /* Frameworks */ = {
			isa = PBXFrameworksBuildPhase;
			buildActionMask = 2147483647;
			files = (
			);
			runOnlyForDeploymentPostprocessing = 0;
		};
		357DABB72AFE7FDD00426177 /* Frameworks */ = {
			isa = PBXFrameworksBuildPhase;
			buildActionMask = 2147483647;
			files = (
			);
			runOnlyForDeploymentPostprocessing = 0;
		};
		357DABC12AFE7FDD00426177 /* Frameworks */ = {
			isa = PBXFrameworksBuildPhase;
			buildActionMask = 2147483647;
			files = (
			);
			runOnlyForDeploymentPostprocessing = 0;
		};
/* End PBXFrameworksBuildPhase section */

/* Begin PBXGroup section */
		357DAB982AFE7FDB00426177 = {
			isa = PBXGroup;
			children = (
				357DABA32AFE7FDB00426177 /* cameraNotes */,
				357DABBD2AFE7FDD00426177 /* cameraNotesTests */,
				357DABC72AFE7FDD00426177 /* cameraNotesUITests */,
				357DABA22AFE7FDB00426177 /* Products */,
			);
			sourceTree = "<group>";
		};
		357DABA22AFE7FDB00426177 /* Products */ = {
			isa = PBXGroup;
			children = (
				357DABA12AFE7FDB00426177 /* cameraNotes.app */,
				357DABBA2AFE7FDD00426177 /* cameraNotesTests.xctest */,
				357DABC42AFE7FDD00426177 /* cameraNotesUITests.xctest */,
			);
			name = Products;
			sourceTree = "<group>";
		};
		357DABA32AFE7FDB00426177 /* cameraNotes */ = {
			isa = PBXGroup;
			children = (
				357DABA42AFE7FDB00426177 /* AppDelegate.swift */,
				357DABA62AFE7FDB00426177 /* SceneDelegate.swift */,
				357DABA82AFE7FDB00426177 /* ViewController.swift */,
				357DABAA2AFE7FDB00426177 /* Main.storyboard */,
				357DABB02AFE7FDD00426177 /* Assets.xcassets */,
				357DABB22AFE7FDD00426177 /* LaunchScreen.storyboard */,
				357DABB52AFE7FDD00426177 /* Info.plist */,
				357DABAD2AFE7FDB00426177 /* cameraNotes.xcdatamodeld */,
			);
			path = cameraNotes;
			sourceTree = "<group>";
		};
		357DABBD2AFE7FDD00426177 /* cameraNotesTests */ = {
			isa = PBXGroup;
			children = (
				357DABBE2AFE7FDD00426177 /* cameraNotesTests.swift */,
			);
			path = cameraNotesTests;
			sourceTree = "<group>";
		};
		357DABC72AFE7FDD00426177 /* cameraNotesUITests */ = {
			isa = PBXGroup;
			children = (
				357DABC82AFE7FDD00426177 /* cameraNotesUITests.swift */,
				357DABCA2AFE7FDD00426177 /* cameraNotesUITestsLaunchTests.swift */,
			);
			path = cameraNotesUITests;
			sourceTree = "<group>";
		};
/* End PBXGroup section */

/* Begin PBXNativeTarget section */
		357DABA02AFE7FDB00426177 /* cameraNotes */ = {
			isa = PBXNativeTarget;
			buildConfigurationList = 357DABCE2AFE7FDD00426177 /* Build configuration list for PBXNativeTarget "cameraNotes" */;
			buildPhases = (
				357DAB9D2AFE7FDB00426177 /* Sources */,
				357DAB9E2AFE7FDB00426177 /* Frameworks */,
				357DAB9F2AFE7FDB00426177 /* Resources */,
			);
			buildRules = (
			);
			dependencies = (
			);
			name = cameraNotes;
			productName = cameraNotes;
			productReference = 357DABA12AFE7FDB00426177 /* cameraNotes.app */;
			productType = "com.apple.product-type.application";
		};
		357DABB92AFE7FDD00426177 /* cameraNotesTests */ = {
			isa = PBXNativeTarget;
			buildConfigurationList = 357DABD12AFE7FDD00426177 /* Build configuration list for PBXNativeTarget "cameraNotesTests" */;
			buildPhases = (
				357DABB62AFE7FDD00426177 /* Sources */,
				357DABB72AFE7FDD00426177 /* Frameworks */,
				357DABB82AFE7FDD00426177 /* Resources */,
			);
			buildRules = (
			);
			dependencies = (
				357DABBC2AFE7FDD00426177 /* PBXTargetDependency */,
			);
			name = cameraNotesTests;
			productName = cameraNotesTests;
			productReference = 357DABBA2AFE7FDD00426177 /* cameraNotesTests.xctest */;
			productType = "com.apple.product-type.bundle.unit-test";
		};
		357DABC32AFE7FDD00426177 /* cameraNotesUITests */ = {
			isa = PBXNativeTarget;
			buildConfigurationList = 357DABD42AFE7FDD00426177 /* Build configuration list for PBXNativeTarget "cameraNotesUITests" */;
			buildPhases = (
				357DABC02AFE7FDD00426177 /* Sources */,
				357DABC12AFE7FDD00426177 /* Frameworks */,
				357DABC22AFE7FDD00426177 /* Resources */,
			);
			buildRules = (
			);
			dependencies = (
				357DABC62AFE7FDD00426177 /* PBXTargetDependency */,
			);
			name = cameraNotesUITests;
			productName = cameraNotesUITests;
			productReference = 357DABC42AFE7FDD00426177 /* cameraNotesUITests.xctest */;
			productType = "com.apple.product-type.bundle.ui-testing";
		};
/* End PBXNativeTarget section */

/* Begin PBXProject section */
		357DAB992AFE7FDB00426177 /* Project object */ = {
			isa = PBXProject;
			attributes = {
				BuildIndependentTargetsInParallel = 1;
				LastSwiftUpdateCheck = 1430;
				LastUpgradeCheck = 1430;
				TargetAttributes = {
					357DABA02AFE7FDB00426177 = {
						CreatedOnToolsVersion = 14.3.1;
					};
					357DABB92AFE7FDD00426177 = {
						CreatedOnToolsVersion = 14.3.1;
						TestTargetID = 357DABA02AFE7FDB00426177;
					};
					357DABC32AFE7FDD00426177 = {
						CreatedOnToolsVersion = 14.3.1;
						TestTargetID = 357DABA02AFE7FDB00426177;
					};
				};
			};
			buildConfigurationList = 357DAB9C2AFE7FDB00426177 /* Build configuration list for PBXProject "cameraNotes" */;
			compatibilityVersion = "Xcode 14.0";
			developmentRegion = en;
			hasScannedForEncodings = 0;
			knownRegions = (
				en,
				Base,
			);
			mainGroup = 357DAB982AFE7FDB00426177;
			productRefGroup = 357DABA22AFE7FDB00426177 /* Products */;
			projectDirPath = "";
			projectRoot = "";
			targets = (
				357DABA02AFE7FDB00426177 /* cameraNotes */,
				357DABB92AFE7FDD00426177 /* cameraNotesTests */,
				357DABC32AFE7FDD00426177 /* cameraNotesUITests */,
			);
		};
/* End PBXProject section */

/* Begin PBXResourcesBuildPhase section */
		357DAB9F2AFE7FDB00426177 /* Resources */ = {
			isa = PBXResourcesBuildPhase;
			buildActionMask = 2147483647;
			files = (
				357DABB42AFE7FDD00426177 /* LaunchScreen.storyboard in Resources */,
				357DABB12AFE7FDD00426177 /* Assets.xcassets in Resources */,
				357DABAC2AFE7FDB00426177 /* Main.storyboard in Resources */,
			);
			runOnlyForDeploymentPostprocessing = 0;
		};
		357DABB82AFE7FDD00426177 /* Resources */ = {
			isa = PBXResourcesBuildPhase;
			buildActionMask = 2147483647;
			files = (
			);
			runOnlyForDeploymentPostprocessing = 0;
		};
		357DABC22AFE7FDD00426177 /* Resources */ = {
			isa = PBXResourcesBuildPhase;
			buildActionMask = 2147483647;
			files = (
			);
			runOnlyForDeploymentPostprocessing = 0;
		};
/* End PBXResourcesBuildPhase section */

/* Begin PBXSourcesBuildPhase section */
		357DAB9D2AFE7FDB00426177 /* Sources */ = {
			isa = PBXSourcesBuildPhase;
			buildActionMask = 2147483647;
			files = (
				357DABA92AFE7FDB00426177 /* ViewController.swift in Sources */,
				357DABA52AFE7FDB00426177 /* AppDelegate.swift in Sources */,
				357DABAF2AFE7FDB00426177 /* cameraNotes.xcdatamodeld in Sources */,
				357DABA72AFE7FDB00426177 /* SceneDelegate.swift in Sources */,
			);
			runOnlyForDeploymentPostprocessing = 0;
		};
		357DABB62AFE7FDD00426177 /* Sources */ = {
			isa = PBXSourcesBuildPhase;
			buildActionMask = 2147483647;
			files = (
				357DABBF2AFE7FDD00426177 /* cameraNotesTests.swift in Sources */,
			);
			runOnlyForDeploymentPostprocessing = 0;
		};
		357DABC02AFE7FDD00426177 /* Sources */ = {
			isa = PBXSourcesBuildPhase;
			buildActionMask = 2147483647;
			files = (
				357DABC92AFE7FDD00426177 /* cameraNotesUITests.swift in Sources */,
				357DABCB2AFE7FDD00426177 /* cameraNotesUITestsLaunchTests.swift in Sources */,
			);
			runOnlyForDeploymentPostprocessing = 0;
		};
/* End PBXSourcesBuildPhase section */

/* Begin PBXTargetDependency section */
		357DABBC2AFE7FDD00426177 /* PBXTargetDependency */ = {
			isa = PBXTargetDependency;
			target = 357DABA02AFE7FDB00426177 /* cameraNotes */;
			targetProxy = 357DABBB2AFE7FDD00426177 /* PBXContainerItemProxy */;
		};
		357DABC62AFE7FDD00426177 /* PBXTargetDependency */ = {
			isa = PBXTargetDependency;
			target = 357DABA02AFE7FDB00426177 /* cameraNotes */;
			targetProxy = 357DABC52AFE7FDD00426177 /* PBXContainerItemProxy */;
		};
/* End PBXTargetDependency section */

/* Begin PBXVariantGroup section */
		357DABAA2AFE7FDB00426177 /* Main.storyboard */ = {
			isa = PBXVariantGroup;
			children = (
				357DABAB2AFE7FDB00426177 /* Base */,
			);
			name = Main.storyboard;
			sourceTree = "<group>";
		};
		357DABB22AFE7FDD00426177 /* LaunchScreen.storyboard */ = {
			isa = PBXVariantGroup;
			children = (
				357DABB32AFE7FDD00426177 /* Base */,
			);
			name = LaunchScreen.storyboard;
			sourceTree = "<group>";
		};
/* End PBXVariantGroup section */

/* Begin XCBuildConfiguration section */
		357DABCC2AFE7FDD00426177 /* Debug */ = {
			isa = XCBuildConfiguration;
			buildSettings = {
				ALWAYS_SEARCH_USER_PATHS = NO;
				CLANG_ANALYZER_NONNULL = YES;
				CLANG_ANALYZER_NUMBER_OBJECT_CONVERSION = YES_AGGRESSIVE;
				CLANG_CXX_LANGUAGE_STANDARD = "gnu++20";
				CLANG_ENABLE_MODULES = YES;
				CLANG_ENABLE_OBJC_ARC = YES;
				CLANG_ENABLE_OBJC_WEAK = YES;
				CLANG_WARN_BLOCK_CAPTURE_AUTORELEASING = YES;
				CLANG_WARN_BOOL_CONVERSION = YES;
				CLANG_WARN_COMMA = YES;
				CLANG_WARN_CONSTANT_CONVERSION = YES;
				CLANG_WARN_DEPRECATED_OBJC_IMPLEMENTATIONS = YES;
				CLANG_WARN_DIRECT_OBJC_ISA_USAGE = YES_ERROR;
				CLANG_WARN_DOCUMENTATION_COMMENTS = YES;
				CLANG_WARN_EMPTY_BODY = YES;
				CLANG_WARN_ENUM_CONVERSION = YES;
				CLANG_WARN_INFINITE_RECURSION = YES;
				CLANG_WARN_INT_CONVERSION = YES;
				CLANG_WARN_NON_LITERAL_NULL_CONVERSION = YES;
				CLANG_WARN_OBJC_IMPLICIT_RETAIN_SELF = YES;
				CLANG_WARN_OBJC_LITERAL_CONVERSION = YES;
				CLANG_WARN_OBJC_ROOT_CLASS = YES_ERROR;
				CLANG_WARN_QUOTED_INCLUDE_IN_FRAMEWORK_HEADER = YES;
				CLANG_WARN_RANGE_LOOP_ANALYSIS = YES;
				CLANG_WARN_STRICT_PROTOTYPES = YES;
				CLANG_WARN_SUSPICIOUS_MOVE = YES;
				CLANG_WARN_UNGUARDED_AVAILABILITY = YES_AGGRESSIVE;
				CLANG_WARN_UNREACHABLE_CODE = YES;
				CLANG_WARN__DUPLICATE_METHOD_MATCH = YES;
				COPY_PHASE_STRIP = NO;
				DEBUG_INFORMATION_FORMAT = dwarf;
				ENABLE_STRICT_OBJC_MSGSEND = YES;
				ENABLE_TESTABILITY = YES;
				GCC_C_LANGUAGE_STANDARD = gnu11;
				GCC_DYNAMIC_NO_PIC = NO;
				GCC_NO_COMMON_BLOCKS = YES;
				GCC_OPTIMIZATION_LEVEL = 0;
				GCC_PREPROCESSOR_DEFINITIONS = (
					"DEBUG=1",
					"$(inherited)",
				);
				GCC_WARN_64_TO_32_BIT_CONVERSION = YES;
				GCC_WARN_ABOUT_RETURN_TYPE = YES_ERROR;
				GCC_WARN_UNDECLARED_SELECTOR = YES;
				GCC_WARN_UNINITIALIZED_AUTOS = YES_AGGRESSIVE;
				GCC_WARN_UNUSED_FUNCTION = YES;
				GCC_WARN_UNUSED_VARIABLE = YES;
				IPHONEOS_DEPLOYMENT_TARGET = 16.4;
				MTL_ENABLE_DEBUG_INFO = INCLUDE_SOURCE;
				MTL_FAST_MATH = YES;
				ONLY_ACTIVE_ARCH = YES;
				SDKROOT = iphoneos;
				SWIFT_ACTIVE_COMPILATION_CONDITIONS = DEBUG;
				SWIFT_OPTIMIZATION_LEVEL = "-Onone";
			};
			name = Debug;
		};
		357DABCD2AFE7FDD00426177 /* Release */ = {
			isa = XCBuildConfiguration;
			buildSettings = {
				ALWAYS_SEARCH_USER_PATHS = NO;
				CLANG_ANALYZER_NONNULL = YES;
				CLANG_ANALYZER_NUMBER_OBJECT_CONVERSION = YES_AGGRESSIVE;
				CLANG_CXX_LANGUAGE_STANDARD = "gnu++20";
				CLANG_ENABLE_MODULES = YES;
				CLANG_ENABLE_OBJC_ARC = YES;
				CLANG_ENABLE_OBJC_WEAK = YES;
				CLANG_WARN_BLOCK_CAPTURE_AUTORELEASING = YES;
				CLANG_WARN_BOOL_CONVERSION = YES;
				CLANG_WARN_COMMA = YES;
				CLANG_WARN_CONSTANT_CONVERSION = YES;
				CLANG_WARN_DEPRECATED_OBJC_IMPLEMENTATIONS = YES;
				CLANG_WARN_DIRECT_OBJC_ISA_USAGE = YES_ERROR;
				CLANG_WARN_DOCUMENTATION_COMMENTS = YES;
				CLANG_WARN_EMPTY_BODY = YES;
				CLANG_WARN_ENUM_CONVERSION = YES;
				CLANG_WARN_INFINITE_RECURSION = YES;
				CLANG_WARN_INT_CONVERSION = YES;
				CLANG_WARN_NON_LITERAL_NULL_CONVERSION = YES;
				CLANG_WARN_OBJC_IMPLICIT_RETAIN_SELF = YES;
				CLANG_WARN_OBJC_LITERAL_CONVERSION = YES;
				CLANG_WARN_OBJC_ROOT_CLASS = YES_ERROR;
				CLANG_WARN_QUOTED_INCLUDE_IN_FRAMEWORK_HEADER = YES;
				CLANG_WARN_RANGE_LOOP_ANALYSIS = YES;
				CLANG_WARN_STRICT_PROTOTYPES = YES;
				CLANG_WARN_SUSPICIOUS_MOVE = YES;
				CLANG_WARN_UNGUARDED_AVAILABILITY = YES_AGGRESSIVE;
				CLANG_WARN_UNREACHABLE_CODE = YES;
				CLANG_WARN__DUPLICATE_METHOD_MATCH = YES;
				COPY_PHASE_STRIP = NO;
				DEBUG_INFORMATION_FORMAT = "dwarf-with-dsym";
				ENABLE_NS_ASSERTIONS = NO;
				ENABLE_STRICT_OBJC_MSGSEND = YES;
				GCC_C_LANGUAGE_STANDARD = gnu11;
				GCC_NO_COMMON_BLOCKS = YES;
				GCC_WARN_64_TO_32_BIT_CONVERSION = YES;
				GCC_WARN_ABOUT_RETURN_TYPE = YES_ERROR;
				GCC_WARN_UNDECLARED_SELECTOR = YES;
				GCC_WARN_UNINITIALIZED_AUTOS = YES_AGGRESSIVE;
				GCC_WARN_UNUSED_FUNCTION = YES;
				GCC_WARN_UNUSED_VARIABLE = YES;
				IPHONEOS_DEPLOYMENT_TARGET = 16.4;
				MTL_ENABLE_DEBUG_INFO = NO;
				MTL_FAST_MATH = YES;
				SDKROOT = iphoneos;
				SWIFT_COMPILATION_MODE = wholemodule;
				SWIFT_OPTIMIZATION_LEVEL = "-O";
				VALIDATE_PRODUCT = YES;
			};
			name = Release;
		};
		357DABCF2AFE7FDD00426177 /* Debug */ = {
			isa = XCBuildConfiguration;
			buildSettings = {
				ASSETCATALOG_COMPILER_APPICON_NAME = AppIcon;
				ASSETCATALOG_COMPILER_GLOBAL_ACCENT_COLOR_NAME = AccentColor;
				CODE_SIGN_STYLE = Automatic;
				CURRENT_PROJECT_VERSION = 1;
				DEVELOPMENT_TEAM = YZW449RF67;
				GENERATE_INFOPLIST_FILE = YES;
				INFOPLIST_FILE = cameraNotes/Info.plist;
				INFOPLIST_KEY_UIApplicationSupportsIndirectInputEvents = YES;
				INFOPLIST_KEY_UILaunchStoryboardName = LaunchScreen;
				INFOPLIST_KEY_UIMainStoryboardFile = Main;
				INFOPLIST_KEY_UISupportedInterfaceOrientations_iPad = "UIInterfaceOrientationPortrait UIInterfaceOrientationPortraitUpsideDown UIInterfaceOrientationLandscapeLeft UIInterfaceOrientationLandscapeRight";
				INFOPLIST_KEY_UISupportedInterfaceOrientations_iPhone = "UIInterfaceOrientationPortrait UIInterfaceOrientationLandscapeLeft UIInterfaceOrientationLandscapeRight";
				LD_RUNPATH_SEARCH_PATHS = (
					"$(inherited)",
					"@executable_path/Frameworks",
				);
				MARKETING_VERSION = 1.0;
				PRODUCT_BUNDLE_IDENTIFIER = clc.cameraNotes;
				PRODUCT_NAME = "$(TARGET_NAME)";
				SWIFT_EMIT_LOC_STRINGS = YES;
				SWIFT_VERSION = 5.0;
				TARGETED_DEVICE_FAMILY = "1,2";
			};
			name = Debug;
		};
		357DABD02AFE7FDD00426177 /* Release */ = {
			isa = XCBuildConfiguration;
			buildSettings = {
				ASSETCATALOG_COMPILER_APPICON_NAME = AppIcon;
				ASSETCATALOG_COMPILER_GLOBAL_ACCENT_COLOR_NAME = AccentColor;
				CODE_SIGN_STYLE = Automatic;
				CURRENT_PROJECT_VERSION = 1;
				DEVELOPMENT_TEAM = YZW449RF67;
				GENERATE_INFOPLIST_FILE = YES;
				INFOPLIST_FILE = cameraNotes/Info.plist;
				INFOPLIST_KEY_UIApplicationSupportsIndirectInputEvents = YES;
				INFOPLIST_KEY_UILaunchStoryboardName = LaunchScreen;
				INFOPLIST_KEY_UIMainStoryboardFile = Main;
				INFOPLIST_KEY_UISupportedInterfaceOrientations_iPad = "UIInterfaceOrientationPortrait UIInterfaceOrientationPortraitUpsideDown UIInterfaceOrientationLandscapeLeft UIInterfaceOrientationLandscapeRight";
				INFOPLIST_KEY_UISupportedInterfaceOrientations_iPhone = "UIInterfaceOrientationPortrait UIInterfaceOrientationLandscapeLeft UIInterfaceOrientationLandscapeRight";
				LD_RUNPATH_SEARCH_PATHS = (
					"$(inherited)",
					"@executable_path/Frameworks",
				);
				MARKETING_VERSION = 1.0;
				PRODUCT_BUNDLE_IDENTIFIER = clc.cameraNotes;
				PRODUCT_NAME = "$(TARGET_NAME)";
				SWIFT_EMIT_LOC_STRINGS = YES;
				SWIFT_VERSION = 5.0;
				TARGETED_DEVICE_FAMILY = "1,2";
			};
			name = Release;
		};
		357DABD22AFE7FDD00426177 /* Debug */ = {
			isa = XCBuildConfiguration;
			buildSettings = {
				ALWAYS_EMBED_SWIFT_STANDARD_LIBRARIES = YES;
				BUNDLE_LOADER = "$(TEST_HOST)";
				CODE_SIGN_STYLE = Automatic;
				CURRENT_PROJECT_VERSION = 1;
				DEVELOPMENT_TEAM = YZW449RF67;
				GENERATE_INFOPLIST_FILE = YES;
				IPHONEOS_DEPLOYMENT_TARGET = 16.4;
				MARKETING_VERSION = 1.0;
				PRODUCT_BUNDLE_IDENTIFIER = clc.cameraNotesTests;
				PRODUCT_NAME = "$(TARGET_NAME)";
				SWIFT_EMIT_LOC_STRINGS = NO;
				SWIFT_VERSION = 5.0;
				TARGETED_DEVICE_FAMILY = "1,2";
				TEST_HOST = "$(BUILT_PRODUCTS_DIR)/cameraNotes.app/$(BUNDLE_EXECUTABLE_FOLDER_PATH)/cameraNotes";
			};
			name = Debug;
		};
		357DABD32AFE7FDD00426177 /* Release */ = {
			isa = XCBuildConfiguration;
			buildSettings = {
				ALWAYS_EMBED_SWIFT_STANDARD_LIBRARIES = YES;
				BUNDLE_LOADER = "$(TEST_HOST)";
				CODE_SIGN_STYLE = Automatic;
				CURRENT_PROJECT_VERSION = 1;
				DEVELOPMENT_TEAM = YZW449RF67;
				GENERATE_INFOPLIST_FILE = YES;
				IPHONEOS_DEPLOYMENT_TARGET = 16.4;
				MARKETING_VERSION = 1.0;
				PRODUCT_BUNDLE_IDENTIFIER = clc.cameraNotesTests;
				PRODUCT_NAME = "$(TARGET_NAME)";
				SWIFT_EMIT_LOC_STRINGS = NO;
				SWIFT_VERSION = 5.0;
				TARGETED_DEVICE_FAMILY = "1,2";
				TEST_HOST = "$(BUILT_PRODUCTS_DIR)/cameraNotes.app/$(BUNDLE_EXECUTABLE_FOLDER_PATH)/cameraNotes";
			};
			name = Release;
		};
		357DABD52AFE7FDD00426177 /* Debug */ = {
			isa = XCBuildConfiguration;
			buildSettings = {
				ALWAYS_EMBED_SWIFT_STANDARD_LIBRARIES = YES;
				CODE_SIGN_STYLE = Automatic;
				CURRENT_PROJECT_VERSION = 1;
				DEVELOPMENT_TEAM = YZW449RF67;
				GENERATE_INFOPLIST_FILE = YES;
				MARKETING_VERSION = 1.0;
				PRODUCT_BUNDLE_IDENTIFIER = clc.cameraNotesUITests;
				PRODUCT_NAME = "$(TARGET_NAME)";
				SWIFT_EMIT_LOC_STRINGS = NO;
				SWIFT_VERSION = 5.0;
				TARGETED_DEVICE_FAMILY = "1,2";
				TEST_TARGET_NAME = cameraNotes;
			};
			name = Debug;
		};
		357DABD62AFE7FDD00426177 /* Release */ = {
			isa = XCBuildConfiguration;
			buildSettings = {
				ALWAYS_EMBED_SWIFT_STANDARD_LIBRARIES = YES;
				CODE_SIGN_STYLE = Automatic;
				CURRENT_PROJECT_VERSION = 1;
				DEVELOPMENT_TEAM = YZW449RF67;
				GENERATE_INFOPLIST_FILE = YES;
				MARKETING_VERSION = 1.0;
				PRODUCT_BUNDLE_IDENTIFIER = clc.cameraNotesUITests;
				PRODUCT_NAME = "$(TARGET_NAME)";
				SWIFT_EMIT_LOC_STRINGS = NO;
				SWIFT_VERSION = 5.0;
				TARGETED_DEVICE_FAMILY = "1,2";
				TEST_TARGET_NAME = cameraNotes;
			};
			name = Release;
		};
/* End XCBuildConfiguration section */

/* Begin XCConfigurationList section */
		357DAB9C2AFE7FDB00426177 /* Build configuration list for PBXProject "cameraNotes" */ = {
			isa = XCConfigurationList;
			buildConfigurations = (
				357DABCC2AFE7FDD00426177 /* Debug */,
				357DABCD2AFE7FDD00426177 /* Release */,
			);
			defaultConfigurationIsVisible = 0;
			defaultConfigurationName = Release;
		};
		357DABCE2AFE7FDD00426177 /* Build configuration list for PBXNativeTarget "cameraNotes" */ = {
			isa = XCConfigurationList;
			buildConfigurations = (
				357DABCF2AFE7FDD00426177 /* Debug */,
				357DABD02AFE7FDD00426177 /* Release */,
			);
			defaultConfigurationIsVisible = 0;
			defaultConfigurationName = Release;
		};
		357DABD12AFE7FDD00426177 /* Build configuration list for PBXNativeTarget "cameraNotesTests" */ = {
			isa = XCConfigurationList;
			buildConfigurations = (
				357DABD22AFE7FDD00426177 /* Debug */,
				357DABD32AFE7FDD00426177 /* Release */,
			);
			defaultConfigurationIsVisible = 0;
			defaultConfigurationName = Release;
		};
		357DABD42AFE7FDD00426177 /* Build configuration list for PBXNativeTarget "cameraNotesUITests" */ = {
			isa = XCConfigurationList;
			buildConfigurations = (
				357DABD52AFE7FDD00426177 /* Debug */,
				357DABD62AFE7FDD00426177 /* Release */,
			);
			defaultConfigurationIsVisible = 0;
			defaultConfigurationName = Release;
		};
/* End XCConfigurationList section */

/* Begin XCVersionGroup section */
		357DABAD2AFE7FDB00426177 /* cameraNotes.xcdatamodeld */ = {
			isa = XCVersionGroup;
			children = (
				357DABAE2AFE7FDB00426177 /* cameraNotes.xcdatamodel */,
			);
			currentVersion = 357DABAE2AFE7FDB00426177 /* cameraNotes.xcdatamodel */;
			path = cameraNotes.xcdatamodeld;
			sourceTree = "<group>";
			versionGroupType = wrapper.xcdatamodel;
		};
/* End XCVersionGroup section */
	};
	rootObject = 357DAB992AFE7FDB00426177 /* Project object */;
}
