// !$*UTF8*$!
{
	archiveVersion = 1;
	classes = {
	};
	objectVersion = 56;
	objects = {

/* Begin PBXBuildFile section */
		352CEC742AFBDBD0005D90FB /* AppDelegate.swift in Sources */ = {isa = PBXBuildFile; fileRef = 352CEC732AFBDBD0005D90FB /* AppDelegate.swift */; };
		352CEC762AFBDBD0005D90FB /* SceneDelegate.swift in Sources */ = {isa = PBXBuildFile; fileRef = 352CEC752AFBDBD0005D90FB /* SceneDelegate.swift */; };
		352CEC782AFBDBD0005D90FB /* ViewController.swift in Sources */ = {isa = PBXBuildFile; fileRef = 352CEC772AFBDBD0005D90FB /* ViewController.swift */; };
		352CEC7B2AFBDBD0005D90FB /* Main.storyboard in Resources */ = {isa = PBXBuildFile; fileRef = 352CEC792AFBDBD0005D90FB /* Main.storyboard */; };
		352CEC7E2AFBDBD0005D90FB /* tabBarNotes.xcdatamodeld in Sources */ = {isa = PBXBuildFile; fileRef = 352CEC7C2AFBDBD0005D90FB /* tabBarNotes.xcdatamodeld */; };
		352CEC802AFBDBD2005D90FB /* Assets.xcassets in Resources */ = {isa = PBXBuildFile; fileRef = 352CEC7F2AFBDBD2005D90FB /* Assets.xcassets */; };
		352CEC832AFBDBD2005D90FB /* LaunchScreen.storyboard in Resources */ = {isa = PBXBuildFile; fileRef = 352CEC812AFBDBD2005D90FB /* LaunchScreen.storyboard */; };
		352CEC8E2AFBDBD2005D90FB /* tabBarNotesTests.swift in Sources */ = {isa = PBXBuildFile; fileRef = 352CEC8D2AFBDBD2005D90FB /* tabBarNotesTests.swift */; };
		352CEC982AFBDBD2005D90FB /* tabBarNotesUITests.swift in Sources */ = {isa = PBXBuildFile; fileRef = 352CEC972AFBDBD2005D90FB /* tabBarNotesUITests.swift */; };
		352CEC9A2AFBDBD2005D90FB /* tabBarNotesUITestsLaunchTests.swift in Sources */ = {isa = PBXBuildFile; fileRef = 352CEC992AFBDBD2005D90FB /* tabBarNotesUITestsLaunchTests.swift */; };
/* End PBXBuildFile section */

/* Begin PBXContainerItemProxy section */
		352CEC8A2AFBDBD2005D90FB /* PBXContainerItemProxy */ = {
			isa = PBXContainerItemProxy;
			containerPortal = 352CEC682AFBDBD0005D90FB /* Project object */;
			proxyType = 1;
			remoteGlobalIDString = 352CEC6F2AFBDBD0005D90FB;
			remoteInfo = tabBarNotes;
		};
		352CEC942AFBDBD2005D90FB /* PBXContainerItemProxy */ = {
			isa = PBXContainerItemProxy;
			containerPortal = 352CEC682AFBDBD0005D90FB /* Project object */;
			proxyType = 1;
			remoteGlobalIDString = 352CEC6F2AFBDBD0005D90FB;
			remoteInfo = tabBarNotes;
		};
/* End PBXContainerItemProxy section */

/* Begin PBXFileReference section */
		352CEC702AFBDBD0005D90FB /* tabBarNotes.app */ = {isa = PBXFileReference; explicitFileType = wrapper.application; includeInIndex = 0; path = tabBarNotes.app; sourceTree = BUILT_PRODUCTS_DIR; };
		352CEC732AFBDBD0005D90FB /* AppDelegate.swift */ = {isa = PBXFileReference; lastKnownFileType = sourcecode.swift; path = AppDelegate.swift; sourceTree = "<group>"; };
		352CEC752AFBDBD0005D90FB /* SceneDelegate.swift */ = {isa = PBXFileReference; lastKnownFileType = sourcecode.swift; path = SceneDelegate.swift; sourceTree = "<group>"; };
		352CEC772AFBDBD0005D90FB /* ViewController.swift */ = {isa = PBXFileReference; lastKnownFileType = sourcecode.swift; path = ViewController.swift; sourceTree = "<group>"; };
		352CEC7A2AFBDBD0005D90FB /* Base */ = {isa = PBXFileReference; lastKnownFileType = file.storyboard; name = Base; path = Base.lproj/Main.storyboard; sourceTree = "<group>"; };
		352CEC7D2AFBDBD0005D90FB /* tabBarNotes.xcdatamodel */ = {isa = PBXFileReference; lastKnownFileType = wrapper.xcdatamodel; path = tabBarNotes.xcdatamodel; sourceTree = "<group>"; };
		352CEC7F2AFBDBD2005D90FB /* Assets.xcassets */ = {isa = PBXFileReference; lastKnownFileType = folder.assetcatalog; path = Assets.xcassets; sourceTree = "<group>"; };
		352CEC822AFBDBD2005D90FB /* Base */ = {isa = PBXFileReference; lastKnownFileType = file.storyboard; name = Base; path = Base.lproj/LaunchScreen.storyboard; sourceTree = "<group>"; };
		352CEC842AFBDBD2005D90FB /* Info.plist */ = {isa = PBXFileReference; lastKnownFileType = text.plist.xml; path = Info.plist; sourceTree = "<group>"; };
		352CEC892AFBDBD2005D90FB /* tabBarNotesTests.xctest */ = {isa = PBXFileReference; explicitFileType = wrapper.cfbundle; includeInIndex = 0; path = tabBarNotesTests.xctest; sourceTree = BUILT_PRODUCTS_DIR; };
		352CEC8D2AFBDBD2005D90FB /* tabBarNotesTests.swift */ = {isa = PBXFileReference; lastKnownFileType = sourcecode.swift; path = tabBarNotesTests.swift; sourceTree = "<group>"; };
		352CEC932AFBDBD2005D90FB /* tabBarNotesUITests.xctest */ = {isa = PBXFileReference; explicitFileType = wrapper.cfbundle; includeInIndex = 0; path = tabBarNotesUITests.xctest; sourceTree = BUILT_PRODUCTS_DIR; };
		352CEC972AFBDBD2005D90FB /* tabBarNotesUITests.swift */ = {isa = PBXFileReference; lastKnownFileType = sourcecode.swift; path = tabBarNotesUITests.swift; sourceTree = "<group>"; };
		352CEC992AFBDBD2005D90FB /* tabBarNotesUITestsLaunchTests.swift */ = {isa = PBXFileReference; lastKnownFileType = sourcecode.swift; path = tabBarNotesUITestsLaunchTests.swift; sourceTree = "<group>"; };
/* End PBXFileReference section */

/* Begin PBXFrameworksBuildPhase section */
		352CEC6D2AFBDBD0005D90FB /* Frameworks */ = {
			isa = PBXFrameworksBuildPhase;
			buildActionMask = 2147483647;
			files = (
			);
			runOnlyForDeploymentPostprocessing = 0;
		};
		352CEC862AFBDBD2005D90FB /* Frameworks */ = {
			isa = PBXFrameworksBuildPhase;
			buildActionMask = 2147483647;
			files = (
			);
			runOnlyForDeploymentPostprocessing = 0;
		};
		352CEC902AFBDBD2005D90FB /* Frameworks */ = {
			isa = PBXFrameworksBuildPhase;
			buildActionMask = 2147483647;
			files = (
			);
			runOnlyForDeploymentPostprocessing = 0;
		};
/* End PBXFrameworksBuildPhase section */

/* Begin PBXGroup section */
		352CEC672AFBDBD0005D90FB = {
			isa = PBXGroup;
			children = (
				352CEC722AFBDBD0005D90FB /* tabBarNotes */,
				352CEC8C2AFBDBD2005D90FB /* tabBarNotesTests */,
				352CEC962AFBDBD2005D90FB /* tabBarNotesUITests */,
				352CEC712AFBDBD0005D90FB /* Products */,
			);
			sourceTree = "<group>";
		};
		352CEC712AFBDBD0005D90FB /* Products */ = {
			isa = PBXGroup;
			children = (
				352CEC702AFBDBD0005D90FB /* tabBarNotes.app */,
				352CEC892AFBDBD2005D90FB /* tabBarNotesTests.xctest */,
				352CEC932AFBDBD2005D90FB /* tabBarNotesUITests.xctest */,
			);
			name = Products;
			sourceTree = "<group>";
		};
		352CEC722AFBDBD0005D90FB /* tabBarNotes */ = {
			isa = PBXGroup;
			children = (
				352CEC732AFBDBD0005D90FB /* AppDelegate.swift */,
				352CEC752AFBDBD0005D90FB /* SceneDelegate.swift */,
				352CEC772AFBDBD0005D90FB /* ViewController.swift */,
				352CEC792AFBDBD0005D90FB /* Main.storyboard */,
				352CEC7F2AFBDBD2005D90FB /* Assets.xcassets */,
				352CEC812AFBDBD2005D90FB /* LaunchScreen.storyboard */,
				352CEC842AFBDBD2005D90FB /* Info.plist */,
				352CEC7C2AFBDBD0005D90FB /* tabBarNotes.xcdatamodeld */,
			);
			path = tabBarNotes;
			sourceTree = "<group>";
		};
		352CEC8C2AFBDBD2005D90FB /* tabBarNotesTests */ = {
			isa = PBXGroup;
			children = (
				352CEC8D2AFBDBD2005D90FB /* tabBarNotesTests.swift */,
			);
			path = tabBarNotesTests;
			sourceTree = "<group>";
		};
		352CEC962AFBDBD2005D90FB /* tabBarNotesUITests */ = {
			isa = PBXGroup;
			children = (
				352CEC972AFBDBD2005D90FB /* tabBarNotesUITests.swift */,
				352CEC992AFBDBD2005D90FB /* tabBarNotesUITestsLaunchTests.swift */,
			);
			path = tabBarNotesUITests;
			sourceTree = "<group>";
		};
/* End PBXGroup section */

/* Begin PBXNativeTarget section */
		352CEC6F2AFBDBD0005D90FB /* tabBarNotes */ = {
			isa = PBXNativeTarget;
			buildConfigurationList = 352CEC9D2AFBDBD2005D90FB /* Build configuration list for PBXNativeTarget "tabBarNotes" */;
			buildPhases = (
				352CEC6C2AFBDBD0005D90FB /* Sources */,
				352CEC6D2AFBDBD0005D90FB /* Frameworks */,
				352CEC6E2AFBDBD0005D90FB /* Resources */,
			);
			buildRules = (
			);
			dependencies = (
			);
			name = tabBarNotes;
			productName = tabBarNotes;
			productReference = 352CEC702AFBDBD0005D90FB /* tabBarNotes.app */;
			productType = "com.apple.product-type.application";
		};
		352CEC882AFBDBD2005D90FB /* tabBarNotesTests */ = {
			isa = PBXNativeTarget;
			buildConfigurationList = 352CECA02AFBDBD2005D90FB /* Build configuration list for PBXNativeTarget "tabBarNotesTests" */;
			buildPhases = (
				352CEC852AFBDBD2005D90FB /* Sources */,
				352CEC862AFBDBD2005D90FB /* Frameworks */,
				352CEC872AFBDBD2005D90FB /* Resources */,
			);
			buildRules = (
			);
			dependencies = (
				352CEC8B2AFBDBD2005D90FB /* PBXTargetDependency */,
			);
			name = tabBarNotesTests;
			productName = tabBarNotesTests;
			productReference = 352CEC892AFBDBD2005D90FB /* tabBarNotesTests.xctest */;
			productType = "com.apple.product-type.bundle.unit-test";
		};
		352CEC922AFBDBD2005D90FB /* tabBarNotesUITests */ = {
			isa = PBXNativeTarget;
			buildConfigurationList = 352CECA32AFBDBD2005D90FB /* Build configuration list for PBXNativeTarget "tabBarNotesUITests" */;
			buildPhases = (
				352CEC8F2AFBDBD2005D90FB /* Sources */,
				352CEC902AFBDBD2005D90FB /* Frameworks */,
				352CEC912AFBDBD2005D90FB /* Resources */,
			);
			buildRules = (
			);
			dependencies = (
				352CEC952AFBDBD2005D90FB /* PBXTargetDependency */,
			);
			name = tabBarNotesUITests;
			productName = tabBarNotesUITests;
			productReference = 352CEC932AFBDBD2005D90FB /* tabBarNotesUITests.xctest */;
			productType = "com.apple.product-type.bundle.ui-testing";
		};
/* End PBXNativeTarget section */

/* Begin PBXProject section */
		352CEC682AFBDBD0005D90FB /* Project object */ = {
			isa = PBXProject;
			attributes = {
				BuildIndependentTargetsInParallel = 1;
				LastSwiftUpdateCheck = 1430;
				LastUpgradeCheck = 1430;
				TargetAttributes = {
					352CEC6F2AFBDBD0005D90FB = {
						CreatedOnToolsVersion = 14.3.1;
					};
					352CEC882AFBDBD2005D90FB = {
						CreatedOnToolsVersion = 14.3.1;
						TestTargetID = 352CEC6F2AFBDBD0005D90FB;
					};
					352CEC922AFBDBD2005D90FB = {
						CreatedOnToolsVersion = 14.3.1;
						TestTargetID = 352CEC6F2AFBDBD0005D90FB;
					};
				};
			};
			buildConfigurationList = 352CEC6B2AFBDBD0005D90FB /* Build configuration list for PBXProject "tabBarNotes" */;
			compatibilityVersion = "Xcode 14.0";
			developmentRegion = en;
			hasScannedForEncodings = 0;
			knownRegions = (
				en,
				Base,
			);
			mainGroup = 352CEC672AFBDBD0005D90FB;
			productRefGroup = 352CEC712AFBDBD0005D90FB /* Products */;
			projectDirPath = "";
			projectRoot = "";
			targets = (
				352CEC6F2AFBDBD0005D90FB /* tabBarNotes */,
				352CEC882AFBDBD2005D90FB /* tabBarNotesTests */,
				352CEC922AFBDBD2005D90FB /* tabBarNotesUITests */,
			);
		};
/* End PBXProject section */

/* Begin PBXResourcesBuildPhase section */
		352CEC6E2AFBDBD0005D90FB /* Resources */ = {
			isa = PBXResourcesBuildPhase;
			buildActionMask = 2147483647;
			files = (
				352CEC832AFBDBD2005D90FB /* LaunchScreen.storyboard in Resources */,
				352CEC802AFBDBD2005D90FB /* Assets.xcassets in Resources */,
				352CEC7B2AFBDBD0005D90FB /* Main.storyboard in Resources */,
			);
			runOnlyForDeploymentPostprocessing = 0;
		};
		352CEC872AFBDBD2005D90FB /* Resources */ = {
			isa = PBXResourcesBuildPhase;
			buildActionMask = 2147483647;
			files = (
			);
			runOnlyForDeploymentPostprocessing = 0;
		};
		352CEC912AFBDBD2005D90FB /* Resources */ = {
			isa = PBXResourcesBuildPhase;
			buildActionMask = 2147483647;
			files = (
			);
			runOnlyForDeploymentPostprocessing = 0;
		};
/* End PBXResourcesBuildPhase section */

/* Begin PBXSourcesBuildPhase section */
		352CEC6C2AFBDBD0005D90FB /* Sources */ = {
			isa = PBXSourcesBuildPhase;
			buildActionMask = 2147483647;
			files = (
				352CEC782AFBDBD0005D90FB /* ViewController.swift in Sources */,
				352CEC7E2AFBDBD0005D90FB /* tabBarNotes.xcdatamodeld in Sources */,
				352CEC742AFBDBD0005D90FB /* AppDelegate.swift in Sources */,
				352CEC762AFBDBD0005D90FB /* SceneDelegate.swift in Sources */,
			);
			runOnlyForDeploymentPostprocessing = 0;
		};
		352CEC852AFBDBD2005D90FB /* Sources */ = {
			isa = PBXSourcesBuildPhase;
			buildActionMask = 2147483647;
			files = (
				352CEC8E2AFBDBD2005D90FB /* tabBarNotesTests.swift in Sources */,
			);
			runOnlyForDeploymentPostprocessing = 0;
		};
		352CEC8F2AFBDBD2005D90FB /* Sources */ = {
			isa = PBXSourcesBuildPhase;
			buildActionMask = 2147483647;
			files = (
				352CEC9A2AFBDBD2005D90FB /* tabBarNotesUITestsLaunchTests.swift in Sources */,
				352CEC982AFBDBD2005D90FB /* tabBarNotesUITests.swift in Sources */,
			);
			runOnlyForDeploymentPostprocessing = 0;
		};
/* End PBXSourcesBuildPhase section */

/* Begin PBXTargetDependency section */
		352CEC8B2AFBDBD2005D90FB /* PBXTargetDependency */ = {
			isa = PBXTargetDependency;
			target = 352CEC6F2AFBDBD0005D90FB /* tabBarNotes */;
			targetProxy = 352CEC8A2AFBDBD2005D90FB /* PBXContainerItemProxy */;
		};
		352CEC952AFBDBD2005D90FB /* PBXTargetDependency */ = {
			isa = PBXTargetDependency;
			target = 352CEC6F2AFBDBD0005D90FB /* tabBarNotes */;
			targetProxy = 352CEC942AFBDBD2005D90FB /* PBXContainerItemProxy */;
		};
/* End PBXTargetDependency section */

/* Begin PBXVariantGroup section */
		352CEC792AFBDBD0005D90FB /* Main.storyboard */ = {
			isa = PBXVariantGroup;
			children = (
				352CEC7A2AFBDBD0005D90FB /* Base */,
			);
			name = Main.storyboard;
			sourceTree = "<group>";
		};
		352CEC812AFBDBD2005D90FB /* LaunchScreen.storyboard */ = {
			isa = PBXVariantGroup;
			children = (
				352CEC822AFBDBD2005D90FB /* Base */,
			);
			name = LaunchScreen.storyboard;
			sourceTree = "<group>";
		};
/* End PBXVariantGroup section */

/* Begin XCBuildConfiguration section */
		352CEC9B2AFBDBD2005D90FB /* Debug */ = {
			isa = XCBuildConfiguration;
			buildSettings = {
				ALWAYS_SEARCH_USER_PATHS = NO;
				CLANG_ANALYZER_NONNULL = YES;
				CLANG_ANALYZER_NUMBER_OBJECT_CONVERSION = YES_AGGRESSIVE;
				CLANG_CXX_LANGUAGE_STANDARD = "gnu++20";
				CLANG_ENABLE_MODULES = YES;
				CLANG_ENABLE_OBJC_ARC = YES;
				CLANG_ENABLE_OBJC_WEAK = YES;
				CLANG_WARN_BLOCK_CAPTURE_AUTORELEASING = YES;
				CLANG_WARN_BOOL_CONVERSION = YES;
				CLANG_WARN_COMMA = YES;
				CLANG_WARN_CONSTANT_CONVERSION = YES;
				CLANG_WARN_DEPRECATED_OBJC_IMPLEMENTATIONS = YES;
				CLANG_WARN_DIRECT_OBJC_ISA_USAGE = YES_ERROR;
				CLANG_WARN_DOCUMENTATION_COMMENTS = YES;
				CLANG_WARN_EMPTY_BODY = YES;
				CLANG_WARN_ENUM_CONVERSION = YES;
				CLANG_WARN_INFINITE_RECURSION = YES;
				CLANG_WARN_INT_CONVERSION = YES;
				CLANG_WARN_NON_LITERAL_NULL_CONVERSION = YES;
				CLANG_WARN_OBJC_IMPLICIT_RETAIN_SELF = YES;
				CLANG_WARN_OBJC_LITERAL_CONVERSION = YES;
				CLANG_WARN_OBJC_ROOT_CLASS = YES_ERROR;
				CLANG_WARN_QUOTED_INCLUDE_IN_FRAMEWORK_HEADER = YES;
				CLANG_WARN_RANGE_LOOP_ANALYSIS = YES;
				CLANG_WARN_STRICT_PROTOTYPES = YES;
				CLANG_WARN_SUSPICIOUS_MOVE = YES;
				CLANG_WARN_UNGUARDED_AVAILABILITY = YES_AGGRESSIVE;
				CLANG_WARN_UNREACHABLE_CODE = YES;
				CLANG_WARN__DUPLICATE_METHOD_MATCH = YES;
				COPY_PHASE_STRIP = NO;
				DEBUG_INFORMATION_FORMAT = dwarf;
				ENABLE_STRICT_OBJC_MSGSEND = YES;
				ENABLE_TESTABILITY = YES;
				GCC_C_LANGUAGE_STANDARD = gnu11;
				GCC_DYNAMIC_NO_PIC = NO;
				GCC_NO_COMMON_BLOCKS = YES;
				GCC_OPTIMIZATION_LEVEL = 0;
				GCC_PREPROCESSOR_DEFINITIONS = (
					"DEBUG=1",
					"$(inherited)",
				);
				GCC_WARN_64_TO_32_BIT_CONVERSION = YES;
				GCC_WARN_ABOUT_RETURN_TYPE = YES_ERROR;
				GCC_WARN_UNDECLARED_SELECTOR = YES;
				GCC_WARN_UNINITIALIZED_AUTOS = YES_AGGRESSIVE;
				GCC_WARN_UNUSED_FUNCTION = YES;
				GCC_WARN_UNUSED_VARIABLE = YES;
				IPHONEOS_DEPLOYMENT_TARGET = 16.4;
				MTL_ENABLE_DEBUG_INFO = INCLUDE_SOURCE;
				MTL_FAST_MATH = YES;
				ONLY_ACTIVE_ARCH = YES;
				SDKROOT = iphoneos;
				SWIFT_ACTIVE_COMPILATION_CONDITIONS = DEBUG;
				SWIFT_OPTIMIZATION_LEVEL = "-Onone";
			};
			name = Debug;
		};
		352CEC9C2AFBDBD2005D90FB /* Release */ = {
			isa = XCBuildConfiguration;
			buildSettings = {
				ALWAYS_SEARCH_USER_PATHS = NO;
				CLANG_ANALYZER_NONNULL = YES;
				CLANG_ANALYZER_NUMBER_OBJECT_CONVERSION = YES_AGGRESSIVE;
				CLANG_CXX_LANGUAGE_STANDARD = "gnu++20";
				CLANG_ENABLE_MODULES = YES;
				CLANG_ENABLE_OBJC_ARC = YES;
				CLANG_ENABLE_OBJC_WEAK = YES;
				CLANG_WARN_BLOCK_CAPTURE_AUTORELEASING = YES;
				CLANG_WARN_BOOL_CONVERSION = YES;
				CLANG_WARN_COMMA = YES;
				CLANG_WARN_CONSTANT_CONVERSION = YES;
				CLANG_WARN_DEPRECATED_OBJC_IMPLEMENTATIONS = YES;
				CLANG_WARN_DIRECT_OBJC_ISA_USAGE = YES_ERROR;
				CLANG_WARN_DOCUMENTATION_COMMENTS = YES;
				CLANG_WARN_EMPTY_BODY = YES;
				CLANG_WARN_ENUM_CONVERSION = YES;
				CLANG_WARN_INFINITE_RECURSION = YES;
				CLANG_WARN_INT_CONVERSION = YES;
				CLANG_WARN_NON_LITERAL_NULL_CONVERSION = YES;
				CLANG_WARN_OBJC_IMPLICIT_RETAIN_SELF = YES;
				CLANG_WARN_OBJC_LITERAL_CONVERSION = YES;
				CLANG_WARN_OBJC_ROOT_CLASS = YES_ERROR;
				CLANG_WARN_QUOTED_INCLUDE_IN_FRAMEWORK_HEADER = YES;
				CLANG_WARN_RANGE_LOOP_ANALYSIS = YES;
				CLANG_WARN_STRICT_PROTOTYPES = YES;
				CLANG_WARN_SUSPICIOUS_MOVE = YES;
				CLANG_WARN_UNGUARDED_AVAILABILITY = YES_AGGRESSIVE;
				CLANG_WARN_UNREACHABLE_CODE = YES;
				CLANG_WARN__DUPLICATE_METHOD_MATCH = YES;
				COPY_PHASE_STRIP = NO;
				DEBUG_INFORMATION_FORMAT = "dwarf-with-dsym";
				ENABLE_NS_ASSERTIONS = NO;
				ENABLE_STRICT_OBJC_MSGSEND = YES;
				GCC_C_LANGUAGE_STANDARD = gnu11;
				GCC_NO_COMMON_BLOCKS = YES;
				GCC_WARN_64_TO_32_BIT_CONVERSION = YES;
				GCC_WARN_ABOUT_RETURN_TYPE = YES_ERROR;
				GCC_WARN_UNDECLARED_SELECTOR = YES;
				GCC_WARN_UNINITIALIZED_AUTOS = YES_AGGRESSIVE;
				GCC_WARN_UNUSED_FUNCTION = YES;
				GCC_WARN_UNUSED_VARIABLE = YES;
				IPHONEOS_DEPLOYMENT_TARGET = 16.4;
				MTL_ENABLE_DEBUG_INFO = NO;
				MTL_FAST_MATH = YES;
				SDKROOT = iphoneos;
				SWIFT_COMPILATION_MODE = wholemodule;
				SWIFT_OPTIMIZATION_LEVEL = "-O";
				VALIDATE_PRODUCT = YES;
			};
			name = Release;
		};
		352CEC9E2AFBDBD2005D90FB /* Debug */ = {
			isa = XCBuildConfiguration;
			buildSettings = {
				ASSETCATALOG_COMPILER_APPICON_NAME = AppIcon;
				ASSETCATALOG_COMPILER_GLOBAL_ACCENT_COLOR_NAME = AccentColor;
				CODE_SIGN_STYLE = Automatic;
				CURRENT_PROJECT_VERSION = 1;
				DEVELOPMENT_TEAM = YZW449RF67;
				GENERATE_INFOPLIST_FILE = YES;
				INFOPLIST_FILE = tabBarNotes/Info.plist;
				INFOPLIST_KEY_UIApplicationSupportsIndirectInputEvents = YES;
				INFOPLIST_KEY_UILaunchStoryboardName = LaunchScreen;
				INFOPLIST_KEY_UIMainStoryboardFile = Main;
				INFOPLIST_KEY_UISupportedInterfaceOrientations_iPad = "UIInterfaceOrientationPortrait UIInterfaceOrientationPortraitUpsideDown UIInterfaceOrientationLandscapeLeft UIInterfaceOrientationLandscapeRight";
				INFOPLIST_KEY_UISupportedInterfaceOrientations_iPhone = "UIInterfaceOrientationPortrait UIInterfaceOrientationLandscapeLeft UIInterfaceOrientationLandscapeRight";
				LD_RUNPATH_SEARCH_PATHS = (
					"$(inherited)",
					"@executable_path/Frameworks",
				);
				MARKETING_VERSION = 1.0;
				PRODUCT_BUNDLE_IDENTIFIER = clc.tabBarNotes;
				PRODUCT_NAME = "$(TARGET_NAME)";
				SWIFT_EMIT_LOC_STRINGS = YES;
				SWIFT_VERSION = 5.0;
				TARGETED_DEVICE_FAMILY = "1,2";
			};
			name = Debug;
		};
		352CEC9F2AFBDBD2005D90FB /* Release */ = {
			isa = XCBuildConfiguration;
			buildSettings = {
				ASSETCATALOG_COMPILER_APPICON_NAME = AppIcon;
				ASSETCATALOG_COMPILER_GLOBAL_ACCENT_COLOR_NAME = AccentColor;
				CODE_SIGN_STYLE = Automatic;
				CURRENT_PROJECT_VERSION = 1;
				DEVELOPMENT_TEAM = YZW449RF67;
				GENERATE_INFOPLIST_FILE = YES;
				INFOPLIST_FILE = tabBarNotes/Info.plist;
				INFOPLIST_KEY_UIApplicationSupportsIndirectInputEvents = YES;
				INFOPLIST_KEY_UILaunchStoryboardName = LaunchScreen;
				INFOPLIST_KEY_UIMainStoryboardFile = Main;
				INFOPLIST_KEY_UISupportedInterfaceOrientations_iPad = "UIInterfaceOrientationPortrait UIInterfaceOrientationPortraitUpsideDown UIInterfaceOrientationLandscapeLeft UIInterfaceOrientationLandscapeRight";
				INFOPLIST_KEY_UISupportedInterfaceOrientations_iPhone = "UIInterfaceOrientationPortrait UIInterfaceOrientationLandscapeLeft UIInterfaceOrientationLandscapeRight";
				LD_RUNPATH_SEARCH_PATHS = (
					"$(inherited)",
					"@executable_path/Frameworks",
				);
				MARKETING_VERSION = 1.0;
				PRODUCT_BUNDLE_IDENTIFIER = clc.tabBarNotes;
				PRODUCT_NAME = "$(TARGET_NAME)";
				SWIFT_EMIT_LOC_STRINGS = YES;
				SWIFT_VERSION = 5.0;
				TARGETED_DEVICE_FAMILY = "1,2";
			};
			name = Release;
		};
		352CECA12AFBDBD2005D90FB /* Debug */ = {
			isa = XCBuildConfiguration;
			buildSettings = {
				ALWAYS_EMBED_SWIFT_STANDARD_LIBRARIES = YES;
				BUNDLE_LOADER = "$(TEST_HOST)";
				CODE_SIGN_STYLE = Automatic;
				CURRENT_PROJECT_VERSION = 1;
				DEVELOPMENT_TEAM = YZW449RF67;
				GENERATE_INFOPLIST_FILE = YES;
				IPHONEOS_DEPLOYMENT_TARGET = 16.4;
				MARKETING_VERSION = 1.0;
				PRODUCT_BUNDLE_IDENTIFIER = clc.tabBarNotesTests;
				PRODUCT_NAME = "$(TARGET_NAME)";
				SWIFT_EMIT_LOC_STRINGS = NO;
				SWIFT_VERSION = 5.0;
				TARGETED_DEVICE_FAMILY = "1,2";
				TEST_HOST = "$(BUILT_PRODUCTS_DIR)/tabBarNotes.app/$(BUNDLE_EXECUTABLE_FOLDER_PATH)/tabBarNotes";
			};
			name = Debug;
		};
		352CECA22AFBDBD2005D90FB /* Release */ = {
			isa = XCBuildConfiguration;
			buildSettings = {
				ALWAYS_EMBED_SWIFT_STANDARD_LIBRARIES = YES;
				BUNDLE_LOADER = "$(TEST_HOST)";
				CODE_SIGN_STYLE = Automatic;
				CURRENT_PROJECT_VERSION = 1;
				DEVELOPMENT_TEAM = YZW449RF67;
				GENERATE_INFOPLIST_FILE = YES;
				IPHONEOS_DEPLOYMENT_TARGET = 16.4;
				MARKETING_VERSION = 1.0;
				PRODUCT_BUNDLE_IDENTIFIER = clc.tabBarNotesTests;
				PRODUCT_NAME = "$(TARGET_NAME)";
				SWIFT_EMIT_LOC_STRINGS = NO;
				SWIFT_VERSION = 5.0;
				TARGETED_DEVICE_FAMILY = "1,2";
				TEST_HOST = "$(BUILT_PRODUCTS_DIR)/tabBarNotes.app/$(BUNDLE_EXECUTABLE_FOLDER_PATH)/tabBarNotes";
			};
			name = Release;
		};
		352CECA42AFBDBD2005D90FB /* Debug */ = {
			isa = XCBuildConfiguration;
			buildSettings = {
				ALWAYS_EMBED_SWIFT_STANDARD_LIBRARIES = YES;
				CODE_SIGN_STYLE = Automatic;
				CURRENT_PROJECT_VERSION = 1;
				DEVELOPMENT_TEAM = YZW449RF67;
				GENERATE_INFOPLIST_FILE = YES;
				MARKETING_VERSION = 1.0;
				PRODUCT_BUNDLE_IDENTIFIER = clc.tabBarNotesUITests;
				PRODUCT_NAME = "$(TARGET_NAME)";
				SWIFT_EMIT_LOC_STRINGS = NO;
				SWIFT_VERSION = 5.0;
				TARGETED_DEVICE_FAMILY = "1,2";
				TEST_TARGET_NAME = tabBarNotes;
			};
			name = Debug;
		};
		352CECA52AFBDBD2005D90FB /* Release */ = {
			isa = XCBuildConfiguration;
			buildSettings = {
				ALWAYS_EMBED_SWIFT_STANDARD_LIBRARIES = YES;
				CODE_SIGN_STYLE = Automatic;
				CURRENT_PROJECT_VERSION = 1;
				DEVELOPMENT_TEAM = YZW449RF67;
				GENERATE_INFOPLIST_FILE = YES;
				MARKETING_VERSION = 1.0;
				PRODUCT_BUNDLE_IDENTIFIER = clc.tabBarNotesUITests;
				PRODUCT_NAME = "$(TARGET_NAME)";
				SWIFT_EMIT_LOC_STRINGS = NO;
				SWIFT_VERSION = 5.0;
				TARGETED_DEVICE_FAMILY = "1,2";
				TEST_TARGET_NAME = tabBarNotes;
			};
			name = Release;
		};
/* End XCBuildConfiguration section */

/* Begin XCConfigurationList section */
		352CEC6B2AFBDBD0005D90FB /* Build configuration list for PBXProject "tabBarNotes" */ = {
			isa = XCConfigurationList;
			buildConfigurations = (
				352CEC9B2AFBDBD2005D90FB /* Debug */,
				352CEC9C2AFBDBD2005D90FB /* Release */,
			);
			defaultConfigurationIsVisible = 0;
			defaultConfigurationName = Release;
		};
		352CEC9D2AFBDBD2005D90FB /* Build configuration list for PBXNativeTarget "tabBarNotes" */ = {
			isa = XCConfigurationList;
			buildConfigurations = (
				352CEC9E2AFBDBD2005D90FB /* Debug */,
				352CEC9F2AFBDBD2005D90FB /* Release */,
			);
			defaultConfigurationIsVisible = 0;
			defaultConfigurationName = Release;
		};
		352CECA02AFBDBD2005D90FB /* Build configuration list for PBXNativeTarget "tabBarNotesTests" */ = {
			isa = XCConfigurationList;
			buildConfigurations = (
				352CECA12AFBDBD2005D90FB /* Debug */,
				352CECA22AFBDBD2005D90FB /* Release */,
			);
			defaultConfigurationIsVisible = 0;
			defaultConfigurationName = Release;
		};
		352CECA32AFBDBD2005D90FB /* Build configuration list for PBXNativeTarget "tabBarNotesUITests" */ = {
			isa = XCConfigurationList;
			buildConfigurations = (
				352CECA42AFBDBD2005D90FB /* Debug */,
				352CECA52AFBDBD2005D90FB /* Release */,
			);
			defaultConfigurationIsVisible = 0;
			defaultConfigurationName = Release;
		};
/* End XCConfigurationList section */

/* Begin XCVersionGroup section */
		352CEC7C2AFBDBD0005D90FB /* tabBarNotes.xcdatamodeld */ = {
			isa = XCVersionGroup;
			children = (
				352CEC7D2AFBDBD0005D90FB /* tabBarNotes.xcdatamodel */,
			);
			currentVersion = 352CEC7D2AFBDBD0005D90FB /* tabBarNotes.xcdatamodel */;
			path = tabBarNotes.xcdatamodeld;
			sourceTree = "<group>";
			versionGroupType = wrapper.xcdatamodel;
		};
/* End XCVersionGroup section */
	};
	rootObject = 352CEC682AFBDBD0005D90FB /* Project object */;
}
