// !$*UTF8*$!
{
	archiveVersion = 1;
	classes = {
	};
	objectVersion = 56;
	objects = {

/* Begin PBXBuildFile section */
		354050F02AFA8A9D00DBE4EB /* AppDelegate.swift in Sources */ = {isa = PBXBuildFile; fileRef = 354050EF2AFA8A9D00DBE4EB /* AppDelegate.swift */; };
		354050F22AFA8A9D00DBE4EB /* SceneDelegate.swift in Sources */ = {isa = PBXBuildFile; fileRef = 354050F12AFA8A9D00DBE4EB /* SceneDelegate.swift */; };
		354050F42AFA8A9D00DBE4EB /* ViewController.swift in Sources */ = {isa = PBXBuildFile; fileRef = 354050F32AFA8A9D00DBE4EB /* ViewController.swift */; };
		354050F72AFA8A9D00DBE4EB /* Main.storyboard in Resources */ = {isa = PBXBuildFile; fileRef = 354050F52AFA8A9D00DBE4EB /* Main.storyboard */; };
		354050FA2AFA8A9D00DBE4EB /* alertControllerApp.xcdatamodeld in Sources */ = {isa = PBXBuildFile; fileRef = 354050F82AFA8A9D00DBE4EB /* alertControllerApp.xcdatamodeld */; };
		354050FC2AFA8A9E00DBE4EB /* Assets.xcassets in Resources */ = {isa = PBXBuildFile; fileRef = 354050FB2AFA8A9E00DBE4EB /* Assets.xcassets */; };
		354050FF2AFA8A9E00DBE4EB /* LaunchScreen.storyboard in Resources */ = {isa = PBXBuildFile; fileRef = 354050FD2AFA8A9E00DBE4EB /* LaunchScreen.storyboard */; };
		3540510A2AFA8A9F00DBE4EB /* alertControllerAppTests.swift in Sources */ = {isa = PBXBuildFile; fileRef = 354051092AFA8A9F00DBE4EB /* alertControllerAppTests.swift */; };
		354051142AFA8A9F00DBE4EB /* alertControllerAppUITests.swift in Sources */ = {isa = PBXBuildFile; fileRef = 354051132AFA8A9F00DBE4EB /* alertControllerAppUITests.swift */; };
		354051162AFA8A9F00DBE4EB /* alertControllerAppUITestsLaunchTests.swift in Sources */ = {isa = PBXBuildFile; fileRef = 354051152AFA8A9F00DBE4EB /* alertControllerAppUITestsLaunchTests.swift */; };
/* End PBXBuildFile section */

/* Begin PBXContainerItemProxy section */
		354051062AFA8A9F00DBE4EB /* PBXContainerItemProxy */ = {
			isa = PBXContainerItemProxy;
			containerPortal = 354050E42AFA8A9D00DBE4EB /* Project object */;
			proxyType = 1;
			remoteGlobalIDString = 354050EB2AFA8A9D00DBE4EB;
			remoteInfo = alertControllerApp;
		};
		354051102AFA8A9F00DBE4EB /* PBXContainerItemProxy */ = {
			isa = PBXContainerItemProxy;
			containerPortal = 354050E42AFA8A9D00DBE4EB /* Project object */;
			proxyType = 1;
			remoteGlobalIDString = 354050EB2AFA8A9D00DBE4EB;
			remoteInfo = alertControllerApp;
		};
/* End PBXContainerItemProxy section */

/* Begin PBXFileReference section */
		354050EC2AFA8A9D00DBE4EB /* alertControllerApp.app */ = {isa = PBXFileReference; explicitFileType = wrapper.application; includeInIndex = 0; path = alertControllerApp.app; sourceTree = BUILT_PRODUCTS_DIR; };
		354050EF2AFA8A9D00DBE4EB /* AppDelegate.swift */ = {isa = PBXFileReference; lastKnownFileType = sourcecode.swift; path = AppDelegate.swift; sourceTree = "<group>"; };
		354050F12AFA8A9D00DBE4EB /* SceneDelegate.swift */ = {isa = PBXFileReference; lastKnownFileType = sourcecode.swift; path = SceneDelegate.swift; sourceTree = "<group>"; };
		354050F32AFA8A9D00DBE4EB /* ViewController.swift */ = {isa = PBXFileReference; lastKnownFileType = sourcecode.swift; path = ViewController.swift; sourceTree = "<group>"; };
		354050F62AFA8A9D00DBE4EB /* Base */ = {isa = PBXFileReference; lastKnownFileType = file.storyboard; name = Base; path = Base.lproj/Main.storyboard; sourceTree = "<group>"; };
		354050F92AFA8A9D00DBE4EB /* alertControllerApp.xcdatamodel */ = {isa = PBXFileReference; lastKnownFileType = wrapper.xcdatamodel; path = alertControllerApp.xcdatamodel; sourceTree = "<group>"; };
		354050FB2AFA8A9E00DBE4EB /* Assets.xcassets */ = {isa = PBXFileReference; lastKnownFileType = folder.assetcatalog; path = Assets.xcassets; sourceTree = "<group>"; };
		354050FE2AFA8A9E00DBE4EB /* Base */ = {isa = PBXFileReference; lastKnownFileType = file.storyboard; name = Base; path = Base.lproj/LaunchScreen.storyboard; sourceTree = "<group>"; };
		354051002AFA8A9E00DBE4EB /* Info.plist */ = {isa = PBXFileReference; lastKnownFileType = text.plist.xml; path = Info.plist; sourceTree = "<group>"; };
		354051052AFA8A9F00DBE4EB /* alertControllerAppTests.xctest */ = {isa = PBXFileReference; explicitFileType = wrapper.cfbundle; includeInIndex = 0; path = alertControllerAppTests.xctest; sourceTree = BUILT_PRODUCTS_DIR; };
		354051092AFA8A9F00DBE4EB /* alertControllerAppTests.swift */ = {isa = PBXFileReference; lastKnownFileType = sourcecode.swift; path = alertControllerAppTests.swift; sourceTree = "<group>"; };
		3540510F2AFA8A9F00DBE4EB /* alertControllerAppUITests.xctest */ = {isa = PBXFileReference; explicitFileType = wrapper.cfbundle; includeInIndex = 0; path = alertControllerAppUITests.xctest; sourceTree = BUILT_PRODUCTS_DIR; };
		354051132AFA8A9F00DBE4EB /* alertControllerAppUITests.swift */ = {isa = PBXFileReference; lastKnownFileType = sourcecode.swift; path = alertControllerAppUITests.swift; sourceTree = "<group>"; };
		354051152AFA8A9F00DBE4EB /* alertControllerAppUITestsLaunchTests.swift */ = {isa = PBXFileReference; lastKnownFileType = sourcecode.swift; path = alertControllerAppUITestsLaunchTests.swift; sourceTree = "<group>"; };
/* End PBXFileReference section */

/* Begin PBXFrameworksBuildPhase section */
		354050E92AFA8A9D00DBE4EB /* Frameworks */ = {
			isa = PBXFrameworksBuildPhase;
			buildActionMask = 2147483647;
			files = (
			);
			runOnlyForDeploymentPostprocessing = 0;
		};
		354051022AFA8A9F00DBE4EB /* Frameworks */ = {
			isa = PBXFrameworksBuildPhase;
			buildActionMask = 2147483647;
			files = (
			);
			runOnlyForDeploymentPostprocessing = 0;
		};
		3540510C2AFA8A9F00DBE4EB /* Frameworks */ = {
			isa = PBXFrameworksBuildPhase;
			buildActionMask = 2147483647;
			files = (
			);
			runOnlyForDeploymentPostprocessing = 0;
		};
/* End PBXFrameworksBuildPhase section */

/* Begin PBXGroup section */
		354050E32AFA8A9D00DBE4EB = {
			isa = PBXGroup;
			children = (
				354050EE2AFA8A9D00DBE4EB /* alertControllerApp */,
				354051082AFA8A9F00DBE4EB /* alertControllerAppTests */,
				354051122AFA8A9F00DBE4EB /* alertControllerAppUITests */,
				354050ED2AFA8A9D00DBE4EB /* Products */,
			);
			sourceTree = "<group>";
		};
		354050ED2AFA8A9D00DBE4EB /* Products */ = {
			isa = PBXGroup;
			children = (
				354050EC2AFA8A9D00DBE4EB /* alertControllerApp.app */,
				354051052AFA8A9F00DBE4EB /* alertControllerAppTests.xctest */,
				3540510F2AFA8A9F00DBE4EB /* alertControllerAppUITests.xctest */,
			);
			name = Products;
			sourceTree = "<group>";
		};
		354050EE2AFA8A9D00DBE4EB /* alertControllerApp */ = {
			isa = PBXGroup;
			children = (
				354050EF2AFA8A9D00DBE4EB /* AppDelegate.swift */,
				354050F12AFA8A9D00DBE4EB /* SceneDelegate.swift */,
				354050F32AFA8A9D00DBE4EB /* ViewController.swift */,
				354050F52AFA8A9D00DBE4EB /* Main.storyboard */,
				354050FB2AFA8A9E00DBE4EB /* Assets.xcassets */,
				354050FD2AFA8A9E00DBE4EB /* LaunchScreen.storyboard */,
				354051002AFA8A9E00DBE4EB /* Info.plist */,
				354050F82AFA8A9D00DBE4EB /* alertControllerApp.xcdatamodeld */,
			);
			path = alertControllerApp;
			sourceTree = "<group>";
		};
		354051082AFA8A9F00DBE4EB /* alertControllerAppTests */ = {
			isa = PBXGroup;
			children = (
				354051092AFA8A9F00DBE4EB /* alertControllerAppTests.swift */,
			);
			path = alertControllerAppTests;
			sourceTree = "<group>";
		};
		354051122AFA8A9F00DBE4EB /* alertControllerAppUITests */ = {
			isa = PBXGroup;
			children = (
				354051132AFA8A9F00DBE4EB /* alertControllerAppUITests.swift */,
				354051152AFA8A9F00DBE4EB /* alertControllerAppUITestsLaunchTests.swift */,
			);
			path = alertControllerAppUITests;
			sourceTree = "<group>";
		};
/* End PBXGroup section */

/* Begin PBXNativeTarget section */
		354050EB2AFA8A9D00DBE4EB /* alertControllerApp */ = {
			isa = PBXNativeTarget;
			buildConfigurationList = 354051192AFA8A9F00DBE4EB /* Build configuration list for PBXNativeTarget "alertControllerApp" */;
			buildPhases = (
				354050E82AFA8A9D00DBE4EB /* Sources */,
				354050E92AFA8A9D00DBE4EB /* Frameworks */,
				354050EA2AFA8A9D00DBE4EB /* Resources */,
			);
			buildRules = (
			);
			dependencies = (
			);
			name = alertControllerApp;
			productName = alertControllerApp;
			productReference = 354050EC2AFA8A9D00DBE4EB /* alertControllerApp.app */;
			productType = "com.apple.product-type.application";
		};
		354051042AFA8A9F00DBE4EB /* alertControllerAppTests */ = {
			isa = PBXNativeTarget;
			buildConfigurationList = 3540511C2AFA8A9F00DBE4EB /* Build configuration list for PBXNativeTarget "alertControllerAppTests" */;
			buildPhases = (
				354051012AFA8A9F00DBE4EB /* Sources */,
				354051022AFA8A9F00DBE4EB /* Frameworks */,
				354051032AFA8A9F00DBE4EB /* Resources */,
			);
			buildRules = (
			);
			dependencies = (
				354051072AFA8A9F00DBE4EB /* PBXTargetDependency */,
			);
			name = alertControllerAppTests;
			productName = alertControllerAppTests;
			productReference = 354051052AFA8A9F00DBE4EB /* alertControllerAppTests.xctest */;
			productType = "com.apple.product-type.bundle.unit-test";
		};
		3540510E2AFA8A9F00DBE4EB /* alertControllerAppUITests */ = {
			isa = PBXNativeTarget;
			buildConfigurationList = 3540511F2AFA8A9F00DBE4EB /* Build configuration list for PBXNativeTarget "alertControllerAppUITests" */;
			buildPhases = (
				3540510B2AFA8A9F00DBE4EB /* Sources */,
				3540510C2AFA8A9F00DBE4EB /* Frameworks */,
				3540510D2AFA8A9F00DBE4EB /* Resources */,
			);
			buildRules = (
			);
			dependencies = (
				354051112AFA8A9F00DBE4EB /* PBXTargetDependency */,
			);
			name = alertControllerAppUITests;
			productName = alertControllerAppUITests;
			productReference = 3540510F2AFA8A9F00DBE4EB /* alertControllerAppUITests.xctest */;
			productType = "com.apple.product-type.bundle.ui-testing";
		};
/* End PBXNativeTarget section */

/* Begin PBXProject section */
		354050E42AFA8A9D00DBE4EB /* Project object */ = {
			isa = PBXProject;
			attributes = {
				BuildIndependentTargetsInParallel = 1;
				LastSwiftUpdateCheck = 1430;
				LastUpgradeCheck = 1430;
				TargetAttributes = {
					354050EB2AFA8A9D00DBE4EB = {
						CreatedOnToolsVersion = 14.3.1;
					};
					354051042AFA8A9F00DBE4EB = {
						CreatedOnToolsVersion = 14.3.1;
						TestTargetID = 354050EB2AFA8A9D00DBE4EB;
					};
					3540510E2AFA8A9F00DBE4EB = {
						CreatedOnToolsVersion = 14.3.1;
						TestTargetID = 354050EB2AFA8A9D00DBE4EB;
					};
				};
			};
			buildConfigurationList = 354050E72AFA8A9D00DBE4EB /* Build configuration list for PBXProject "alertControllerApp" */;
			compatibilityVersion = "Xcode 14.0";
			developmentRegion = en;
			hasScannedForEncodings = 0;
			knownRegions = (
				en,
				Base,
			);
			mainGroup = 354050E32AFA8A9D00DBE4EB;
			productRefGroup = 354050ED2AFA8A9D00DBE4EB /* Products */;
			projectDirPath = "";
			projectRoot = "";
			targets = (
				354050EB2AFA8A9D00DBE4EB /* alertControllerApp */,
				354051042AFA8A9F00DBE4EB /* alertControllerAppTests */,
				3540510E2AFA8A9F00DBE4EB /* alertControllerAppUITests */,
			);
		};
/* End PBXProject section */

/* Begin PBXResourcesBuildPhase section */
		354050EA2AFA8A9D00DBE4EB /* Resources */ = {
			isa = PBXResourcesBuildPhase;
			buildActionMask = 2147483647;
			files = (
				354050FF2AFA8A9E00DBE4EB /* LaunchScreen.storyboard in Resources */,
				354050FC2AFA8A9E00DBE4EB /* Assets.xcassets in Resources */,
				354050F72AFA8A9D00DBE4EB /* Main.storyboard in Resources */,
			);
			runOnlyForDeploymentPostprocessing = 0;
		};
		354051032AFA8A9F00DBE4EB /* Resources */ = {
			isa = PBXResourcesBuildPhase;
			buildActionMask = 2147483647;
			files = (
			);
			runOnlyForDeploymentPostprocessing = 0;
		};
		3540510D2AFA8A9F00DBE4EB /* Resources */ = {
			isa = PBXResourcesBuildPhase;
			buildActionMask = 2147483647;
			files = (
			);
			runOnlyForDeploymentPostprocessing = 0;
		};
/* End PBXResourcesBuildPhase section */

/* Begin PBXSourcesBuildPhase section */
		354050E82AFA8A9D00DBE4EB /* Sources */ = {
			isa = PBXSourcesBuildPhase;
			buildActionMask = 2147483647;
			files = (
				354050FA2AFA8A9D00DBE4EB /* alertControllerApp.xcdatamodeld in Sources */,
				354050F42AFA8A9D00DBE4EB /* ViewController.swift in Sources */,
				354050F02AFA8A9D00DBE4EB /* AppDelegate.swift in Sources */,
				354050F22AFA8A9D00DBE4EB /* SceneDelegate.swift in Sources */,
			);
			runOnlyForDeploymentPostprocessing = 0;
		};
		354051012AFA8A9F00DBE4EB /* Sources */ = {
			isa = PBXSourcesBuildPhase;
			buildActionMask = 2147483647;
			files = (
				3540510A2AFA8A9F00DBE4EB /* alertControllerAppTests.swift in Sources */,
			);
			runOnlyForDeploymentPostprocessing = 0;
		};
		3540510B2AFA8A9F00DBE4EB /* Sources */ = {
			isa = PBXSourcesBuildPhase;
			buildActionMask = 2147483647;
			files = (
				354051142AFA8A9F00DBE4EB /* alertControllerAppUITests.swift in Sources */,
				354051162AFA8A9F00DBE4EB /* alertControllerAppUITestsLaunchTests.swift in Sources */,
			);
			runOnlyForDeploymentPostprocessing = 0;
		};
/* End PBXSourcesBuildPhase section */

/* Begin PBXTargetDependency section */
		354051072AFA8A9F00DBE4EB /* PBXTargetDependency */ = {
			isa = PBXTargetDependency;
			target = 354050EB2AFA8A9D00DBE4EB /* alertControllerApp */;
			targetProxy = 354051062AFA8A9F00DBE4EB /* PBXContainerItemProxy */;
		};
		354051112AFA8A9F00DBE4EB /* PBXTargetDependency */ = {
			isa = PBXTargetDependency;
			target = 354050EB2AFA8A9D00DBE4EB /* alertControllerApp */;
			targetProxy = 354051102AFA8A9F00DBE4EB /* PBXContainerItemProxy */;
		};
/* End PBXTargetDependency section */

/* Begin PBXVariantGroup section */
		354050F52AFA8A9D00DBE4EB /* Main.storyboard */ = {
			isa = PBXVariantGroup;
			children = (
				354050F62AFA8A9D00DBE4EB /* Base */,
			);
			name = Main.storyboard;
			sourceTree = "<group>";
		};
		354050FD2AFA8A9E00DBE4EB /* LaunchScreen.storyboard */ = {
			isa = PBXVariantGroup;
			children = (
				354050FE2AFA8A9E00DBE4EB /* Base */,
			);
			name = LaunchScreen.storyboard;
			sourceTree = "<group>";
		};
/* End PBXVariantGroup section */

/* Begin XCBuildConfiguration section */
		354051172AFA8A9F00DBE4EB /* Debug */ = {
			isa = XCBuildConfiguration;
			buildSettings = {
				ALWAYS_SEARCH_USER_PATHS = NO;
				CLANG_ANALYZER_NONNULL = YES;
				CLANG_ANALYZER_NUMBER_OBJECT_CONVERSION = YES_AGGRESSIVE;
				CLANG_CXX_LANGUAGE_STANDARD = "gnu++20";
				CLANG_ENABLE_MODULES = YES;
				CLANG_ENABLE_OBJC_ARC = YES;
				CLANG_ENABLE_OBJC_WEAK = YES;
				CLANG_WARN_BLOCK_CAPTURE_AUTORELEASING = YES;
				CLANG_WARN_BOOL_CONVERSION = YES;
				CLANG_WARN_COMMA = YES;
				CLANG_WARN_CONSTANT_CONVERSION = YES;
				CLANG_WARN_DEPRECATED_OBJC_IMPLEMENTATIONS = YES;
				CLANG_WARN_DIRECT_OBJC_ISA_USAGE = YES_ERROR;
				CLANG_WARN_DOCUMENTATION_COMMENTS = YES;
				CLANG_WARN_EMPTY_BODY = YES;
				CLANG_WARN_ENUM_CONVERSION = YES;
				CLANG_WARN_INFINITE_RECURSION = YES;
				CLANG_WARN_INT_CONVERSION = YES;
				CLANG_WARN_NON_LITERAL_NULL_CONVERSION = YES;
				CLANG_WARN_OBJC_IMPLICIT_RETAIN_SELF = YES;
				CLANG_WARN_OBJC_LITERAL_CONVERSION = YES;
				CLANG_WARN_OBJC_ROOT_CLASS = YES_ERROR;
				CLANG_WARN_QUOTED_INCLUDE_IN_FRAMEWORK_HEADER = YES;
				CLANG_WARN_RANGE_LOOP_ANALYSIS = YES;
				CLANG_WARN_STRICT_PROTOTYPES = YES;
				CLANG_WARN_SUSPICIOUS_MOVE = YES;
				CLANG_WARN_UNGUARDED_AVAILABILITY = YES_AGGRESSIVE;
				CLANG_WARN_UNREACHABLE_CODE = YES;
				CLANG_WARN__DUPLICATE_METHOD_MATCH = YES;
				COPY_PHASE_STRIP = NO;
				DEBUG_INFORMATION_FORMAT = dwarf;
				ENABLE_STRICT_OBJC_MSGSEND = YES;
				ENABLE_TESTABILITY = YES;
				GCC_C_LANGUAGE_STANDARD = gnu11;
				GCC_DYNAMIC_NO_PIC = NO;
				GCC_NO_COMMON_BLOCKS = YES;
				GCC_OPTIMIZATION_LEVEL = 0;
				GCC_PREPROCESSOR_DEFINITIONS = (
					"DEBUG=1",
					"$(inherited)",
				);
				GCC_WARN_64_TO_32_BIT_CONVERSION = YES;
				GCC_WARN_ABOUT_RETURN_TYPE = YES_ERROR;
				GCC_WARN_UNDECLARED_SELECTOR = YES;
				GCC_WARN_UNINITIALIZED_AUTOS = YES_AGGRESSIVE;
				GCC_WARN_UNUSED_FUNCTION = YES;
				GCC_WARN_UNUSED_VARIABLE = YES;
				IPHONEOS_DEPLOYMENT_TARGET = 16.4;
				MTL_ENABLE_DEBUG_INFO = INCLUDE_SOURCE;
				MTL_FAST_MATH = YES;
				ONLY_ACTIVE_ARCH = YES;
				SDKROOT = iphoneos;
				SWIFT_ACTIVE_COMPILATION_CONDITIONS = DEBUG;
				SWIFT_OPTIMIZATION_LEVEL = "-Onone";
			};
			name = Debug;
		};
		354051182AFA8A9F00DBE4EB /* Release */ = {
			isa = XCBuildConfiguration;
			buildSettings = {
				ALWAYS_SEARCH_USER_PATHS = NO;
				CLANG_ANALYZER_NONNULL = YES;
				CLANG_ANALYZER_NUMBER_OBJECT_CONVERSION = YES_AGGRESSIVE;
				CLANG_CXX_LANGUAGE_STANDARD = "gnu++20";
				CLANG_ENABLE_MODULES = YES;
				CLANG_ENABLE_OBJC_ARC = YES;
				CLANG_ENABLE_OBJC_WEAK = YES;
				CLANG_WARN_BLOCK_CAPTURE_AUTORELEASING = YES;
				CLANG_WARN_BOOL_CONVERSION = YES;
				CLANG_WARN_COMMA = YES;
				CLANG_WARN_CONSTANT_CONVERSION = YES;
				CLANG_WARN_DEPRECATED_OBJC_IMPLEMENTATIONS = YES;
				CLANG_WARN_DIRECT_OBJC_ISA_USAGE = YES_ERROR;
				CLANG_WARN_DOCUMENTATION_COMMENTS = YES;
				CLANG_WARN_EMPTY_BODY = YES;
				CLANG_WARN_ENUM_CONVERSION = YES;
				CLANG_WARN_INFINITE_RECURSION = YES;
				CLANG_WARN_INT_CONVERSION = YES;
				CLANG_WARN_NON_LITERAL_NULL_CONVERSION = YES;
				CLANG_WARN_OBJC_IMPLICIT_RETAIN_SELF = YES;
				CLANG_WARN_OBJC_LITERAL_CONVERSION = YES;
				CLANG_WARN_OBJC_ROOT_CLASS = YES_ERROR;
				CLANG_WARN_QUOTED_INCLUDE_IN_FRAMEWORK_HEADER = YES;
				CLANG_WARN_RANGE_LOOP_ANALYSIS = YES;
				CLANG_WARN_STRICT_PROTOTYPES = YES;
				CLANG_WARN_SUSPICIOUS_MOVE = YES;
				CLANG_WARN_UNGUARDED_AVAILABILITY = YES_AGGRESSIVE;
				CLANG_WARN_UNREACHABLE_CODE = YES;
				CLANG_WARN__DUPLICATE_METHOD_MATCH = YES;
				COPY_PHASE_STRIP = NO;
				DEBUG_INFORMATION_FORMAT = "dwarf-with-dsym";
				ENABLE_NS_ASSERTIONS = NO;
				ENABLE_STRICT_OBJC_MSGSEND = YES;
				GCC_C_LANGUAGE_STANDARD = gnu11;
				GCC_NO_COMMON_BLOCKS = YES;
				GCC_WARN_64_TO_32_BIT_CONVERSION = YES;
				GCC_WARN_ABOUT_RETURN_TYPE = YES_ERROR;
				GCC_WARN_UNDECLARED_SELECTOR = YES;
				GCC_WARN_UNINITIALIZED_AUTOS = YES_AGGRESSIVE;
				GCC_WARN_UNUSED_FUNCTION = YES;
				GCC_WARN_UNUSED_VARIABLE = YES;
				IPHONEOS_DEPLOYMENT_TARGET = 16.4;
				MTL_ENABLE_DEBUG_INFO = NO;
				MTL_FAST_MATH = YES;
				SDKROOT = iphoneos;
				SWIFT_COMPILATION_MODE = wholemodule;
				SWIFT_OPTIMIZATION_LEVEL = "-O";
				VALIDATE_PRODUCT = YES;
			};
			name = Release;
		};
		3540511A2AFA8A9F00DBE4EB /* Debug */ = {
			isa = XCBuildConfiguration;
			buildSettings = {
				ASSETCATALOG_COMPILER_APPICON_NAME = AppIcon;
				ASSETCATALOG_COMPILER_GLOBAL_ACCENT_COLOR_NAME = AccentColor;
				CODE_SIGN_STYLE = Automatic;
				CURRENT_PROJECT_VERSION = 1;
				DEVELOPMENT_TEAM = YZW449RF67;
				GENERATE_INFOPLIST_FILE = YES;
				INFOPLIST_FILE = alertControllerApp/Info.plist;
				INFOPLIST_KEY_UIApplicationSupportsIndirectInputEvents = YES;
				INFOPLIST_KEY_UILaunchStoryboardName = LaunchScreen;
				INFOPLIST_KEY_UIMainStoryboardFile = Main;
				INFOPLIST_KEY_UISupportedInterfaceOrientations_iPad = "UIInterfaceOrientationPortrait UIInterfaceOrientationPortraitUpsideDown UIInterfaceOrientationLandscapeLeft UIInterfaceOrientationLandscapeRight";
				INFOPLIST_KEY_UISupportedInterfaceOrientations_iPhone = "UIInterfaceOrientationPortrait UIInterfaceOrientationLandscapeLeft UIInterfaceOrientationLandscapeRight";
				LD_RUNPATH_SEARCH_PATHS = (
					"$(inherited)",
					"@executable_path/Frameworks",
				);
				MARKETING_VERSION = 1.0;
				PRODUCT_BUNDLE_IDENTIFIER = clc.alertControllerApp;
				PRODUCT_NAME = "$(TARGET_NAME)";
				SWIFT_EMIT_LOC_STRINGS = YES;
				SWIFT_VERSION = 5.0;
				TARGETED_DEVICE_FAMILY = "1,2";
			};
			name = Debug;
		};
		3540511B2AFA8A9F00DBE4EB /* Release */ = {
			isa = XCBuildConfiguration;
			buildSettings = {
				ASSETCATALOG_COMPILER_APPICON_NAME = AppIcon;
				ASSETCATALOG_COMPILER_GLOBAL_ACCENT_COLOR_NAME = AccentColor;
				CODE_SIGN_STYLE = Automatic;
				CURRENT_PROJECT_VERSION = 1;
				DEVELOPMENT_TEAM = YZW449RF67;
				GENERATE_INFOPLIST_FILE = YES;
				INFOPLIST_FILE = alertControllerApp/Info.plist;
				INFOPLIST_KEY_UIApplicationSupportsIndirectInputEvents = YES;
				INFOPLIST_KEY_UILaunchStoryboardName = LaunchScreen;
				INFOPLIST_KEY_UIMainStoryboardFile = Main;
				INFOPLIST_KEY_UISupportedInterfaceOrientations_iPad = "UIInterfaceOrientationPortrait UIInterfaceOrientationPortraitUpsideDown UIInterfaceOrientationLandscapeLeft UIInterfaceOrientationLandscapeRight";
				INFOPLIST_KEY_UISupportedInterfaceOrientations_iPhone = "UIInterfaceOrientationPortrait UIInterfaceOrientationLandscapeLeft UIInterfaceOrientationLandscapeRight";
				LD_RUNPATH_SEARCH_PATHS = (
					"$(inherited)",
					"@executable_path/Frameworks",
				);
				MARKETING_VERSION = 1.0;
				PRODUCT_BUNDLE_IDENTIFIER = clc.alertControllerApp;
				PRODUCT_NAME = "$(TARGET_NAME)";
				SWIFT_EMIT_LOC_STRINGS = YES;
				SWIFT_VERSION = 5.0;
				TARGETED_DEVICE_FAMILY = "1,2";
			};
			name = Release;
		};
		3540511D2AFA8A9F00DBE4EB /* Debug */ = {
			isa = XCBuildConfiguration;
			buildSettings = {
				ALWAYS_EMBED_SWIFT_STANDARD_LIBRARIES = YES;
				BUNDLE_LOADER = "$(TEST_HOST)";
				CODE_SIGN_STYLE = Automatic;
				CURRENT_PROJECT_VERSION = 1;
				DEVELOPMENT_TEAM = YZW449RF67;
				GENERATE_INFOPLIST_FILE = YES;
				IPHONEOS_DEPLOYMENT_TARGET = 16.4;
				MARKETING_VERSION = 1.0;
				PRODUCT_BUNDLE_IDENTIFIER = clc.alertControllerAppTests;
				PRODUCT_NAME = "$(TARGET_NAME)";
				SWIFT_EMIT_LOC_STRINGS = NO;
				SWIFT_VERSION = 5.0;
				TARGETED_DEVICE_FAMILY = "1,2";
				TEST_HOST = "$(BUILT_PRODUCTS_DIR)/alertControllerApp.app/$(BUNDLE_EXECUTABLE_FOLDER_PATH)/alertControllerApp";
			};
			name = Debug;
		};
		3540511E2AFA8A9F00DBE4EB /* Release */ = {
			isa = XCBuildConfiguration;
			buildSettings = {
				ALWAYS_EMBED_SWIFT_STANDARD_LIBRARIES = YES;
				BUNDLE_LOADER = "$(TEST_HOST)";
				CODE_SIGN_STYLE = Automatic;
				CURRENT_PROJECT_VERSION = 1;
				DEVELOPMENT_TEAM = YZW449RF67;
				GENERATE_INFOPLIST_FILE = YES;
				IPHONEOS_DEPLOYMENT_TARGET = 16.4;
				MARKETING_VERSION = 1.0;
				PRODUCT_BUNDLE_IDENTIFIER = clc.alertControllerAppTests;
				PRODUCT_NAME = "$(TARGET_NAME)";
				SWIFT_EMIT_LOC_STRINGS = NO;
				SWIFT_VERSION = 5.0;
				TARGETED_DEVICE_FAMILY = "1,2";
				TEST_HOST = "$(BUILT_PRODUCTS_DIR)/alertControllerApp.app/$(BUNDLE_EXECUTABLE_FOLDER_PATH)/alertControllerApp";
			};
			name = Release;
		};
		354051202AFA8A9F00DBE4EB /* Debug */ = {
			isa = XCBuildConfiguration;
			buildSettings = {
				ALWAYS_EMBED_SWIFT_STANDARD_LIBRARIES = YES;
				CODE_SIGN_STYLE = Automatic;
				CURRENT_PROJECT_VERSION = 1;
				DEVELOPMENT_TEAM = YZW449RF67;
				GENERATE_INFOPLIST_FILE = YES;
				MARKETING_VERSION = 1.0;
				PRODUCT_BUNDLE_IDENTIFIER = clc.alertControllerAppUITests;
				PRODUCT_NAME = "$(TARGET_NAME)";
				SWIFT_EMIT_LOC_STRINGS = NO;
				SWIFT_VERSION = 5.0;
				TARGETED_DEVICE_FAMILY = "1,2";
				TEST_TARGET_NAME = alertControllerApp;
			};
			name = Debug;
		};
		354051212AFA8A9F00DBE4EB /* Release */ = {
			isa = XCBuildConfiguration;
			buildSettings = {
				ALWAYS_EMBED_SWIFT_STANDARD_LIBRARIES = YES;
				CODE_SIGN_STYLE = Automatic;
				CURRENT_PROJECT_VERSION = 1;
				DEVELOPMENT_TEAM = YZW449RF67;
				GENERATE_INFOPLIST_FILE = YES;
				MARKETING_VERSION = 1.0;
				PRODUCT_BUNDLE_IDENTIFIER = clc.alertControllerAppUITests;
				PRODUCT_NAME = "$(TARGET_NAME)";
				SWIFT_EMIT_LOC_STRINGS = NO;
				SWIFT_VERSION = 5.0;
				TARGETED_DEVICE_FAMILY = "1,2";
				TEST_TARGET_NAME = alertControllerApp;
			};
			name = Release;
		};
/* End XCBuildConfiguration section */

/* Begin XCConfigurationList section */
		354050E72AFA8A9D00DBE4EB /* Build configuration list for PBXProject "alertControllerApp" */ = {
			isa = XCConfigurationList;
			buildConfigurations = (
				354051172AFA8A9F00DBE4EB /* Debug */,
				354051182AFA8A9F00DBE4EB /* Release */,
			);
			defaultConfigurationIsVisible = 0;
			defaultConfigurationName = Release;
		};
		354051192AFA8A9F00DBE4EB /* Build configuration list for PBXNativeTarget "alertControllerApp" */ = {
			isa = XCConfigurationList;
			buildConfigurations = (
				3540511A2AFA8A9F00DBE4EB /* Debug */,
				3540511B2AFA8A9F00DBE4EB /* Release */,
			);
			defaultConfigurationIsVisible = 0;
			defaultConfigurationName = Release;
		};
		3540511C2AFA8A9F00DBE4EB /* Build configuration list for PBXNativeTarget "alertControllerAppTests" */ = {
			isa = XCConfigurationList;
			buildConfigurations = (
				3540511D2AFA8A9F00DBE4EB /* Debug */,
				3540511E2AFA8A9F00DBE4EB /* Release */,
			);
			defaultConfigurationIsVisible = 0;
			defaultConfigurationName = Release;
		};
		3540511F2AFA8A9F00DBE4EB /* Build configuration list for PBXNativeTarget "alertControllerAppUITests" */ = {
			isa = XCConfigurationList;
			buildConfigurations = (
				354051202AFA8A9F00DBE4EB /* Debug */,
				354051212AFA8A9F00DBE4EB /* Release */,
			);
			defaultConfigurationIsVisible = 0;
			defaultConfigurationName = Release;
		};
/* End XCConfigurationList section */

/* Begin XCVersionGroup section */
		354050F82AFA8A9D00DBE4EB /* alertControllerApp.xcdatamodeld */ = {
			isa = XCVersionGroup;
			children = (
				354050F92AFA8A9D00DBE4EB /* alertControllerApp.xcdatamodel */,
			);
			currentVersion = 354050F92AFA8A9D00DBE4EB /* alertControllerApp.xcdatamodel */;
			path = alertControllerApp.xcdatamodeld;
			sourceTree = "<group>";
			versionGroupType = wrapper.xcdatamodel;
		};
/* End XCVersionGroup section */
	};
	rootObject = 354050E42AFA8A9D00DBE4EB /* Project object */;
}
