// !$*UTF8*$!
{
	archiveVersion = 1;
	classes = {
	};
	objectVersion = 56;
	objects = {

/* Begin PBXBuildFile section */
		358770AD2B1E31DD0056126E /* AppDelegate.swift in Sources */ = {isa = PBXBuildFile; fileRef = 358770AC2B1E31DD0056126E /* AppDelegate.swift */; };
		358770AF2B1E31DD0056126E /* SceneDelegate.swift in Sources */ = {isa = PBXBuildFile; fileRef = 358770AE2B1E31DD0056126E /* SceneDelegate.swift */; };
		358770B12B1E31DD0056126E /* ViewController.swift in Sources */ = {isa = PBXBuildFile; fileRef = 358770B02B1E31DD0056126E /* ViewController.swift */; };
		358770B42B1E31DD0056126E /* Main.storyboard in Resources */ = {isa = PBXBuildFile; fileRef = 358770B22B1E31DD0056126E /* Main.storyboard */; };
		358770B72B1E31DD0056126E /* WordleGameFinalProject.xcdatamodeld in Sources */ = {isa = PBXBuildFile; fileRef = 358770B52B1E31DD0056126E /* WordleGameFinalProject.xcdatamodeld */; };
		358770B92B1E31DE0056126E /* Assets.xcassets in Resources */ = {isa = PBXBuildFile; fileRef = 358770B82B1E31DE0056126E /* Assets.xcassets */; };
		358770BC2B1E31DE0056126E /* LaunchScreen.storyboard in Resources */ = {isa = PBXBuildFile; fileRef = 358770BA2B1E31DE0056126E /* LaunchScreen.storyboard */; };
		358770C72B1E31DF0056126E /* WordleGameFinalProjectTests.swift in Sources */ = {isa = PBXBuildFile; fileRef = 358770C62B1E31DF0056126E /* WordleGameFinalProjectTests.swift */; };
		358770D12B1E31DF0056126E /* WordleGameFinalProjectUITests.swift in Sources */ = {isa = PBXBuildFile; fileRef = 358770D02B1E31DF0056126E /* WordleGameFinalProjectUITests.swift */; };
		358770D32B1E31DF0056126E /* WordleGameFinalProjectUITestsLaunchTests.swift in Sources */ = {isa = PBXBuildFile; fileRef = 358770D22B1E31DF0056126E /* WordleGameFinalProjectUITestsLaunchTests.swift */; };
/* End PBXBuildFile section */

/* Begin PBXContainerItemProxy section */
		358770C32B1E31DF0056126E /* PBXContainerItemProxy */ = {
			isa = PBXContainerItemProxy;
			containerPortal = 358770A12B1E31DD0056126E /* Project object */;
			proxyType = 1;
			remoteGlobalIDString = 358770A82B1E31DD0056126E;
			remoteInfo = WordleGameFinalProject;
		};
		358770CD2B1E31DF0056126E /* PBXContainerItemProxy */ = {
			isa = PBXContainerItemProxy;
			containerPortal = 358770A12B1E31DD0056126E /* Project object */;
			proxyType = 1;
			remoteGlobalIDString = 358770A82B1E31DD0056126E;
			remoteInfo = WordleGameFinalProject;
		};
/* End PBXContainerItemProxy section */

/* Begin PBXFileReference section */
		358770A92B1E31DD0056126E /* WordleGameFinalProject.app */ = {isa = PBXFileReference; explicitFileType = wrapper.application; includeInIndex = 0; path = WordleGameFinalProject.app; sourceTree = BUILT_PRODUCTS_DIR; };
		358770AC2B1E31DD0056126E /* AppDelegate.swift */ = {isa = PBXFileReference; lastKnownFileType = sourcecode.swift; path = AppDelegate.swift; sourceTree = "<group>"; };
		358770AE2B1E31DD0056126E /* SceneDelegate.swift */ = {isa = PBXFileReference; lastKnownFileType = sourcecode.swift; path = SceneDelegate.swift; sourceTree = "<group>"; };
		358770B02B1E31DD0056126E /* ViewController.swift */ = {isa = PBXFileReference; lastKnownFileType = sourcecode.swift; path = ViewController.swift; sourceTree = "<group>"; };
		358770B32B1E31DD0056126E /* Base */ = {isa = PBXFileReference; lastKnownFileType = file.storyboard; name = Base; path = Base.lproj/Main.storyboard; sourceTree = "<group>"; };
		358770B62B1E31DD0056126E /* WordleGameFinalProject.xcdatamodel */ = {isa = PBXFileReference; lastKnownFileType = wrapper.xcdatamodel; path = WordleGameFinalProject.xcdatamodel; sourceTree = "<group>"; };
		358770B82B1E31DE0056126E /* Assets.xcassets */ = {isa = PBXFileReference; lastKnownFileType = folder.assetcatalog; path = Assets.xcassets; sourceTree = "<group>"; };
		358770BB2B1E31DE0056126E /* Base */ = {isa = PBXFileReference; lastKnownFileType = file.storyboard; name = Base; path = Base.lproj/LaunchScreen.storyboard; sourceTree = "<group>"; };
		358770BD2B1E31DE0056126E /* Info.plist */ = {isa = PBXFileReference; lastKnownFileType = text.plist.xml; path = Info.plist; sourceTree = "<group>"; };
		358770C22B1E31DF0056126E /* WordleGameFinalProjectTests.xctest */ = {isa = PBXFileReference; explicitFileType = wrapper.cfbundle; includeInIndex = 0; path = WordleGameFinalProjectTests.xctest; sourceTree = BUILT_PRODUCTS_DIR; };
		358770C62B1E31DF0056126E /* WordleGameFinalProjectTests.swift */ = {isa = PBXFileReference; lastKnownFileType = sourcecode.swift; path = WordleGameFinalProjectTests.swift; sourceTree = "<group>"; };
		358770CC2B1E31DF0056126E /* WordleGameFinalProjectUITests.xctest */ = {isa = PBXFileReference; explicitFileType = wrapper.cfbundle; includeInIndex = 0; path = WordleGameFinalProjectUITests.xctest; sourceTree = BUILT_PRODUCTS_DIR; };
		358770D02B1E31DF0056126E /* WordleGameFinalProjectUITests.swift */ = {isa = PBXFileReference; lastKnownFileType = sourcecode.swift; path = WordleGameFinalProjectUITests.swift; sourceTree = "<group>"; };
		358770D22B1E31DF0056126E /* WordleGameFinalProjectUITestsLaunchTests.swift */ = {isa = PBXFileReference; lastKnownFileType = sourcecode.swift; path = WordleGameFinalProjectUITestsLaunchTests.swift; sourceTree = "<group>"; };
/* End PBXFileReference section */

/* Begin PBXFrameworksBuildPhase section */
		358770A62B1E31DD0056126E /* Frameworks */ = {
			isa = PBXFrameworksBuildPhase;
			buildActionMask = 2147483647;
			files = (
			);
			runOnlyForDeploymentPostprocessing = 0;
		};
		358770BF2B1E31DF0056126E /* Frameworks */ = {
			isa = PBXFrameworksBuildPhase;
			buildActionMask = 2147483647;
			files = (
			);
			runOnlyForDeploymentPostprocessing = 0;
		};
		358770C92B1E31DF0056126E /* Frameworks */ = {
			isa = PBXFrameworksBuildPhase;
			buildActionMask = 2147483647;
			files = (
			);
			runOnlyForDeploymentPostprocessing = 0;
		};
/* End PBXFrameworksBuildPhase section */

/* Begin PBXGroup section */
		358770A02B1E31DD0056126E = {
			isa = PBXGroup;
			children = (
				358770AB2B1E31DD0056126E /* WordleGameFinalProject */,
				358770C52B1E31DF0056126E /* WordleGameFinalProjectTests */,
				358770CF2B1E31DF0056126E /* WordleGameFinalProjectUITests */,
				358770AA2B1E31DD0056126E /* Products */,
			);
			sourceTree = "<group>";
		};
		358770AA2B1E31DD0056126E /* Products */ = {
			isa = PBXGroup;
			children = (
				358770A92B1E31DD0056126E /* WordleGameFinalProject.app */,
				358770C22B1E31DF0056126E /* WordleGameFinalProjectTests.xctest */,
				358770CC2B1E31DF0056126E /* WordleGameFinalProjectUITests.xctest */,
			);
			name = Products;
			sourceTree = "<group>";
		};
		358770AB2B1E31DD0056126E /* WordleGameFinalProject */ = {
			isa = PBXGroup;
			children = (
				358770AC2B1E31DD0056126E /* AppDelegate.swift */,
				358770AE2B1E31DD0056126E /* SceneDelegate.swift */,
				358770B02B1E31DD0056126E /* ViewController.swift */,
				358770B22B1E31DD0056126E /* Main.storyboard */,
				358770B82B1E31DE0056126E /* Assets.xcassets */,
				358770BA2B1E31DE0056126E /* LaunchScreen.storyboard */,
				358770BD2B1E31DE0056126E /* Info.plist */,
				358770B52B1E31DD0056126E /* WordleGameFinalProject.xcdatamodeld */,
			);
			path = WordleGameFinalProject;
			sourceTree = "<group>";
		};
		358770C52B1E31DF0056126E /* WordleGameFinalProjectTests */ = {
			isa = PBXGroup;
			children = (
				358770C62B1E31DF0056126E /* WordleGameFinalProjectTests.swift */,
			);
			path = WordleGameFinalProjectTests;
			sourceTree = "<group>";
		};
		358770CF2B1E31DF0056126E /* WordleGameFinalProjectUITests */ = {
			isa = PBXGroup;
			children = (
				358770D02B1E31DF0056126E /* WordleGameFinalProjectUITests.swift */,
				358770D22B1E31DF0056126E /* WordleGameFinalProjectUITestsLaunchTests.swift */,
			);
			path = WordleGameFinalProjectUITests;
			sourceTree = "<group>";
		};
/* End PBXGroup section */

/* Begin PBXNativeTarget section */
		358770A82B1E31DD0056126E /* WordleGameFinalProject */ = {
			isa = PBXNativeTarget;
			buildConfigurationList = 358770D62B1E31DF0056126E /* Build configuration list for PBXNativeTarget "WordleGameFinalProject" */;
			buildPhases = (
				358770A52B1E31DD0056126E /* Sources */,
				358770A62B1E31DD0056126E /* Frameworks */,
				358770A72B1E31DD0056126E /* Resources */,
			);
			buildRules = (
			);
			dependencies = (
			);
			name = WordleGameFinalProject;
			productName = WordleGameFinalProject;
			productReference = 358770A92B1E31DD0056126E /* WordleGameFinalProject.app */;
			productType = "com.apple.product-type.application";
		};
		358770C12B1E31DF0056126E /* WordleGameFinalProjectTests */ = {
			isa = PBXNativeTarget;
			buildConfigurationList = 358770D92B1E31DF0056126E /* Build configuration list for PBXNativeTarget "WordleGameFinalProjectTests" */;
			buildPhases = (
				358770BE2B1E31DF0056126E /* Sources */,
				358770BF2B1E31DF0056126E /* Frameworks */,
				358770C02B1E31DF0056126E /* Resources */,
			);
			buildRules = (
			);
			dependencies = (
				358770C42B1E31DF0056126E /* PBXTargetDependency */,
			);
			name = WordleGameFinalProjectTests;
			productName = WordleGameFinalProjectTests;
			productReference = 358770C22B1E31DF0056126E /* WordleGameFinalProjectTests.xctest */;
			productType = "com.apple.product-type.bundle.unit-test";
		};
		358770CB2B1E31DF0056126E /* WordleGameFinalProjectUITests */ = {
			isa = PBXNativeTarget;
			buildConfigurationList = 358770DC2B1E31DF0056126E /* Build configuration list for PBXNativeTarget "WordleGameFinalProjectUITests" */;
			buildPhases = (
				358770C82B1E31DF0056126E /* Sources */,
				358770C92B1E31DF0056126E /* Frameworks */,
				358770CA2B1E31DF0056126E /* Resources */,
			);
			buildRules = (
			);
			dependencies = (
				358770CE2B1E31DF0056126E /* PBXTargetDependency */,
			);
			name = WordleGameFinalProjectUITests;
			productName = WordleGameFinalProjectUITests;
			productReference = 358770CC2B1E31DF0056126E /* WordleGameFinalProjectUITests.xctest */;
			productType = "com.apple.product-type.bundle.ui-testing";
		};
/* End PBXNativeTarget section */

/* Begin PBXProject section */
		358770A12B1E31DD0056126E /* Project object */ = {
			isa = PBXProject;
			attributes = {
				BuildIndependentTargetsInParallel = 1;
				LastSwiftUpdateCheck = 1430;
				LastUpgradeCheck = 1430;
				TargetAttributes = {
					358770A82B1E31DD0056126E = {
						CreatedOnToolsVersion = 14.3.1;
					};
					358770C12B1E31DF0056126E = {
						CreatedOnToolsVersion = 14.3.1;
						TestTargetID = 358770A82B1E31DD0056126E;
					};
					358770CB2B1E31DF0056126E = {
						CreatedOnToolsVersion = 14.3.1;
						TestTargetID = 358770A82B1E31DD0056126E;
					};
				};
			};
			buildConfigurationList = 358770A42B1E31DD0056126E /* Build configuration list for PBXProject "WordleGameFinalProject" */;
			compatibilityVersion = "Xcode 14.0";
			developmentRegion = en;
			hasScannedForEncodings = 0;
			knownRegions = (
				en,
				Base,
			);
			mainGroup = 358770A02B1E31DD0056126E;
			productRefGroup = 358770AA2B1E31DD0056126E /* Products */;
			projectDirPath = "";
			projectRoot = "";
			targets = (
				358770A82B1E31DD0056126E /* WordleGameFinalProject */,
				358770C12B1E31DF0056126E /* WordleGameFinalProjectTests */,
				358770CB2B1E31DF0056126E /* WordleGameFinalProjectUITests */,
			);
		};
/* End PBXProject section */

/* Begin PBXResourcesBuildPhase section */
		358770A72B1E31DD0056126E /* Resources */ = {
			isa = PBXResourcesBuildPhase;
			buildActionMask = 2147483647;
			files = (
				358770BC2B1E31DE0056126E /* LaunchScreen.storyboard in Resources */,
				358770B92B1E31DE0056126E /* Assets.xcassets in Resources */,
				358770B42B1E31DD0056126E /* Main.storyboard in Resources */,
			);
			runOnlyForDeploymentPostprocessing = 0;
		};
		358770C02B1E31DF0056126E /* Resources */ = {
			isa = PBXResourcesBuildPhase;
			buildActionMask = 2147483647;
			files = (
			);
			runOnlyForDeploymentPostprocessing = 0;
		};
		358770CA2B1E31DF0056126E /* Resources */ = {
			isa = PBXResourcesBuildPhase;
			buildActionMask = 2147483647;
			files = (
			);
			runOnlyForDeploymentPostprocessing = 0;
		};
/* End PBXResourcesBuildPhase section */

/* Begin PBXSourcesBuildPhase section */
		358770A52B1E31DD0056126E /* Sources */ = {
			isa = PBXSourcesBuildPhase;
			buildActionMask = 2147483647;
			files = (
				358770B12B1E31DD0056126E /* ViewController.swift in Sources */,
				358770AD2B1E31DD0056126E /* AppDelegate.swift in Sources */,
				358770AF2B1E31DD0056126E /* SceneDelegate.swift in Sources */,
				358770B72B1E31DD0056126E /* WordleGameFinalProject.xcdatamodeld in Sources */,
			);
			runOnlyForDeploymentPostprocessing = 0;
		};
		358770BE2B1E31DF0056126E /* Sources */ = {
			isa = PBXSourcesBuildPhase;
			buildActionMask = 2147483647;
			files = (
				358770C72B1E31DF0056126E /* WordleGameFinalProjectTests.swift in Sources */,
			);
			runOnlyForDeploymentPostprocessing = 0;
		};
		358770C82B1E31DF0056126E /* Sources */ = {
			isa = PBXSourcesBuildPhase;
			buildActionMask = 2147483647;
			files = (
				358770D32B1E31DF0056126E /* WordleGameFinalProjectUITestsLaunchTests.swift in Sources */,
				358770D12B1E31DF0056126E /* WordleGameFinalProjectUITests.swift in Sources */,
			);
			runOnlyForDeploymentPostprocessing = 0;
		};
/* End PBXSourcesBuildPhase section */

/* Begin PBXTargetDependency section */
		358770C42B1E31DF0056126E /* PBXTargetDependency */ = {
			isa = PBXTargetDependency;
			target = 358770A82B1E31DD0056126E /* WordleGameFinalProject */;
			targetProxy = 358770C32B1E31DF0056126E /* PBXContainerItemProxy */;
		};
		358770CE2B1E31DF0056126E /* PBXTargetDependency */ = {
			isa = PBXTargetDependency;
			target = 358770A82B1E31DD0056126E /* WordleGameFinalProject */;
			targetProxy = 358770CD2B1E31DF0056126E /* PBXContainerItemProxy */;
		};
/* End PBXTargetDependency section */

/* Begin PBXVariantGroup section */
		358770B22B1E31DD0056126E /* Main.storyboard */ = {
			isa = PBXVariantGroup;
			children = (
				358770B32B1E31DD0056126E /* Base */,
			);
			name = Main.storyboard;
			sourceTree = "<group>";
		};
		358770BA2B1E31DE0056126E /* LaunchScreen.storyboard */ = {
			isa = PBXVariantGroup;
			children = (
				358770BB2B1E31DE0056126E /* Base */,
			);
			name = LaunchScreen.storyboard;
			sourceTree = "<group>";
		};
/* End PBXVariantGroup section */

/* Begin XCBuildConfiguration section */
		358770D42B1E31DF0056126E /* Debug */ = {
			isa = XCBuildConfiguration;
			buildSettings = {
				ALWAYS_SEARCH_USER_PATHS = NO;
				CLANG_ANALYZER_NONNULL = YES;
				CLANG_ANALYZER_NUMBER_OBJECT_CONVERSION = YES_AGGRESSIVE;
				CLANG_CXX_LANGUAGE_STANDARD = "gnu++20";
				CLANG_ENABLE_MODULES = YES;
				CLANG_ENABLE_OBJC_ARC = YES;
				CLANG_ENABLE_OBJC_WEAK = YES;
				CLANG_WARN_BLOCK_CAPTURE_AUTORELEASING = YES;
				CLANG_WARN_BOOL_CONVERSION = YES;
				CLANG_WARN_COMMA = YES;
				CLANG_WARN_CONSTANT_CONVERSION = YES;
				CLANG_WARN_DEPRECATED_OBJC_IMPLEMENTATIONS = YES;
				CLANG_WARN_DIRECT_OBJC_ISA_USAGE = YES_ERROR;
				CLANG_WARN_DOCUMENTATION_COMMENTS = YES;
				CLANG_WARN_EMPTY_BODY = YES;
				CLANG_WARN_ENUM_CONVERSION = YES;
				CLANG_WARN_INFINITE_RECURSION = YES;
				CLANG_WARN_INT_CONVERSION = YES;
				CLANG_WARN_NON_LITERAL_NULL_CONVERSION = YES;
				CLANG_WARN_OBJC_IMPLICIT_RETAIN_SELF = YES;
				CLANG_WARN_OBJC_LITERAL_CONVERSION = YES;
				CLANG_WARN_OBJC_ROOT_CLASS = YES_ERROR;
				CLANG_WARN_QUOTED_INCLUDE_IN_FRAMEWORK_HEADER = YES;
				CLANG_WARN_RANGE_LOOP_ANALYSIS = YES;
				CLANG_WARN_STRICT_PROTOTYPES = YES;
				CLANG_WARN_SUSPICIOUS_MOVE = YES;
				CLANG_WARN_UNGUARDED_AVAILABILITY = YES_AGGRESSIVE;
				CLANG_WARN_UNREACHABLE_CODE = YES;
				CLANG_WARN__DUPLICATE_METHOD_MATCH = YES;
				COPY_PHASE_STRIP = NO;
				DEBUG_INFORMATION_FORMAT = dwarf;
				ENABLE_STRICT_OBJC_MSGSEND = YES;
				ENABLE_TESTABILITY = YES;
				GCC_C_LANGUAGE_STANDARD = gnu11;
				GCC_DYNAMIC_NO_PIC = NO;
				GCC_NO_COMMON_BLOCKS = YES;
				GCC_OPTIMIZATION_LEVEL = 0;
				GCC_PREPROCESSOR_DEFINITIONS = (
					"DEBUG=1",
					"$(inherited)",
				);
				GCC_WARN_64_TO_32_BIT_CONVERSION = YES;
				GCC_WARN_ABOUT_RETURN_TYPE = YES_ERROR;
				GCC_WARN_UNDECLARED_SELECTOR = YES;
				GCC_WARN_UNINITIALIZED_AUTOS = YES_AGGRESSIVE;
				GCC_WARN_UNUSED_FUNCTION = YES;
				GCC_WARN_UNUSED_VARIABLE = YES;
				IPHONEOS_DEPLOYMENT_TARGET = 16.4;
				MTL_ENABLE_DEBUG_INFO = INCLUDE_SOURCE;
				MTL_FAST_MATH = YES;
				ONLY_ACTIVE_ARCH = YES;
				SDKROOT = iphoneos;
				SWIFT_ACTIVE_COMPILATION_CONDITIONS = DEBUG;
				SWIFT_OPTIMIZATION_LEVEL = "-Onone";
			};
			name = Debug;
		};
		358770D52B1E31DF0056126E /* Release */ = {
			isa = XCBuildConfiguration;
			buildSettings = {
				ALWAYS_SEARCH_USER_PATHS = NO;
				CLANG_ANALYZER_NONNULL = YES;
				CLANG_ANALYZER_NUMBER_OBJECT_CONVERSION = YES_AGGRESSIVE;
				CLANG_CXX_LANGUAGE_STANDARD = "gnu++20";
				CLANG_ENABLE_MODULES = YES;
				CLANG_ENABLE_OBJC_ARC = YES;
				CLANG_ENABLE_OBJC_WEAK = YES;
				CLANG_WARN_BLOCK_CAPTURE_AUTORELEASING = YES;
				CLANG_WARN_BOOL_CONVERSION = YES;
				CLANG_WARN_COMMA = YES;
				CLANG_WARN_CONSTANT_CONVERSION = YES;
				CLANG_WARN_DEPRECATED_OBJC_IMPLEMENTATIONS = YES;
				CLANG_WARN_DIRECT_OBJC_ISA_USAGE = YES_ERROR;
				CLANG_WARN_DOCUMENTATION_COMMENTS = YES;
				CLANG_WARN_EMPTY_BODY = YES;
				CLANG_WARN_ENUM_CONVERSION = YES;
				CLANG_WARN_INFINITE_RECURSION = YES;
				CLANG_WARN_INT_CONVERSION = YES;
				CLANG_WARN_NON_LITERAL_NULL_CONVERSION = YES;
				CLANG_WARN_OBJC_IMPLICIT_RETAIN_SELF = YES;
				CLANG_WARN_OBJC_LITERAL_CONVERSION = YES;
				CLANG_WARN_OBJC_ROOT_CLASS = YES_ERROR;
				CLANG_WARN_QUOTED_INCLUDE_IN_FRAMEWORK_HEADER = YES;
				CLANG_WARN_RANGE_LOOP_ANALYSIS = YES;
				CLANG_WARN_STRICT_PROTOTYPES = YES;
				CLANG_WARN_SUSPICIOUS_MOVE = YES;
				CLANG_WARN_UNGUARDED_AVAILABILITY = YES_AGGRESSIVE;
				CLANG_WARN_UNREACHABLE_CODE = YES;
				CLANG_WARN__DUPLICATE_METHOD_MATCH = YES;
				COPY_PHASE_STRIP = NO;
				DEBUG_INFORMATION_FORMAT = "dwarf-with-dsym";
				ENABLE_NS_ASSERTIONS = NO;
				ENABLE_STRICT_OBJC_MSGSEND = YES;
				GCC_C_LANGUAGE_STANDARD = gnu11;
				GCC_NO_COMMON_BLOCKS = YES;
				GCC_WARN_64_TO_32_BIT_CONVERSION = YES;
				GCC_WARN_ABOUT_RETURN_TYPE = YES_ERROR;
				GCC_WARN_UNDECLARED_SELECTOR = YES;
				GCC_WARN_UNINITIALIZED_AUTOS = YES_AGGRESSIVE;
				GCC_WARN_UNUSED_FUNCTION = YES;
				GCC_WARN_UNUSED_VARIABLE = YES;
				IPHONEOS_DEPLOYMENT_TARGET = 16.4;
				MTL_ENABLE_DEBUG_INFO = NO;
				MTL_FAST_MATH = YES;
				SDKROOT = iphoneos;
				SWIFT_COMPILATION_MODE = wholemodule;
				SWIFT_OPTIMIZATION_LEVEL = "-O";
				VALIDATE_PRODUCT = YES;
			};
			name = Release;
		};
		358770D72B1E31DF0056126E /* Debug */ = {
			isa = XCBuildConfiguration;
			buildSettings = {
				ASSETCATALOG_COMPILER_APPICON_NAME = AppIcon;
				ASSETCATALOG_COMPILER_GLOBAL_ACCENT_COLOR_NAME = AccentColor;
				CODE_SIGN_STYLE = Automatic;
				CURRENT_PROJECT_VERSION = 1;
				DEVELOPMENT_TEAM = YZW449RF67;
				GENERATE_INFOPLIST_FILE = YES;
				INFOPLIST_FILE = WordleGameFinalProject/Info.plist;
				INFOPLIST_KEY_UIApplicationSupportsIndirectInputEvents = YES;
				INFOPLIST_KEY_UILaunchStoryboardName = LaunchScreen;
				INFOPLIST_KEY_UIMainStoryboardFile = Main;
				INFOPLIST_KEY_UISupportedInterfaceOrientations_iPad = "UIInterfaceOrientationPortrait UIInterfaceOrientationPortraitUpsideDown UIInterfaceOrientationLandscapeLeft UIInterfaceOrientationLandscapeRight";
				INFOPLIST_KEY_UISupportedInterfaceOrientations_iPhone = "UIInterfaceOrientationPortrait UIInterfaceOrientationLandscapeLeft UIInterfaceOrientationLandscapeRight";
				LD_RUNPATH_SEARCH_PATHS = (
					"$(inherited)",
					"@executable_path/Frameworks",
				);
				MARKETING_VERSION = 1.0;
				PRODUCT_BUNDLE_IDENTIFIER = clc.WordleGameFinalProject;
				PRODUCT_NAME = "$(TARGET_NAME)";
				SWIFT_EMIT_LOC_STRINGS = YES;
				SWIFT_VERSION = 5.0;
				TARGETED_DEVICE_FAMILY = "1,2";
			};
			name = Debug;
		};
		358770D82B1E31DF0056126E /* Release */ = {
			isa = XCBuildConfiguration;
			buildSettings = {
				ASSETCATALOG_COMPILER_APPICON_NAME = AppIcon;
				ASSETCATALOG_COMPILER_GLOBAL_ACCENT_COLOR_NAME = AccentColor;
				CODE_SIGN_STYLE = Automatic;
				CURRENT_PROJECT_VERSION = 1;
				DEVELOPMENT_TEAM = YZW449RF67;
				GENERATE_INFOPLIST_FILE = YES;
				INFOPLIST_FILE = WordleGameFinalProject/Info.plist;
				INFOPLIST_KEY_UIApplicationSupportsIndirectInputEvents = YES;
				INFOPLIST_KEY_UILaunchStoryboardName = LaunchScreen;
				INFOPLIST_KEY_UIMainStoryboardFile = Main;
				INFOPLIST_KEY_UISupportedInterfaceOrientations_iPad = "UIInterfaceOrientationPortrait UIInterfaceOrientationPortraitUpsideDown UIInterfaceOrientationLandscapeLeft UIInterfaceOrientationLandscapeRight";
				INFOPLIST_KEY_UISupportedInterfaceOrientations_iPhone = "UIInterfaceOrientationPortrait UIInterfaceOrientationLandscapeLeft UIInterfaceOrientationLandscapeRight";
				LD_RUNPATH_SEARCH_PATHS = (
					"$(inherited)",
					"@executable_path/Frameworks",
				);
				MARKETING_VERSION = 1.0;
				PRODUCT_BUNDLE_IDENTIFIER = clc.WordleGameFinalProject;
				PRODUCT_NAME = "$(TARGET_NAME)";
				SWIFT_EMIT_LOC_STRINGS = YES;
				SWIFT_VERSION = 5.0;
				TARGETED_DEVICE_FAMILY = "1,2";
			};
			name = Release;
		};
		358770DA2B1E31DF0056126E /* Debug */ = {
			isa = XCBuildConfiguration;
			buildSettings = {
				ALWAYS_EMBED_SWIFT_STANDARD_LIBRARIES = YES;
				BUNDLE_LOADER = "$(TEST_HOST)";
				CODE_SIGN_STYLE = Automatic;
				CURRENT_PROJECT_VERSION = 1;
				DEVELOPMENT_TEAM = YZW449RF67;
				GENERATE_INFOPLIST_FILE = YES;
				IPHONEOS_DEPLOYMENT_TARGET = 16.4;
				MARKETING_VERSION = 1.0;
				PRODUCT_BUNDLE_IDENTIFIER = clc.WordleGameFinalProjectTests;
				PRODUCT_NAME = "$(TARGET_NAME)";
				SWIFT_EMIT_LOC_STRINGS = NO;
				SWIFT_VERSION = 5.0;
				TARGETED_DEVICE_FAMILY = "1,2";
				TEST_HOST = "$(BUILT_PRODUCTS_DIR)/WordleGameFinalProject.app/$(BUNDLE_EXECUTABLE_FOLDER_PATH)/WordleGameFinalProject";
			};
			name = Debug;
		};
		358770DB2B1E31DF0056126E /* Release */ = {
			isa = XCBuildConfiguration;
			buildSettings = {
				ALWAYS_EMBED_SWIFT_STANDARD_LIBRARIES = YES;
				BUNDLE_LOADER = "$(TEST_HOST)";
				CODE_SIGN_STYLE = Automatic;
				CURRENT_PROJECT_VERSION = 1;
				DEVELOPMENT_TEAM = YZW449RF67;
				GENERATE_INFOPLIST_FILE = YES;
				IPHONEOS_DEPLOYMENT_TARGET = 16.4;
				MARKETING_VERSION = 1.0;
				PRODUCT_BUNDLE_IDENTIFIER = clc.WordleGameFinalProjectTests;
				PRODUCT_NAME = "$(TARGET_NAME)";
				SWIFT_EMIT_LOC_STRINGS = NO;
				SWIFT_VERSION = 5.0;
				TARGETED_DEVICE_FAMILY = "1,2";
				TEST_HOST = "$(BUILT_PRODUCTS_DIR)/WordleGameFinalProject.app/$(BUNDLE_EXECUTABLE_FOLDER_PATH)/WordleGameFinalProject";
			};
			name = Release;
		};
		358770DD2B1E31DF0056126E /* Debug */ = {
			isa = XCBuildConfiguration;
			buildSettings = {
				ALWAYS_EMBED_SWIFT_STANDARD_LIBRARIES = YES;
				CODE_SIGN_STYLE = Automatic;
				CURRENT_PROJECT_VERSION = 1;
				DEVELOPMENT_TEAM = YZW449RF67;
				GENERATE_INFOPLIST_FILE = YES;
				MARKETING_VERSION = 1.0;
				PRODUCT_BUNDLE_IDENTIFIER = clc.WordleGameFinalProjectUITests;
				PRODUCT_NAME = "$(TARGET_NAME)";
				SWIFT_EMIT_LOC_STRINGS = NO;
				SWIFT_VERSION = 5.0;
				TARGETED_DEVICE_FAMILY = "1,2";
				TEST_TARGET_NAME = WordleGameFinalProject;
			};
			name = Debug;
		};
		358770DE2B1E31DF0056126E /* Release */ = {
			isa = XCBuildConfiguration;
			buildSettings = {
				ALWAYS_EMBED_SWIFT_STANDARD_LIBRARIES = YES;
				CODE_SIGN_STYLE = Automatic;
				CURRENT_PROJECT_VERSION = 1;
				DEVELOPMENT_TEAM = YZW449RF67;
				GENERATE_INFOPLIST_FILE = YES;
				MARKETING_VERSION = 1.0;
				PRODUCT_BUNDLE_IDENTIFIER = clc.WordleGameFinalProjectUITests;
				PRODUCT_NAME = "$(TARGET_NAME)";
				SWIFT_EMIT_LOC_STRINGS = NO;
				SWIFT_VERSION = 5.0;
				TARGETED_DEVICE_FAMILY = "1,2";
				TEST_TARGET_NAME = WordleGameFinalProject;
			};
			name = Release;
		};
/* End XCBuildConfiguration section */

/* Begin XCConfigurationList section */
		358770A42B1E31DD0056126E /* Build configuration list for PBXProject "WordleGameFinalProject" */ = {
			isa = XCConfigurationList;
			buildConfigurations = (
				358770D42B1E31DF0056126E /* Debug */,
				358770D52B1E31DF0056126E /* Release */,
			);
			defaultConfigurationIsVisible = 0;
			defaultConfigurationName = Release;
		};
		358770D62B1E31DF0056126E /* Build configuration list for PBXNativeTarget "WordleGameFinalProject" */ = {
			isa = XCConfigurationList;
			buildConfigurations = (
				358770D72B1E31DF0056126E /* Debug */,
				358770D82B1E31DF0056126E /* Release */,
			);
			defaultConfigurationIsVisible = 0;
			defaultConfigurationName = Release;
		};
		358770D92B1E31DF0056126E /* Build configuration list for PBXNativeTarget "WordleGameFinalProjectTests" */ = {
			isa = XCConfigurationList;
			buildConfigurations = (
				358770DA2B1E31DF0056126E /* Debug */,
				358770DB2B1E31DF0056126E /* Release */,
			);
			defaultConfigurationIsVisible = 0;
			defaultConfigurationName = Release;
		};
		358770DC2B1E31DF0056126E /* Build configuration list for PBXNativeTarget "WordleGameFinalProjectUITests" */ = {
			isa = XCConfigurationList;
			buildConfigurations = (
				358770DD2B1E31DF0056126E /* Debug */,
				358770DE2B1E31DF0056126E /* Release */,
			);
			defaultConfigurationIsVisible = 0;
			defaultConfigurationName = Release;
		};
/* End XCConfigurationList section */

/* Begin XCVersionGroup section */
		358770B52B1E31DD0056126E /* WordleGameFinalProject.xcdatamodeld */ = {
			isa = XCVersionGroup;
			children = (
				358770B62B1E31DD0056126E /* WordleGameFinalProject.xcdatamodel */,
			);
			currentVersion = 358770B62B1E31DD0056126E /* WordleGameFinalProject.xcdatamodel */;
			path = WordleGameFinalProject.xcdatamodeld;
			sourceTree = "<group>";
			versionGroupType = wrapper.xcdatamodel;
		};
/* End XCVersionGroup section */
	};
	rootObject = 358770A12B1E31DD0056126E /* Project object */;
}
